
Microsoft Visual Studio Solution File, Format Version 12.00
# Visual Studio 2012
Project("{FAE04EC0-301F-11D3-BF4B-00C04F79EFBC}") = "IMTorg13", "IMTorg13\IMTorg13.csproj", "{809B5DDF-21F1-476A-A5F1-2EB97C721562}"
EndProject
Project("{FAE04EC0-301F-11D3-BF4B-00C04F79EFBC}") = "FCBInterfirmMovingNDS", "FCBInterfirmMovingNDS\FCBInterfirmMovingNDS.csproj", "{D69C7BCC-3950-46F8-A1E8-39A20387C32C}"
EndProject
Global
	GlobalSection(SolutionConfigurationPlatforms) = preSolution
		Debug|Any CPU = Debug|Any CPU
		Release|Any CPU = Release|Any CPU
	EndGlobalSection
	GlobalSection(ProjectConfigurationPlatforms) = postSolution
		{809B5DDF-21F1-476A-A5F1-2EB97C721562}.Debug|Any CPU.ActiveCfg = Debug|Any CPU
		{809B5DDF-21F1-476A-A5F1-2EB97C721562}.Debug|Any CPU.Build.0 = Debug|Any CPU
		{809B5DDF-21F1-476A-A5F1-2EB97C721562}.Release|Any CPU.ActiveCfg = Release|Any CPU
		{809B5DDF-21F1-476A-A5F1-2EB97C721562}.Release|Any CPU.Build.0 = Release|Any CPU
		{D69C7BCC-3950-46F8-A1E8-39A20387C32C}.Debug|Any CPU.ActiveCfg = Debug|Any CPU
		{D69C7BCC-3950-46F8-A1E8-39A20387C32C}.Debug|Any CPU.Build.0 = Debug|Any CPU
		{D69C7BCC-3950-46F8-A1E8-39A20387C32C}.Release|Any CPU.ActiveCfg = Release|Any CPU
		{D69C7BCC-3950-46F8-A1E8-39A20387C32C}.Release|Any CPU.Build.0 = Release|Any CPU
	EndGlobalSection
	GlobalSection(SolutionProperties) = preSolution
		HideSolutionNode = FALSE
	EndGlobalSection
EndGlobal
