
Microsoft Visual Studio Solution File, Format Version 9.00
# Visual Studio 2005
Project("{FAE04EC0-301F-11D3-BF4B-00C04F79EFBC}") = "ControlDoubleBarcode", "ControlDoubleBarcode\ControlDoubleBarcode.csproj", "{8CB448F6-D271-46D7-9E20-464A06552A41}"
EndProject
Project("{FAE04EC0-301F-11D3-BF4B-00C04F79EFBC}") = "ReturnToContractor", "ReturnToContractor\ReturnToContractor.csproj", "{2D8E4E56-AE6D-4521-A148-AC1348F4F12A}"
EndProject
Project("{FAE04EC0-301F-11D3-BF4B-00C04F79EFBC}") = "CalcMinGoods", "CalcMinGoods\CalcMinGoods.csproj", "{8183D915-F9CC-4935-9B17-8AA7A48F9871}"
EndProject
Global
	
	GlobalSection(SolutionConfigurationPlatforms) = preSolution
		Debug|Any CPU = Debug|Any CPU
		Release|Any CPU = Release|Any CPU
	EndGlobalSection
	GlobalSection(ProjectConfigurationPlatforms) = postSolution
		{8CB448F6-D271-46D7-9E20-464A06552A41}.Debug|Any CPU.ActiveCfg = Debug|Any CPU
		{8CB448F6-D271-46D7-9E20-464A06552A41}.Debug|Any CPU.Build.0 = Debug|Any CPU
		{8CB448F6-D271-46D7-9E20-464A06552A41}.Release|Any CPU.ActiveCfg = Release|Any CPU
		{8CB448F6-D271-46D7-9E20-464A06552A41}.Release|Any CPU.Build.0 = Release|Any CPU
		{2D8E4E56-AE6D-4521-A148-AC1348F4F12A}.Debug|Any CPU.ActiveCfg = Debug|Any CPU
		{2D8E4E56-AE6D-4521-A148-AC1348F4F12A}.Debug|Any CPU.Build.0 = Debug|Any CPU
		{2D8E4E56-AE6D-4521-A148-AC1348F4F12A}.Release|Any CPU.ActiveCfg = Release|Any CPU
		{2D8E4E56-AE6D-4521-A148-AC1348F4F12A}.Release|Any CPU.Build.0 = Release|Any CPU
		{8183D915-F9CC-4935-9B17-8AA7A48F9871}.Debug|Any CPU.ActiveCfg = Debug|Any CPU
		{8183D915-F9CC-4935-9B17-8AA7A48F9871}.Debug|Any CPU.Build.0 = Debug|Any CPU
		{8183D915-F9CC-4935-9B17-8AA7A48F9871}.Release|Any CPU.ActiveCfg = Release|Any CPU
		{8183D915-F9CC-4935-9B17-8AA7A48F9871}.Release|Any CPU.Build.0 = Release|Any CPU
	EndGlobalSection
	GlobalSection(SolutionProperties) = preSolution
		HideSolutionNode = FALSE
	EndGlobalSection
EndGlobal
