
Microsoft Visual Studio Solution File, Format Version 12.00
# Visual Studio 2012
Project("{FAE04EC0-301F-11D3-BF4B-00C04F79EFBC}") = "RKOEx", "RKOEx\RKOEx.csproj", "{205395FF-934C-436A-B117-E09FB0E4728D}"
EndProject
Global
	GlobalSection(SolutionConfigurationPlatforms) = preSolution
		Debug|Any CPU = Debug|Any CPU
		Release|Any CPU = Release|Any CPU
	EndGlobalSection
	GlobalSection(ProjectConfigurationPlatforms) = postSolution
		{205395FF-934C-436A-B117-E09FB0E4728D}.Debug|Any CPU.ActiveCfg = Debug|Any CPU
		{205395FF-934C-436A-B117-E09FB0E4728D}.Debug|Any CPU.Build.0 = Debug|Any CPU
		{205395FF-934C-436A-B117-E09FB0E4728D}.Release|Any CPU.ActiveCfg = Release|Any CPU
		{205395FF-934C-436A-B117-E09FB0E4728D}.Release|Any CPU.Build.0 = Release|Any CPU
	EndGlobalSection
	GlobalSection(SolutionProperties) = preSolution
		HideSolutionNode = FALSE
	EndGlobalSection
EndGlobal
