
Microsoft Visual Studio Solution File, Format Version 12.00
# Visual Studio 2012
Project("{2150E333-8FDC-42A3-9474-1A3956D46DE8}") = "Solution Items", "Solution Items", "{ADB5A46F-C02D-4F1C-AA18-23C157C35570}"
EndProject
Project("{FAE04EC0-301F-11D3-BF4B-00C04F79EFBC}") = "ePlus.ReportsEx.Client", "ePlus.ReportsEx.Client\ePlus.ReportsEx.Client.csproj", "{91744870-B953-44FC-B7B4-AB987E84EF60}"
EndProject
Project("{FAE04EC0-301F-11D3-BF4B-00C04F79EFBC}") = "Statist4Buy", "Statist4Buy\Statist4Buy.csproj", "{B7015312-AD5B-4821-AA70-2A2EFBF7A55E}"
EndProject
Project("{FAE04EC0-301F-11D3-BF4B-00C04F79EFBC}") = "TORG29UralNet", "TORG29UralNet\TORG29UralNet.csproj", "{3DC1B2E1-0113-4520-995E-98B44A8B6E45}"
EndProject
Project("{FAE04EC0-301F-11D3-BF4B-00C04F79EFBC}") = "AP25", "AP25\AP25.csproj", "{93A6CF42-D676-49FE-BB2E-BE15CEFB4026}"
EndProject
Project("{FAE04EC0-301F-11D3-BF4B-00C04F79EFBC}") = "InvoiceStorePlace", "InvoiceStorePlace\InvoiceStorePlace.csproj", "{03C309F1-3ABC-422C-B751-516CAC27D2EB}"
EndProject
Project("{FAE04EC0-301F-11D3-BF4B-00C04F79EFBC}") = "ReturnFromBuyerWithoutNDS", "ReturnFromBuyerWithoutNDS\ReturnFromBuyerWithoutNDS.csproj", "{F980B5E5-FA24-4171-93D1-11894A80D2AB}"
EndProject
Project("{FAE04EC0-301F-11D3-BF4B-00C04F79EFBC}") = "ReturnFromBuyerWithNDS", "ReturnFromBuyerWithNDS\ReturnFromBuyerWithNDS.csproj", "{F329B928-8C08-42C8-A928-56BD99DE163C}"
EndProject
Project("{FAE04EC0-301F-11D3-BF4B-00C04F79EFBC}") = "PackingJournalEx", "PackingJournalEx\PackingJournalEx.csproj", "{8D9EDFF3-3D82-455C-8615-DA5CEDFD4C02}"
EndProject
Project("{FAE04EC0-301F-11D3-BF4B-00C04F79EFBC}") = "GoodsReportsTaxGroups", "GoodsReportsTaxGroups\GoodsReportsTaxGroups.csproj", "{60012FA7-673D-4880-8366-67DF42D00478}"
EndProject
Project("{FAE04EC0-301F-11D3-BF4B-00C04F79EFBC}") = "GoodsReportsDiscountGroup", "GoodsReportsDiscountGroup\GoodsReportsDiscountGroup.csproj", "{A28D4538-C63C-4E3A-A7E8-1E856667C078}"
EndProject
Project("{FAE04EC0-301F-11D3-BF4B-00C04F79EFBC}") = "InvoiceEx", "InvoiceEx\InvoiceEx.csproj", "{CDBEB9C5-419C-4653-9229-61E695A4FDBF}"
EndProject
Project("{FAE04EC0-301F-11D3-BF4B-00C04F79EFBC}") = "CertListEx", "CertListEx\CertListEx.csproj", "{CF3AF1D0-0DCF-44F7-8E1D-D412FA5803F0}"
EndProject
Project("{FAE04EC0-301F-11D3-BF4B-00C04F79EFBC}") = "InvoiceProtocolEx", "InvoiceProtocolEx\InvoiceProtocolEx.csproj", "{9D9A4FFF-E7EB-4708-BC68-6C4C0006F3D1}"
EndProject
Project("{FAE04EC0-301F-11D3-BF4B-00C04F79EFBC}") = "InvoiceWOAdpriceEx", "InvoiceWOAdpriceEx\InvoiceWOAdpriceEx.csproj", "{CE7284E5-B9BE-4374-B83C-328E99E0D550}"
EndProject
Project("{FAE04EC0-301F-11D3-BF4B-00C04F79EFBC}") = "InvoiceOutCertListEx", "InvoiceOutCertListEx\InvoiceOutCertListEx.csproj", "{5EE2EA09-47F7-4086-9A3E-997311C3BD9B}"
EndProject
Project("{FAE04EC0-301F-11D3-BF4B-00C04F79EFBC}") = "InvoiceOutEx", "InvoiceOutEx\InvoiceOutEx.csproj", "{FDDB5AA8-AFAE-4BE6-9600-D64945E74C36}"
EndProject
Project("{FAE04EC0-301F-11D3-BF4B-00C04F79EFBC}") = "InvoiceOutProtocolEx", "InvoiceOutProtocolEx\InvoiceOutProtocolEx.csproj", "{453F3DC6-CA8F-468A-97D2-6FB5FA8A106F}"
EndProject
Project("{FAE04EC0-301F-11D3-BF4B-00C04F79EFBC}") = "MovementNoSupplierPricesEx", "MovementNoSupplierPricesEx\MovementNoSupplierPricesEx.csproj", "{DB812206-E5F2-4B1F-B5F2-30E9553C4CE5}"
EndProject
Project("{FAE04EC0-301F-11D3-BF4B-00C04F79EFBC}") = "MovementInvoiceEx", "MovementInvoiceEx\MovementInvoiceEx.csproj", "{0858D5BA-77B4-4096-BC0F-930C967BF64A}"
EndProject
Project("{FAE04EC0-301F-11D3-BF4B-00C04F79EFBC}") = "MovementInvoiceAdvancedEx", "MovementInvoiceAdvancedEx\MovementInvoiceAdvancedEx.csproj", "{7708CBEF-FA41-42BB-ABE9-BC61BF2C1929}"
EndProject
Project("{FAE04EC0-301F-11D3-BF4B-00C04F79EFBC}") = "MovementTORG13Ex", "MovementTORG13Ex\MovementTORG13Ex.csproj", "{F3F4148C-E488-46E7-B92F-1D8AEEDF0A27}"
EndProject
Project("{FAE04EC0-301F-11D3-BF4B-00C04F79EFBC}") = "MovementCertListEx", "MovementCertListEx\MovementCertListEx.csproj", "{3921CE19-0154-45F8-8A71-A7843D48E841}"
EndProject
Project("{FAE04EC0-301F-11D3-BF4B-00C04F79EFBC}") = "InvoiceProtocolMoscowEx", "InvoiceProtocolMoscowEx\InvoiceProtocolMoscowEx.csproj", "{DDE80359-18F5-4FA6-B7D7-2557DDE782A0}"
EndProject
Project("{FAE04EC0-301F-11D3-BF4B-00C04F79EFBC}") = "StatistSaleEsEx", "StatistSaleEsEx\StatistSaleEsEx.csproj", "{EEBA8197-3B42-4C29-AF7A-1459A9ADD87F}"
EndProject
Project("{FAE04EC0-301F-11D3-BF4B-00C04F79EFBC}") = "InventoryEmptyEx", "InventoryEmptyEx\InventoryEmptyEx.csproj", "{83D27B62-78FB-49A9-9E16-BA5B71EE972F}"
EndProject
Project("{FAE04EC0-301F-11D3-BF4B-00C04F79EFBC}") = "InventoryFillEx", "InventoryFillEx\InventoryFillEx.csproj", "{A230CA9C-B9F9-4294-9845-D171A2729D49}"
EndProject
Project("{FAE04EC0-301F-11D3-BF4B-00C04F79EFBC}") = "InventoryVedEx", "InventoryVedEx\InventoryVedEx.csproj", "{B5F78117-E6CB-4435-9642-D0765E8C0E0A}"
EndProject
Project("{FAE04EC0-301F-11D3-BF4B-00C04F79EFBC}") = "InventoryListInvEx", "InventoryListInvEx\InventoryListInvEx.csproj", "{2FEA4F00-D799-419E-ABF3-6A4749BD84BF}"
EndProject
Project("{FAE04EC0-301F-11D3-BF4B-00C04F79EFBC}") = "InventoryDiffInvEx", "InventoryDiffInvEx\InventoryDiffInvEx.csproj", "{A0226D33-22D6-4C09-A1C3-427C8DC753B7}"
EndProject
Project("{FAE04EC0-301F-11D3-BF4B-00C04F79EFBC}") = "Statement_11", "Statement_11\Statement_11.csproj", "{934830C4-FAD5-43BE-A873-1D5489DEA592}"
EndProject
Project("{FAE04EC0-301F-11D3-BF4B-00C04F79EFBC}") = "KM6Ex", "KM6Ex\KM6Ex.csproj", "{52EF85C3-1064-4B76-84AB-1D52D6446AE2}"
EndProject
Project("{FAE04EC0-301F-11D3-BF4B-00C04F79EFBC}") = "PKOEx", "PKOEx\PKOEx.csproj", "{FAC2B541-09D3-4697-BA78-6F26CBCDA471}"
EndProject
Project("{FAE04EC0-301F-11D3-BF4B-00C04F79EFBC}") = "PPEx", "PPEx\PPEx.csproj", "{81371077-9137-44AB-AE78-783906D0B5B3}"
EndProject
Project("{FAE04EC0-301F-11D3-BF4B-00C04F79EFBC}") = "RKOEx", "RKOEx\RKOEx.csproj", "{205395FF-934C-436A-B117-E09FB0E4728D}"
EndProject
Project("{FAE04EC0-301F-11D3-BF4B-00C04F79EFBC}") = "RequestEx", "RequestEx\RequestEx.csproj", "{FACEFAE9-B79C-47D1-A6CD-09A95BC7F65D}"
EndProject
Project("{FAE04EC0-301F-11D3-BF4B-00C04F79EFBC}") = "ChequeEx", "ChequeEx\ChequeEx.csproj", "{B59BB5F7-B100-4108-A9A6-3DCF49504178}"
EndProject
Project("{FAE04EC0-301F-11D3-BF4B-00C04F79EFBC}") = "ActRevaluationEx", "ActRevaluationEx\ActRevaluationEx.csproj", "{89E42DAD-B9C0-4013-B21F-C28181AAEC8D}"
EndProject
Project("{FAE04EC0-301F-11D3-BF4B-00C04F79EFBC}") = "InvoiceEkaterinburgEx", "InvoiceEkaterinburgEx\InvoiceEkaterinburgEx.csproj", "{9D5EB83F-1BF4-4510-B2D4-644F3435A52B}"
EndProject
Project("{FAE04EC0-301F-11D3-BF4B-00C04F79EFBC}") = "GoodsReportsTaxGroupsEKB", "GoodsReportsTaxGroupsEKB\GoodsReportsTaxGroupsEKB.csproj", "{DE4EA666-0E5D-4C2E-AB09-C4D8E6C68F05}"
EndProject
Project("{FAE04EC0-301F-11D3-BF4B-00C04F79EFBC}") = "TORG29ORNDis", "TORG29ORNDis\TORG29ORNDis.csproj", "{0DE50251-F9F5-4932-BA04-7458AE60FE2D}"
EndProject
Project("{FAE04EC0-301F-11D3-BF4B-00C04F79EFBC}") = "TORG29ORNDisEKB", "TORG29ORNDisEKB\TORG29ORNDisEKB.csproj", "{E972DECA-8332-46EC-A8AB-E1C923A7D7C1}"
EndProject
Project("{FAE04EC0-301F-11D3-BF4B-00C04F79EFBC}") = "Torg29ORNEx", "Torg29ORNEx\Torg29ORNEx.csproj", "{70447E96-3A94-416B-BC22-EF1FD0ED336A}"
EndProject
Project("{FAE04EC0-301F-11D3-BF4B-00C04F79EFBC}") = "Statist4BuyTotalEx", "Statist4BuyTotalEx\Statist4BuyTotalEx.csproj", "{10BD4DD9-AF75-4AC5-B691-6FC9CB50589F}"
EndProject
Project("{FAE04EC0-301F-11D3-BF4B-00C04F79EFBC}") = "TORG29Roz", "TORG29Roz\TORG29Roz.csproj", "{C07ABD92-DFBF-4E0A-8FA6-035FCD0B9336}"
EndProject
Project("{FAE04EC0-301F-11D3-BF4B-00C04F79EFBC}") = "TORG29Opt", "TORG29Opt\TORG29Opt.csproj", "{BAF3642F-E212-4C23-BF2F-2101C0343545}"
EndProject
Project("{FAE04EC0-301F-11D3-BF4B-00C04F79EFBC}") = "InvoiceOutEkaterinburgEx", "InvoiceOutEkaterinburgEx\InvoiceOutEkaterinburgEx.csproj", "{40DFFF03-713F-4F1A-93CA-229A2DDA79F1}"
EndProject
Project("{FAE04EC0-301F-11D3-BF4B-00C04F79EFBC}") = "MovementEkaterinburgEx", "MovementEkaterinburgEx\MovementEkaterinburgEx.csproj", "{51F1347B-3BE1-4A5E-8EF1-2F56DD2AC8AE}"
EndProject
Project("{FAE04EC0-301F-11D3-BF4B-00C04F79EFBC}") = "StatistSaleEx", "StatistSaleEx\StatistSaleEx.csproj", "{5C2052FD-FB49-4F7E-B5FB-55C2652921E8}"
EndProject
Project("{FAE04EC0-301F-11D3-BF4B-00C04F79EFBC}") = "GoodsDefectEx", "GoodsDefectEx\GoodsDefectEx.csproj", "{B9C826B1-7969-47A7-8376-473F169D1E51}"
EndProject
Project("{FAE04EC0-301F-11D3-BF4B-00C04F79EFBC}") = "ActDeductionEx", "ActDeductionEx\ActDeductionEx.csproj", "{D8AFE696-9337-401B-9597-464A22A84E56}"
EndProject
Project("{FAE04EC0-301F-11D3-BF4B-00C04F79EFBC}") = "ActReturnFromBuyerEx", "ActReturnFromBuyerEx\ActReturnFromBuyerEx.csproj", "{CF4939F5-FC66-4667-90E3-CC630A0B29B6}"
EndProject
Project("{FAE04EC0-301F-11D3-BF4B-00C04F79EFBC}") = "AccReturnToContractorEx", "AccReturnToContractorEx\AccReturnToContractorEx.csproj", "{269CE99F-104F-47C0-B858-C6ACDE70A229}"
EndProject
Project("{FAE04EC0-301F-11D3-BF4B-00C04F79EFBC}") = "ActReturnToContractorAdvancedEx", "ActReturnToContractorAdvancedEx\ActReturnToContractorAdvancedEx.csproj", "{8E0B9A08-4250-49C7-ACA0-06B15EE248EA}"
EndProject
Project("{FAE04EC0-301F-11D3-BF4B-00C04F79EFBC}") = "ActReturnToContractorEx", "ActReturnToContractorEx\ActReturnToContractorEx.csproj", "{2068CB64-73E1-4677-97B8-13CA0FD39C39}"
EndProject
Project("{FAE04EC0-301F-11D3-BF4B-00C04F79EFBC}") = "ActReturnTORG2Ex", "ActReturnTORG2Ex\ActReturnTORG2Ex.csproj", "{68942A8D-0C05-45E0-818E-18D4351820C6}"
EndProject
Project("{FAE04EC0-301F-11D3-BF4B-00C04F79EFBC}") = "StatistSaleAllEx", "StatistSaleAllEx\StatistSaleAllEx.csproj", "{73428ECD-E196-4520-95B1-E6C24395BA65}"
EndProject
Project("{FAE04EC0-301F-11D3-BF4B-00C04F79EFBC}") = "StatistSaleProfitableGoodsEx", "StatistSaleProfitableGoodsEx\StatistSaleProfitableGoodsEx.csproj", "{4FF263BE-4B4B-4662-A09A-F730F72FF139}"
EndProject
Project("{FAE04EC0-301F-11D3-BF4B-00C04F79EFBC}") = "StatistSaleUnsellableGoodsEx", "StatistSaleUnsellableGoodsEx\StatistSaleUnsellableGoodsEx.csproj", "{B8185024-64E2-4F3E-BF33-2AF0CB361560}"
EndProject
Project("{FAE04EC0-301F-11D3-BF4B-00C04F79EFBC}") = "InvoiceOutProtocolKONSUL", "InvoiceOutProtocolKONSUL\InvoiceOutProtocolKONSUL.csproj", "{BA62D346-76D4-48CB-B36C-92A87EC1F181}"
EndProject
Project("{FAE04EC0-301F-11D3-BF4B-00C04F79EFBC}") = "InvoiceOutProtocolKONSUL_ROZ", "InvoiceOutProtocolKONSUL_ROZ\InvoiceOutProtocolKONSUL_ROZ.csproj", "{BEC6F842-8431-4673-9F7E-943844D55B81}"
EndProject
Project("{FAE04EC0-301F-11D3-BF4B-00C04F79EFBC}") = "Discount_Ex", "Discount_Ex\Discount_Ex.csproj", "{9EE6F08D-3BF0-40D7-B4FC-0356AEEAFA5C}"
EndProject
Project("{FAE04EC0-301F-11D3-BF4B-00C04F79EFBC}") = "KKM_Z_Report_PlanetEx", "KKM_Z_Report_PlanetEx\KKM_Z_Report_PlanetEx.csproj", "{755B6BC7-A7BE-481D-842A-575EB3C10E76}"
EndProject
Project("{FAE04EC0-301F-11D3-BF4B-00C04F79EFBC}") = "KKM_Z_Report_Ex", "KKM_Z_Report_Ex\KKM_Z_Report_Ex.csproj", "{4BFED5E3-387F-44FB-8941-AF9030D2C8ED}"
EndProject
Project("{FAE04EC0-301F-11D3-BF4B-00C04F79EFBC}") = "TO_Planet_Ex", "TO_Planet_Ex\TO_Planet_Ex.csproj", "{9C72A184-C31F-4272-B295-325DCE64E572}"
EndProject
Project("{FAE04EC0-301F-11D3-BF4B-00C04F79EFBC}") = "TORG29ORNDis(Group)", "TORG29ORNDis(Group)\TORG29ORNDis(Group).csproj", "{A02E309B-1D28-44F7-9D8D-8C02F84318BA}"
EndProject
Project("{FAE04EC0-301F-11D3-BF4B-00C04F79EFBC}") = "StatistAddSubEx", "StatistAddSub\StatistAddSubEx.csproj", "{5ADB6810-EC80-4740-88A9-0A7FC914AB42}"
EndProject
Project("{FAE04EC0-301F-11D3-BF4B-00C04F79EFBC}") = "PrintFormSample", "PrintFormSample\PrintFormSample.csproj", "{BA2515EC-A787-4F71-A16A-51127EB16148}"
EndProject
Project("{FAE04EC0-301F-11D3-BF4B-00C04F79EFBC}") = "StatistSaleLostProfitEx", "StatistSaleLostProfitEx\StatistSaleLostProfitEx.csproj", "{8F247E78-4BCE-45D0-8F07-30DED16FB557}"
EndProject
Project("{FAE04EC0-301F-11D3-BF4B-00C04F79EFBC}") = "SumSupAndDiscountForRigla", "SumSupAndDiscountForRigla\SumSupAndDiscountForRigla.csproj", "{8D8EB0E6-A00E-43A2-8685-4F9E7BA4E7E3}"
EndProject
Project("{FAE04EC0-301F-11D3-BF4B-00C04F79EFBC}") = "RCKMatVed_CNIIS_1", "RCKMatVet_CNIIS_1\RCKMatVed_CNIIS_1.csproj", "{A8743A9B-FF53-4F3E-A41F-AB33D5BE683F}"
EndProject
Project("{FAE04EC0-301F-11D3-BF4B-00C04F79EFBC}") = "RCKAccountDataReserve", "RCKAccountDataReserve\RCKAccountDataReserve.csproj", "{19435D84-1191-4E8A-A670-811D62680826}"
EndProject
Project("{FAE04EC0-301F-11D3-BF4B-00C04F79EFBC}") = "BestBeforeEx", "BestBeforeEx\BestBeforeEx.csproj", "{EAEE06B3-1B52-4CD8-8DDB-394FA16EC312}"
EndProject
Project("{FAE04EC0-301F-11D3-BF4B-00C04F79EFBC}") = "ListReturnToContractorAPT76Ex", "ListReturnToContractorAPT76Ex\ListReturnToContractorAPT76Ex.csproj", "{3BAD16AD-2DBD-4B59-9184-A47F4C7E9CD1}"
EndProject
Project("{FAE04EC0-301F-11D3-BF4B-00C04F79EFBC}") = "NegativeBalanceEx", "NegativeBalanceEx\NegativeBalanceEx.csproj", "{3A74B42D-6598-49D2-8E49-D5109CE7B04A}"
EndProject
Project("{FAE04EC0-301F-11D3-BF4B-00C04F79EFBC}") = "RCKABC_analysis", "RCKABC_analysis\RCKABC_analysis.csproj", "{94A789CF-2BB4-46E4-8B0A-A603A8FCB11D}"
EndProject
Project("{FAE04EC0-301F-11D3-BF4B-00C04F79EFBC}") = "TO_TaxGroupsShort", "TO_TaxGroupsShort\TO_TaxGroupsShort.csproj", "{34CA7C1B-92BE-461C-8376-EE356405B639}"
EndProject
Project("{FAE04EC0-301F-11D3-BF4B-00C04F79EFBC}") = "RCKMovementTORG13ExKuzbass", "RCKMovementTORG13ExKuzbass\RCKMovementTORG13ExKuzbass.csproj", "{3306146C-269B-48CC-86A8-B623F5A37C2F}"
EndProject
Project("{FAE04EC0-301F-11D3-BF4B-00C04F79EFBC}") = "GoodsReportsTaxGroup(Groups)", "GoodsreportsTaxGroup(Groups)\GoodsReportsTaxGroup(Groups).csproj", "{7459071B-6907-4298-A2CD-B93C0A291594}"
EndProject
Global
	GlobalSection(SolutionConfigurationPlatforms) = preSolution
		Debug|Any CPU = Debug|Any CPU
		Release|Any CPU = Release|Any CPU
	EndGlobalSection
	GlobalSection(ProjectConfigurationPlatforms) = postSolution
		{91744870-B953-44FC-B7B4-AB987E84EF60}.Debug|Any CPU.ActiveCfg = Debug|Any CPU
		{91744870-B953-44FC-B7B4-AB987E84EF60}.Debug|Any CPU.Build.0 = Debug|Any CPU
		{91744870-B953-44FC-B7B4-AB987E84EF60}.Release|Any CPU.ActiveCfg = Release|Any CPU
		{91744870-B953-44FC-B7B4-AB987E84EF60}.Release|Any CPU.Build.0 = Release|Any CPU
		{B7015312-AD5B-4821-AA70-2A2EFBF7A55E}.Debug|Any CPU.ActiveCfg = Debug|Any CPU
		{B7015312-AD5B-4821-AA70-2A2EFBF7A55E}.Debug|Any CPU.Build.0 = Debug|Any CPU
		{B7015312-AD5B-4821-AA70-2A2EFBF7A55E}.Release|Any CPU.ActiveCfg = Release|Any CPU
		{B7015312-AD5B-4821-AA70-2A2EFBF7A55E}.Release|Any CPU.Build.0 = Release|Any CPU
		{3DC1B2E1-0113-4520-995E-98B44A8B6E45}.Debug|Any CPU.ActiveCfg = Debug|Any CPU
		{3DC1B2E1-0113-4520-995E-98B44A8B6E45}.Debug|Any CPU.Build.0 = Debug|Any CPU
		{3DC1B2E1-0113-4520-995E-98B44A8B6E45}.Release|Any CPU.ActiveCfg = Release|Any CPU
		{3DC1B2E1-0113-4520-995E-98B44A8B6E45}.Release|Any CPU.Build.0 = Release|Any CPU
		{93A6CF42-D676-49FE-BB2E-BE15CEFB4026}.Debug|Any CPU.ActiveCfg = Debug|Any CPU
		{93A6CF42-D676-49FE-BB2E-BE15CEFB4026}.Debug|Any CPU.Build.0 = Debug|Any CPU
		{93A6CF42-D676-49FE-BB2E-BE15CEFB4026}.Release|Any CPU.ActiveCfg = Release|Any CPU
		{93A6CF42-D676-49FE-BB2E-BE15CEFB4026}.Release|Any CPU.Build.0 = Release|Any CPU
		{03C309F1-3ABC-422C-B751-516CAC27D2EB}.Debug|Any CPU.ActiveCfg = Debug|Any CPU
		{03C309F1-3ABC-422C-B751-516CAC27D2EB}.Debug|Any CPU.Build.0 = Debug|Any CPU
		{03C309F1-3ABC-422C-B751-516CAC27D2EB}.Release|Any CPU.ActiveCfg = Release|Any CPU
		{03C309F1-3ABC-422C-B751-516CAC27D2EB}.Release|Any CPU.Build.0 = Release|Any CPU
		{F980B5E5-FA24-4171-93D1-11894A80D2AB}.Debug|Any CPU.ActiveCfg = Debug|Any CPU
		{F980B5E5-FA24-4171-93D1-11894A80D2AB}.Debug|Any CPU.Build.0 = Debug|Any CPU
		{F980B5E5-FA24-4171-93D1-11894A80D2AB}.Release|Any CPU.ActiveCfg = Release|Any CPU
		{F980B5E5-FA24-4171-93D1-11894A80D2AB}.Release|Any CPU.Build.0 = Release|Any CPU
		{F329B928-8C08-42C8-A928-56BD99DE163C}.Debug|Any CPU.ActiveCfg = Debug|Any CPU
		{F329B928-8C08-42C8-A928-56BD99DE163C}.Debug|Any CPU.Build.0 = Debug|Any CPU
		{F329B928-8C08-42C8-A928-56BD99DE163C}.Release|Any CPU.ActiveCfg = Release|Any CPU
		{F329B928-8C08-42C8-A928-56BD99DE163C}.Release|Any CPU.Build.0 = Release|Any CPU
		{8D9EDFF3-3D82-455C-8615-DA5CEDFD4C02}.Debug|Any CPU.ActiveCfg = Debug|Any CPU
		{8D9EDFF3-3D82-455C-8615-DA5CEDFD4C02}.Debug|Any CPU.Build.0 = Debug|Any CPU
		{8D9EDFF3-3D82-455C-8615-DA5CEDFD4C02}.Release|Any CPU.ActiveCfg = Release|Any CPU
		{8D9EDFF3-3D82-455C-8615-DA5CEDFD4C02}.Release|Any CPU.Build.0 = Release|Any CPU
		{60012FA7-673D-4880-8366-67DF42D00478}.Debug|Any CPU.ActiveCfg = Debug|Any CPU
		{60012FA7-673D-4880-8366-67DF42D00478}.Debug|Any CPU.Build.0 = Debug|Any CPU
		{60012FA7-673D-4880-8366-67DF42D00478}.Release|Any CPU.ActiveCfg = Release|Any CPU
		{60012FA7-673D-4880-8366-67DF42D00478}.Release|Any CPU.Build.0 = Release|Any CPU
		{A28D4538-C63C-4E3A-A7E8-1E856667C078}.Debug|Any CPU.ActiveCfg = Debug|Any CPU
		{A28D4538-C63C-4E3A-A7E8-1E856667C078}.Debug|Any CPU.Build.0 = Debug|Any CPU
		{A28D4538-C63C-4E3A-A7E8-1E856667C078}.Release|Any CPU.ActiveCfg = Release|Any CPU
		{A28D4538-C63C-4E3A-A7E8-1E856667C078}.Release|Any CPU.Build.0 = Release|Any CPU
		{CDBEB9C5-419C-4653-9229-61E695A4FDBF}.Debug|Any CPU.ActiveCfg = Debug|Any CPU
		{CDBEB9C5-419C-4653-9229-61E695A4FDBF}.Debug|Any CPU.Build.0 = Debug|Any CPU
		{CDBEB9C5-419C-4653-9229-61E695A4FDBF}.Release|Any CPU.ActiveCfg = Release|Any CPU
		{CDBEB9C5-419C-4653-9229-61E695A4FDBF}.Release|Any CPU.Build.0 = Release|Any CPU
		{CF3AF1D0-0DCF-44F7-8E1D-D412FA5803F0}.Debug|Any CPU.ActiveCfg = Debug|Any CPU
		{CF3AF1D0-0DCF-44F7-8E1D-D412FA5803F0}.Debug|Any CPU.Build.0 = Debug|Any CPU
		{CF3AF1D0-0DCF-44F7-8E1D-D412FA5803F0}.Release|Any CPU.ActiveCfg = Release|Any CPU
		{CF3AF1D0-0DCF-44F7-8E1D-D412FA5803F0}.Release|Any CPU.Build.0 = Release|Any CPU
		{9D9A4FFF-E7EB-4708-BC68-6C4C0006F3D1}.Debug|Any CPU.ActiveCfg = Debug|Any CPU
		{9D9A4FFF-E7EB-4708-BC68-6C4C0006F3D1}.Debug|Any CPU.Build.0 = Debug|Any CPU
		{9D9A4FFF-E7EB-4708-BC68-6C4C0006F3D1}.Release|Any CPU.ActiveCfg = Release|Any CPU
		{9D9A4FFF-E7EB-4708-BC68-6C4C0006F3D1}.Release|Any CPU.Build.0 = Release|Any CPU
		{CE7284E5-B9BE-4374-B83C-328E99E0D550}.Debug|Any CPU.ActiveCfg = Debug|Any CPU
		{CE7284E5-B9BE-4374-B83C-328E99E0D550}.Debug|Any CPU.Build.0 = Debug|Any CPU
		{CE7284E5-B9BE-4374-B83C-328E99E0D550}.Release|Any CPU.ActiveCfg = Release|Any CPU
		{CE7284E5-B9BE-4374-B83C-328E99E0D550}.Release|Any CPU.Build.0 = Release|Any CPU
		{5EE2EA09-47F7-4086-9A3E-997311C3BD9B}.Debug|Any CPU.ActiveCfg = Debug|Any CPU
		{5EE2EA09-47F7-4086-9A3E-997311C3BD9B}.Debug|Any CPU.Build.0 = Debug|Any CPU
		{5EE2EA09-47F7-4086-9A3E-997311C3BD9B}.Release|Any CPU.ActiveCfg = Release|Any CPU
		{5EE2EA09-47F7-4086-9A3E-997311C3BD9B}.Release|Any CPU.Build.0 = Release|Any CPU
		{FDDB5AA8-AFAE-4BE6-9600-D64945E74C36}.Debug|Any CPU.ActiveCfg = Debug|Any CPU
		{FDDB5AA8-AFAE-4BE6-9600-D64945E74C36}.Debug|Any CPU.Build.0 = Debug|Any CPU
		{FDDB5AA8-AFAE-4BE6-9600-D64945E74C36}.Release|Any CPU.ActiveCfg = Release|Any CPU
		{FDDB5AA8-AFAE-4BE6-9600-D64945E74C36}.Release|Any CPU.Build.0 = Release|Any CPU
		{453F3DC6-CA8F-468A-97D2-6FB5FA8A106F}.Debug|Any CPU.ActiveCfg = Debug|Any CPU
		{453F3DC6-CA8F-468A-97D2-6FB5FA8A106F}.Debug|Any CPU.Build.0 = Debug|Any CPU
		{453F3DC6-CA8F-468A-97D2-6FB5FA8A106F}.Release|Any CPU.ActiveCfg = Release|Any CPU
		{453F3DC6-CA8F-468A-97D2-6FB5FA8A106F}.Release|Any CPU.Build.0 = Release|Any CPU
		{DB812206-E5F2-4B1F-B5F2-30E9553C4CE5}.Debug|Any CPU.ActiveCfg = Debug|Any CPU
		{DB812206-E5F2-4B1F-B5F2-30E9553C4CE5}.Debug|Any CPU.Build.0 = Debug|Any CPU
		{DB812206-E5F2-4B1F-B5F2-30E9553C4CE5}.Release|Any CPU.ActiveCfg = Release|Any CPU
		{DB812206-E5F2-4B1F-B5F2-30E9553C4CE5}.Release|Any CPU.Build.0 = Release|Any CPU
		{0858D5BA-77B4-4096-BC0F-930C967BF64A}.Debug|Any CPU.ActiveCfg = Debug|Any CPU
		{0858D5BA-77B4-4096-BC0F-930C967BF64A}.Debug|Any CPU.Build.0 = Debug|Any CPU
		{0858D5BA-77B4-4096-BC0F-930C967BF64A}.Release|Any CPU.ActiveCfg = Release|Any CPU
		{0858D5BA-77B4-4096-BC0F-930C967BF64A}.Release|Any CPU.Build.0 = Release|Any CPU
		{7708CBEF-FA41-42BB-ABE9-BC61BF2C1929}.Debug|Any CPU.ActiveCfg = Debug|Any CPU
		{7708CBEF-FA41-42BB-ABE9-BC61BF2C1929}.Debug|Any CPU.Build.0 = Debug|Any CPU
		{7708CBEF-FA41-42BB-ABE9-BC61BF2C1929}.Release|Any CPU.ActiveCfg = Release|Any CPU
		{7708CBEF-FA41-42BB-ABE9-BC61BF2C1929}.Release|Any CPU.Build.0 = Release|Any CPU
		{F3F4148C-E488-46E7-B92F-1D8AEEDF0A27}.Debug|Any CPU.ActiveCfg = Debug|Any CPU
		{F3F4148C-E488-46E7-B92F-1D8AEEDF0A27}.Debug|Any CPU.Build.0 = Debug|Any CPU
		{F3F4148C-E488-46E7-B92F-1D8AEEDF0A27}.Release|Any CPU.ActiveCfg = Release|Any CPU
		{F3F4148C-E488-46E7-B92F-1D8AEEDF0A27}.Release|Any CPU.Build.0 = Release|Any CPU
		{3921CE19-0154-45F8-8A71-A7843D48E841}.Debug|Any CPU.ActiveCfg = Debug|Any CPU
		{3921CE19-0154-45F8-8A71-A7843D48E841}.Debug|Any CPU.Build.0 = Debug|Any CPU
		{3921CE19-0154-45F8-8A71-A7843D48E841}.Release|Any CPU.ActiveCfg = Release|Any CPU
		{3921CE19-0154-45F8-8A71-A7843D48E841}.Release|Any CPU.Build.0 = Release|Any CPU
		{DDE80359-18F5-4FA6-B7D7-2557DDE782A0}.Debug|Any CPU.ActiveCfg = Debug|Any CPU
		{DDE80359-18F5-4FA6-B7D7-2557DDE782A0}.Debug|Any CPU.Build.0 = Debug|Any CPU
		{DDE80359-18F5-4FA6-B7D7-2557DDE782A0}.Release|Any CPU.ActiveCfg = Release|Any CPU
		{DDE80359-18F5-4FA6-B7D7-2557DDE782A0}.Release|Any CPU.Build.0 = Release|Any CPU
		{EEBA8197-3B42-4C29-AF7A-1459A9ADD87F}.Debug|Any CPU.ActiveCfg = Debug|Any CPU
		{EEBA8197-3B42-4C29-AF7A-1459A9ADD87F}.Debug|Any CPU.Build.0 = Debug|Any CPU
		{EEBA8197-3B42-4C29-AF7A-1459A9ADD87F}.Release|Any CPU.ActiveCfg = Release|Any CPU
		{EEBA8197-3B42-4C29-AF7A-1459A9ADD87F}.Release|Any CPU.Build.0 = Release|Any CPU
		{83D27B62-78FB-49A9-9E16-BA5B71EE972F}.Debug|Any CPU.ActiveCfg = Debug|Any CPU
		{83D27B62-78FB-49A9-9E16-BA5B71EE972F}.Debug|Any CPU.Build.0 = Debug|Any CPU
		{83D27B62-78FB-49A9-9E16-BA5B71EE972F}.Release|Any CPU.ActiveCfg = Release|Any CPU
		{83D27B62-78FB-49A9-9E16-BA5B71EE972F}.Release|Any CPU.Build.0 = Release|Any CPU
		{A230CA9C-B9F9-4294-9845-D171A2729D49}.Debug|Any CPU.ActiveCfg = Debug|Any CPU
		{A230CA9C-B9F9-4294-9845-D171A2729D49}.Debug|Any CPU.Build.0 = Debug|Any CPU
		{A230CA9C-B9F9-4294-9845-D171A2729D49}.Release|Any CPU.ActiveCfg = Release|Any CPU
		{A230CA9C-B9F9-4294-9845-D171A2729D49}.Release|Any CPU.Build.0 = Release|Any CPU
		{B5F78117-E6CB-4435-9642-D0765E8C0E0A}.Debug|Any CPU.ActiveCfg = Debug|Any CPU
		{B5F78117-E6CB-4435-9642-D0765E8C0E0A}.Debug|Any CPU.Build.0 = Debug|Any CPU
		{B5F78117-E6CB-4435-9642-D0765E8C0E0A}.Release|Any CPU.ActiveCfg = Release|Any CPU
		{B5F78117-E6CB-4435-9642-D0765E8C0E0A}.Release|Any CPU.Build.0 = Release|Any CPU
		{2FEA4F00-D799-419E-ABF3-6A4749BD84BF}.Debug|Any CPU.ActiveCfg = Debug|Any CPU
		{2FEA4F00-D799-419E-ABF3-6A4749BD84BF}.Debug|Any CPU.Build.0 = Debug|Any CPU
		{2FEA4F00-D799-419E-ABF3-6A4749BD84BF}.Release|Any CPU.ActiveCfg = Release|Any CPU
		{2FEA4F00-D799-419E-ABF3-6A4749BD84BF}.Release|Any CPU.Build.0 = Release|Any CPU
		{A0226D33-22D6-4C09-A1C3-427C8DC753B7}.Debug|Any CPU.ActiveCfg = Debug|Any CPU
		{A0226D33-22D6-4C09-A1C3-427C8DC753B7}.Debug|Any CPU.Build.0 = Debug|Any CPU
		{A0226D33-22D6-4C09-A1C3-427C8DC753B7}.Release|Any CPU.ActiveCfg = Release|Any CPU
		{A0226D33-22D6-4C09-A1C3-427C8DC753B7}.Release|Any CPU.Build.0 = Release|Any CPU
		{934830C4-FAD5-43BE-A873-1D5489DEA592}.Debug|Any CPU.ActiveCfg = Debug|Any CPU
		{934830C4-FAD5-43BE-A873-1D5489DEA592}.Debug|Any CPU.Build.0 = Debug|Any CPU
		{934830C4-FAD5-43BE-A873-1D5489DEA592}.Release|Any CPU.ActiveCfg = Release|Any CPU
		{934830C4-FAD5-43BE-A873-1D5489DEA592}.Release|Any CPU.Build.0 = Release|Any CPU
		{52EF85C3-1064-4B76-84AB-1D52D6446AE2}.Debug|Any CPU.ActiveCfg = Debug|Any CPU
		{52EF85C3-1064-4B76-84AB-1D52D6446AE2}.Debug|Any CPU.Build.0 = Debug|Any CPU
		{52EF85C3-1064-4B76-84AB-1D52D6446AE2}.Release|Any CPU.ActiveCfg = Release|Any CPU
		{52EF85C3-1064-4B76-84AB-1D52D6446AE2}.Release|Any CPU.Build.0 = Release|Any CPU
		{FAC2B541-09D3-4697-BA78-6F26CBCDA471}.Debug|Any CPU.ActiveCfg = Debug|Any CPU
		{FAC2B541-09D3-4697-BA78-6F26CBCDA471}.Debug|Any CPU.Build.0 = Debug|Any CPU
		{FAC2B541-09D3-4697-BA78-6F26CBCDA471}.Release|Any CPU.ActiveCfg = Release|Any CPU
		{FAC2B541-09D3-4697-BA78-6F26CBCDA471}.Release|Any CPU.Build.0 = Release|Any CPU
		{81371077-9137-44AB-AE78-783906D0B5B3}.Debug|Any CPU.ActiveCfg = Debug|Any CPU
		{81371077-9137-44AB-AE78-783906D0B5B3}.Debug|Any CPU.Build.0 = Debug|Any CPU
		{81371077-9137-44AB-AE78-783906D0B5B3}.Release|Any CPU.ActiveCfg = Release|Any CPU
		{81371077-9137-44AB-AE78-783906D0B5B3}.Release|Any CPU.Build.0 = Release|Any CPU
		{205395FF-934C-436A-B117-E09FB0E4728D}.Debug|Any CPU.ActiveCfg = Debug|Any CPU
		{205395FF-934C-436A-B117-E09FB0E4728D}.Debug|Any CPU.Build.0 = Debug|Any CPU
		{205395FF-934C-436A-B117-E09FB0E4728D}.Release|Any CPU.ActiveCfg = Release|Any CPU
		{205395FF-934C-436A-B117-E09FB0E4728D}.Release|Any CPU.Build.0 = Release|Any CPU
		{FACEFAE9-B79C-47D1-A6CD-09A95BC7F65D}.Debug|Any CPU.ActiveCfg = Debug|Any CPU
		{FACEFAE9-B79C-47D1-A6CD-09A95BC7F65D}.Debug|Any CPU.Build.0 = Debug|Any CPU
		{FACEFAE9-B79C-47D1-A6CD-09A95BC7F65D}.Release|Any CPU.ActiveCfg = Release|Any CPU
		{FACEFAE9-B79C-47D1-A6CD-09A95BC7F65D}.Release|Any CPU.Build.0 = Release|Any CPU
		{B59BB5F7-B100-4108-A9A6-3DCF49504178}.Debug|Any CPU.ActiveCfg = Debug|Any CPU
		{B59BB5F7-B100-4108-A9A6-3DCF49504178}.Debug|Any CPU.Build.0 = Debug|Any CPU
		{B59BB5F7-B100-4108-A9A6-3DCF49504178}.Release|Any CPU.ActiveCfg = Release|Any CPU
		{B59BB5F7-B100-4108-A9A6-3DCF49504178}.Release|Any CPU.Build.0 = Release|Any CPU
		{89E42DAD-B9C0-4013-B21F-C28181AAEC8D}.Debug|Any CPU.ActiveCfg = Debug|Any CPU
		{89E42DAD-B9C0-4013-B21F-C28181AAEC8D}.Debug|Any CPU.Build.0 = Debug|Any CPU
		{89E42DAD-B9C0-4013-B21F-C28181AAEC8D}.Release|Any CPU.ActiveCfg = Release|Any CPU
		{89E42DAD-B9C0-4013-B21F-C28181AAEC8D}.Release|Any CPU.Build.0 = Release|Any CPU
		{9D5EB83F-1BF4-4510-B2D4-644F3435A52B}.Debug|Any CPU.ActiveCfg = Debug|Any CPU
		{9D5EB83F-1BF4-4510-B2D4-644F3435A52B}.Debug|Any CPU.Build.0 = Debug|Any CPU
		{9D5EB83F-1BF4-4510-B2D4-644F3435A52B}.Release|Any CPU.ActiveCfg = Release|Any CPU
		{9D5EB83F-1BF4-4510-B2D4-644F3435A52B}.Release|Any CPU.Build.0 = Release|Any CPU
		{DE4EA666-0E5D-4C2E-AB09-C4D8E6C68F05}.Debug|Any CPU.ActiveCfg = Debug|Any CPU
		{DE4EA666-0E5D-4C2E-AB09-C4D8E6C68F05}.Debug|Any CPU.Build.0 = Debug|Any CPU
		{DE4EA666-0E5D-4C2E-AB09-C4D8E6C68F05}.Release|Any CPU.ActiveCfg = Release|Any CPU
		{DE4EA666-0E5D-4C2E-AB09-C4D8E6C68F05}.Release|Any CPU.Build.0 = Release|Any CPU
		{0DE50251-F9F5-4932-BA04-7458AE60FE2D}.Debug|Any CPU.ActiveCfg = Debug|Any CPU
		{0DE50251-F9F5-4932-BA04-7458AE60FE2D}.Debug|Any CPU.Build.0 = Debug|Any CPU
		{0DE50251-F9F5-4932-BA04-7458AE60FE2D}.Release|Any CPU.ActiveCfg = Release|Any CPU
		{0DE50251-F9F5-4932-BA04-7458AE60FE2D}.Release|Any CPU.Build.0 = Release|Any CPU
		{E972DECA-8332-46EC-A8AB-E1C923A7D7C1}.Debug|Any CPU.ActiveCfg = Debug|Any CPU
		{E972DECA-8332-46EC-A8AB-E1C923A7D7C1}.Debug|Any CPU.Build.0 = Debug|Any CPU
		{E972DECA-8332-46EC-A8AB-E1C923A7D7C1}.Release|Any CPU.ActiveCfg = Release|Any CPU
		{E972DECA-8332-46EC-A8AB-E1C923A7D7C1}.Release|Any CPU.Build.0 = Release|Any CPU
		{70447E96-3A94-416B-BC22-EF1FD0ED336A}.Debug|Any CPU.ActiveCfg = Debug|Any CPU
		{70447E96-3A94-416B-BC22-EF1FD0ED336A}.Debug|Any CPU.Build.0 = Debug|Any CPU
		{70447E96-3A94-416B-BC22-EF1FD0ED336A}.Release|Any CPU.ActiveCfg = Release|Any CPU
		{70447E96-3A94-416B-BC22-EF1FD0ED336A}.Release|Any CPU.Build.0 = Release|Any CPU
		{10BD4DD9-AF75-4AC5-B691-6FC9CB50589F}.Debug|Any CPU.ActiveCfg = Debug|Any CPU
		{10BD4DD9-AF75-4AC5-B691-6FC9CB50589F}.Debug|Any CPU.Build.0 = Debug|Any CPU
		{10BD4DD9-AF75-4AC5-B691-6FC9CB50589F}.Release|Any CPU.ActiveCfg = Release|Any CPU
		{10BD4DD9-AF75-4AC5-B691-6FC9CB50589F}.Release|Any CPU.Build.0 = Release|Any CPU
		{C07ABD92-DFBF-4E0A-8FA6-035FCD0B9336}.Debug|Any CPU.ActiveCfg = Debug|Any CPU
		{C07ABD92-DFBF-4E0A-8FA6-035FCD0B9336}.Debug|Any CPU.Build.0 = Debug|Any CPU
		{C07ABD92-DFBF-4E0A-8FA6-035FCD0B9336}.Release|Any CPU.ActiveCfg = Release|Any CPU
		{C07ABD92-DFBF-4E0A-8FA6-035FCD0B9336}.Release|Any CPU.Build.0 = Release|Any CPU
		{BAF3642F-E212-4C23-BF2F-2101C0343545}.Debug|Any CPU.ActiveCfg = Debug|Any CPU
		{BAF3642F-E212-4C23-BF2F-2101C0343545}.Debug|Any CPU.Build.0 = Debug|Any CPU
		{BAF3642F-E212-4C23-BF2F-2101C0343545}.Release|Any CPU.ActiveCfg = Release|Any CPU
		{BAF3642F-E212-4C23-BF2F-2101C0343545}.Release|Any CPU.Build.0 = Release|Any CPU
		{40DFFF03-713F-4F1A-93CA-229A2DDA79F1}.Debug|Any CPU.ActiveCfg = Debug|Any CPU
		{40DFFF03-713F-4F1A-93CA-229A2DDA79F1}.Debug|Any CPU.Build.0 = Debug|Any CPU
		{40DFFF03-713F-4F1A-93CA-229A2DDA79F1}.Release|Any CPU.ActiveCfg = Release|Any CPU
		{40DFFF03-713F-4F1A-93CA-229A2DDA79F1}.Release|Any CPU.Build.0 = Release|Any CPU
		{51F1347B-3BE1-4A5E-8EF1-2F56DD2AC8AE}.Debug|Any CPU.ActiveCfg = Debug|Any CPU
		{51F1347B-3BE1-4A5E-8EF1-2F56DD2AC8AE}.Debug|Any CPU.Build.0 = Debug|Any CPU
		{51F1347B-3BE1-4A5E-8EF1-2F56DD2AC8AE}.Release|Any CPU.ActiveCfg = Release|Any CPU
		{51F1347B-3BE1-4A5E-8EF1-2F56DD2AC8AE}.Release|Any CPU.Build.0 = Release|Any CPU
		{5C2052FD-FB49-4F7E-B5FB-55C2652921E8}.Debug|Any CPU.ActiveCfg = Debug|Any CPU
		{5C2052FD-FB49-4F7E-B5FB-55C2652921E8}.Debug|Any CPU.Build.0 = Debug|Any CPU
		{5C2052FD-FB49-4F7E-B5FB-55C2652921E8}.Release|Any CPU.ActiveCfg = Release|Any CPU
		{5C2052FD-FB49-4F7E-B5FB-55C2652921E8}.Release|Any CPU.Build.0 = Release|Any CPU
		{B9C826B1-7969-47A7-8376-473F169D1E51}.Debug|Any CPU.ActiveCfg = Debug|Any CPU
		{B9C826B1-7969-47A7-8376-473F169D1E51}.Debug|Any CPU.Build.0 = Debug|Any CPU
		{B9C826B1-7969-47A7-8376-473F169D1E51}.Release|Any CPU.ActiveCfg = Release|Any CPU
		{B9C826B1-7969-47A7-8376-473F169D1E51}.Release|Any CPU.Build.0 = Release|Any CPU
		{D8AFE696-9337-401B-9597-464A22A84E56}.Debug|Any CPU.ActiveCfg = Debug|Any CPU
		{D8AFE696-9337-401B-9597-464A22A84E56}.Debug|Any CPU.Build.0 = Debug|Any CPU
		{D8AFE696-9337-401B-9597-464A22A84E56}.Release|Any CPU.ActiveCfg = Release|Any CPU
		{D8AFE696-9337-401B-9597-464A22A84E56}.Release|Any CPU.Build.0 = Release|Any CPU
		{CF4939F5-FC66-4667-90E3-CC630A0B29B6}.Debug|Any CPU.ActiveCfg = Debug|Any CPU
		{CF4939F5-FC66-4667-90E3-CC630A0B29B6}.Debug|Any CPU.Build.0 = Debug|Any CPU
		{CF4939F5-FC66-4667-90E3-CC630A0B29B6}.Release|Any CPU.ActiveCfg = Release|Any CPU
		{CF4939F5-FC66-4667-90E3-CC630A0B29B6}.Release|Any CPU.Build.0 = Release|Any CPU
		{269CE99F-104F-47C0-B858-C6ACDE70A229}.Debug|Any CPU.ActiveCfg = Debug|Any CPU
		{269CE99F-104F-47C0-B858-C6ACDE70A229}.Debug|Any CPU.Build.0 = Debug|Any CPU
		{269CE99F-104F-47C0-B858-C6ACDE70A229}.Release|Any CPU.ActiveCfg = Release|Any CPU
		{269CE99F-104F-47C0-B858-C6ACDE70A229}.Release|Any CPU.Build.0 = Release|Any CPU
		{8E0B9A08-4250-49C7-ACA0-06B15EE248EA}.Debug|Any CPU.ActiveCfg = Debug|Any CPU
		{8E0B9A08-4250-49C7-ACA0-06B15EE248EA}.Debug|Any CPU.Build.0 = Debug|Any CPU
		{8E0B9A08-4250-49C7-ACA0-06B15EE248EA}.Release|Any CPU.ActiveCfg = Release|Any CPU
		{8E0B9A08-4250-49C7-ACA0-06B15EE248EA}.Release|Any CPU.Build.0 = Release|Any CPU
		{2068CB64-73E1-4677-97B8-13CA0FD39C39}.Debug|Any CPU.ActiveCfg = Debug|Any CPU
		{2068CB64-73E1-4677-97B8-13CA0FD39C39}.Debug|Any CPU.Build.0 = Debug|Any CPU
		{2068CB64-73E1-4677-97B8-13CA0FD39C39}.Release|Any CPU.ActiveCfg = Release|Any CPU
		{2068CB64-73E1-4677-97B8-13CA0FD39C39}.Release|Any CPU.Build.0 = Release|Any CPU
		{68942A8D-0C05-45E0-818E-18D4351820C6}.Debug|Any CPU.ActiveCfg = Debug|Any CPU
		{68942A8D-0C05-45E0-818E-18D4351820C6}.Debug|Any CPU.Build.0 = Debug|Any CPU
		{68942A8D-0C05-45E0-818E-18D4351820C6}.Release|Any CPU.ActiveCfg = Release|Any CPU
		{68942A8D-0C05-45E0-818E-18D4351820C6}.Release|Any CPU.Build.0 = Release|Any CPU
		{73428ECD-E196-4520-95B1-E6C24395BA65}.Debug|Any CPU.ActiveCfg = Debug|Any CPU
		{73428ECD-E196-4520-95B1-E6C24395BA65}.Debug|Any CPU.Build.0 = Debug|Any CPU
		{73428ECD-E196-4520-95B1-E6C24395BA65}.Release|Any CPU.ActiveCfg = Release|Any CPU
		{73428ECD-E196-4520-95B1-E6C24395BA65}.Release|Any CPU.Build.0 = Release|Any CPU
		{4FF263BE-4B4B-4662-A09A-F730F72FF139}.Debug|Any CPU.ActiveCfg = Debug|Any CPU
		{4FF263BE-4B4B-4662-A09A-F730F72FF139}.Debug|Any CPU.Build.0 = Debug|Any CPU
		{4FF263BE-4B4B-4662-A09A-F730F72FF139}.Release|Any CPU.ActiveCfg = Release|Any CPU
		{4FF263BE-4B4B-4662-A09A-F730F72FF139}.Release|Any CPU.Build.0 = Release|Any CPU
		{B8185024-64E2-4F3E-BF33-2AF0CB361560}.Debug|Any CPU.ActiveCfg = Debug|Any CPU
		{B8185024-64E2-4F3E-BF33-2AF0CB361560}.Debug|Any CPU.Build.0 = Debug|Any CPU
		{B8185024-64E2-4F3E-BF33-2AF0CB361560}.Release|Any CPU.ActiveCfg = Release|Any CPU
		{B8185024-64E2-4F3E-BF33-2AF0CB361560}.Release|Any CPU.Build.0 = Release|Any CPU
		{BA62D346-76D4-48CB-B36C-92A87EC1F181}.Debug|Any CPU.ActiveCfg = Debug|Any CPU
		{BA62D346-76D4-48CB-B36C-92A87EC1F181}.Debug|Any CPU.Build.0 = Debug|Any CPU
		{BA62D346-76D4-48CB-B36C-92A87EC1F181}.Release|Any CPU.ActiveCfg = Release|Any CPU
		{BA62D346-76D4-48CB-B36C-92A87EC1F181}.Release|Any CPU.Build.0 = Release|Any CPU
		{BEC6F842-8431-4673-9F7E-943844D55B81}.Debug|Any CPU.ActiveCfg = Debug|Any CPU
		{BEC6F842-8431-4673-9F7E-943844D55B81}.Debug|Any CPU.Build.0 = Debug|Any CPU
		{BEC6F842-8431-4673-9F7E-943844D55B81}.Release|Any CPU.ActiveCfg = Release|Any CPU
		{BEC6F842-8431-4673-9F7E-943844D55B81}.Release|Any CPU.Build.0 = Release|Any CPU
		{9EE6F08D-3BF0-40D7-B4FC-0356AEEAFA5C}.Debug|Any CPU.ActiveCfg = Debug|Any CPU
		{9EE6F08D-3BF0-40D7-B4FC-0356AEEAFA5C}.Debug|Any CPU.Build.0 = Debug|Any CPU
		{9EE6F08D-3BF0-40D7-B4FC-0356AEEAFA5C}.Release|Any CPU.ActiveCfg = Release|Any CPU
		{9EE6F08D-3BF0-40D7-B4FC-0356AEEAFA5C}.Release|Any CPU.Build.0 = Release|Any CPU
		{755B6BC7-A7BE-481D-842A-575EB3C10E76}.Debug|Any CPU.ActiveCfg = Debug|Any CPU
		{755B6BC7-A7BE-481D-842A-575EB3C10E76}.Debug|Any CPU.Build.0 = Debug|Any CPU
		{755B6BC7-A7BE-481D-842A-575EB3C10E76}.Release|Any CPU.ActiveCfg = Release|Any CPU
		{755B6BC7-A7BE-481D-842A-575EB3C10E76}.Release|Any CPU.Build.0 = Release|Any CPU
		{4BFED5E3-387F-44FB-8941-AF9030D2C8ED}.Debug|Any CPU.ActiveCfg = Debug|Any CPU
		{4BFED5E3-387F-44FB-8941-AF9030D2C8ED}.Debug|Any CPU.Build.0 = Debug|Any CPU
		{4BFED5E3-387F-44FB-8941-AF9030D2C8ED}.Release|Any CPU.ActiveCfg = Release|Any CPU
		{4BFED5E3-387F-44FB-8941-AF9030D2C8ED}.Release|Any CPU.Build.0 = Release|Any CPU
		{9C72A184-C31F-4272-B295-325DCE64E572}.Debug|Any CPU.ActiveCfg = Debug|Any CPU
		{9C72A184-C31F-4272-B295-325DCE64E572}.Debug|Any CPU.Build.0 = Debug|Any CPU
		{9C72A184-C31F-4272-B295-325DCE64E572}.Release|Any CPU.ActiveCfg = Release|Any CPU
		{9C72A184-C31F-4272-B295-325DCE64E572}.Release|Any CPU.Build.0 = Release|Any CPU
		{A02E309B-1D28-44F7-9D8D-8C02F84318BA}.Debug|Any CPU.ActiveCfg = Debug|Any CPU
		{A02E309B-1D28-44F7-9D8D-8C02F84318BA}.Debug|Any CPU.Build.0 = Debug|Any CPU
		{A02E309B-1D28-44F7-9D8D-8C02F84318BA}.Release|Any CPU.ActiveCfg = Release|Any CPU
		{A02E309B-1D28-44F7-9D8D-8C02F84318BA}.Release|Any CPU.Build.0 = Release|Any CPU
		{5ADB6810-EC80-4740-88A9-0A7FC914AB42}.Debug|Any CPU.ActiveCfg = Debug|Any CPU
		{5ADB6810-EC80-4740-88A9-0A7FC914AB42}.Debug|Any CPU.Build.0 = Debug|Any CPU
		{5ADB6810-EC80-4740-88A9-0A7FC914AB42}.Release|Any CPU.ActiveCfg = Release|Any CPU
		{5ADB6810-EC80-4740-88A9-0A7FC914AB42}.Release|Any CPU.Build.0 = Release|Any CPU
		{BA2515EC-A787-4F71-A16A-51127EB16148}.Debug|Any CPU.ActiveCfg = Debug|Any CPU
		{BA2515EC-A787-4F71-A16A-51127EB16148}.Debug|Any CPU.Build.0 = Debug|Any CPU
		{BA2515EC-A787-4F71-A16A-51127EB16148}.Release|Any CPU.ActiveCfg = Release|Any CPU
		{BA2515EC-A787-4F71-A16A-51127EB16148}.Release|Any CPU.Build.0 = Release|Any CPU
		{8F247E78-4BCE-45D0-8F07-30DED16FB557}.Debug|Any CPU.ActiveCfg = Debug|Any CPU
		{8F247E78-4BCE-45D0-8F07-30DED16FB557}.Debug|Any CPU.Build.0 = Debug|Any CPU
		{8F247E78-4BCE-45D0-8F07-30DED16FB557}.Release|Any CPU.ActiveCfg = Release|Any CPU
		{8F247E78-4BCE-45D0-8F07-30DED16FB557}.Release|Any CPU.Build.0 = Release|Any CPU
		{8D8EB0E6-A00E-43A2-8685-4F9E7BA4E7E3}.Debug|Any CPU.ActiveCfg = Debug|Any CPU
		{8D8EB0E6-A00E-43A2-8685-4F9E7BA4E7E3}.Debug|Any CPU.Build.0 = Debug|Any CPU
		{8D8EB0E6-A00E-43A2-8685-4F9E7BA4E7E3}.Release|Any CPU.ActiveCfg = Release|Any CPU
		{8D8EB0E6-A00E-43A2-8685-4F9E7BA4E7E3}.Release|Any CPU.Build.0 = Release|Any CPU
		{A8743A9B-FF53-4F3E-A41F-AB33D5BE683F}.Debug|Any CPU.ActiveCfg = Debug|Any CPU
		{A8743A9B-FF53-4F3E-A41F-AB33D5BE683F}.Debug|Any CPU.Build.0 = Debug|Any CPU
		{A8743A9B-FF53-4F3E-A41F-AB33D5BE683F}.Release|Any CPU.ActiveCfg = Release|Any CPU
		{A8743A9B-FF53-4F3E-A41F-AB33D5BE683F}.Release|Any CPU.Build.0 = Release|Any CPU
		{19435D84-1191-4E8A-A670-811D62680826}.Debug|Any CPU.ActiveCfg = Debug|Any CPU
		{19435D84-1191-4E8A-A670-811D62680826}.Debug|Any CPU.Build.0 = Debug|Any CPU
		{19435D84-1191-4E8A-A670-811D62680826}.Release|Any CPU.ActiveCfg = Release|Any CPU
		{19435D84-1191-4E8A-A670-811D62680826}.Release|Any CPU.Build.0 = Release|Any CPU
		{EAEE06B3-1B52-4CD8-8DDB-394FA16EC312}.Debug|Any CPU.ActiveCfg = Debug|Any CPU
		{EAEE06B3-1B52-4CD8-8DDB-394FA16EC312}.Debug|Any CPU.Build.0 = Debug|Any CPU
		{EAEE06B3-1B52-4CD8-8DDB-394FA16EC312}.Release|Any CPU.ActiveCfg = Release|Any CPU
		{EAEE06B3-1B52-4CD8-8DDB-394FA16EC312}.Release|Any CPU.Build.0 = Release|Any CPU
		{3BAD16AD-2DBD-4B59-9184-A47F4C7E9CD1}.Debug|Any CPU.ActiveCfg = Debug|Any CPU
		{3BAD16AD-2DBD-4B59-9184-A47F4C7E9CD1}.Debug|Any CPU.Build.0 = Debug|Any CPU
		{3BAD16AD-2DBD-4B59-9184-A47F4C7E9CD1}.Release|Any CPU.ActiveCfg = Release|Any CPU
		{3BAD16AD-2DBD-4B59-9184-A47F4C7E9CD1}.Release|Any CPU.Build.0 = Release|Any CPU
		{3A74B42D-6598-49D2-8E49-D5109CE7B04A}.Debug|Any CPU.ActiveCfg = Debug|Any CPU
		{3A74B42D-6598-49D2-8E49-D5109CE7B04A}.Debug|Any CPU.Build.0 = Debug|Any CPU
		{3A74B42D-6598-49D2-8E49-D5109CE7B04A}.Release|Any CPU.ActiveCfg = Release|Any CPU
		{3A74B42D-6598-49D2-8E49-D5109CE7B04A}.Release|Any CPU.Build.0 = Release|Any CPU
		{94A789CF-2BB4-46E4-8B0A-A603A8FCB11D}.Debug|Any CPU.ActiveCfg = Debug|Any CPU
		{94A789CF-2BB4-46E4-8B0A-A603A8FCB11D}.Debug|Any CPU.Build.0 = Debug|Any CPU
		{94A789CF-2BB4-46E4-8B0A-A603A8FCB11D}.Release|Any CPU.ActiveCfg = Release|Any CPU
		{94A789CF-2BB4-46E4-8B0A-A603A8FCB11D}.Release|Any CPU.Build.0 = Release|Any CPU
		{34CA7C1B-92BE-461C-8376-EE356405B639}.Debug|Any CPU.ActiveCfg = Debug|Any CPU
		{34CA7C1B-92BE-461C-8376-EE356405B639}.Debug|Any CPU.Build.0 = Debug|Any CPU
		{34CA7C1B-92BE-461C-8376-EE356405B639}.Release|Any CPU.ActiveCfg = Release|Any CPU
		{34CA7C1B-92BE-461C-8376-EE356405B639}.Release|Any CPU.Build.0 = Release|Any CPU
		{3306146C-269B-48CC-86A8-B623F5A37C2F}.Debug|Any CPU.ActiveCfg = Debug|Any CPU
		{3306146C-269B-48CC-86A8-B623F5A37C2F}.Debug|Any CPU.Build.0 = Debug|Any CPU
		{3306146C-269B-48CC-86A8-B623F5A37C2F}.Release|Any CPU.ActiveCfg = Release|Any CPU
		{3306146C-269B-48CC-86A8-B623F5A37C2F}.Release|Any CPU.Build.0 = Release|Any CPU
		{7459071B-6907-4298-A2CD-B93C0A291594}.Debug|Any CPU.ActiveCfg = Debug|Any CPU
		{7459071B-6907-4298-A2CD-B93C0A291594}.Debug|Any CPU.Build.0 = Debug|Any CPU
		{7459071B-6907-4298-A2CD-B93C0A291594}.Release|Any CPU.ActiveCfg = Release|Any CPU
		{7459071B-6907-4298-A2CD-B93C0A291594}.Release|Any CPU.Build.0 = Release|Any CPU
	EndGlobalSection
	GlobalSection(SolutionProperties) = preSolution
		HideSolutionNode = FALSE
	EndGlobalSection
EndGlobal
