
Microsoft Visual Studio Solution File, Format Version 12.00
# Visual Studio 2012
Project("{2150E333-8FDC-42A3-9474-1A3956D46DE8}") = "build", "build", "{FEE003EB-628C-4434-B1B8-C877873A3CB6}"
	ProjectSection(SolutionItems) = preProject
		copyPr.bat = copyPr.bat
		post_build.bat = post_build.bat
	EndProjectSection
EndProject
Project("{FAE04EC0-301F-11D3-BF4B-00C04F79EFBC}") = "ContractMov", "ContractMov\ContractMov.csproj", "{F66E4A33-48A9-447F-A661-BCFEF9ACE385}"
EndProject
Project("{FAE04EC0-301F-11D3-BF4B-00C04F79EFBC}") = "Shipping", "Shipping\Shipping.csproj", "{C1A418E8-61E2-4959-A4F7-7DC3D654BAAF}"
EndProject
Project("{FAE04EC0-301F-11D3-BF4B-00C04F79EFBC}") = "ExpensiveLS", "ExpensiveLS\ExpensiveLS.csproj", "{54B9A997-24D0-4FF1-855D-63F671B77138}"
EndProject
Project("{FAE04EC0-301F-11D3-BF4B-00C04F79EFBC}") = "FinanceProgram", "FinanceProgram\FinanceProgram.csproj", "{A4A95FA8-DDAA-4FF8-A220-C0344D092502}"
EndProject
Project("{FAE04EC0-301F-11D3-BF4B-00C04F79EFBC}") = "GoodsStock", "GoodsStock\GoodsStock.csproj", "{ED11A80B-199F-4371-A995-7F861224E97C}"
EndProject
Project("{FAE04EC0-301F-11D3-BF4B-00C04F79EFBC}") = "BookSale", "BookSale\BookSale.csproj", "{B9D7C0FC-CB17-41F1-85AA-8B5667FD06AE}"
EndProject
Project("{FAE04EC0-301F-11D3-BF4B-00C04F79EFBC}") = "InfoLS", "InfoLS\InfoLS.csproj", "{7E095224-10E7-4DD6-A3A2-D6120605F447}"
EndProject
Project("{FAE04EC0-301F-11D3-BF4B-00C04F79EFBC}") = "ReestrCountInvoice", "ReestrCountInvoice\ReestrCountInvoice.csproj", "{7B242B1C-AF77-42B7-BC51-022CE107D635}"
EndProject
Project("{FAE04EC0-301F-11D3-BF4B-00C04F79EFBC}") = "InfoSecuringLS", "InfoSecuringLS\InfoSecuringLS.csproj", "{416EBE08-1F39-4E31-B2D2-2228270BF62F}"
EndProject
Project("{FAE04EC0-301F-11D3-BF4B-00C04F79EFBC}") = "AnalizeAction", "AnalizeAction\AnalizeAction.csproj", "{E2BE400B-B7FE-4B43-9104-C0ACA8B4A18A}"
EndProject
Project("{FAE04EC0-301F-11D3-BF4B-00C04F79EFBC}") = "InvoiceInformNovgD", "InvoiceInformNovgD\InvoiceInformNovgD.csproj", "{11760981-ABD5-4BCB-A873-5267EEB8221E}"
EndProject
Project("{FAE04EC0-301F-11D3-BF4B-00C04F79EFBC}") = "70_1_CRF", "70_1_CRF\70_1_CRF.csproj", "{C8DA467D-7B89-4EA7-BD0B-D5F5BA78A84F}"
EndProject
Project("{FAE04EC0-301F-11D3-BF4B-00C04F79EFBC}") = "71_List", "71_List\71_List.csproj", "{C88C3CE5-091E-47DA-9509-82070013E39E}"
EndProject
Project("{FAE04EC0-301F-11D3-BF4B-00C04F79EFBC}") = "102_InvoiceLS", "102_InvoiceLS\102_InvoiceLS.csproj", "{9AFF2411-836E-4808-BC83-FF65228F5CAF}"
EndProject
Project("{FAE04EC0-301F-11D3-BF4B-00C04F79EFBC}") = "103_InvoiceLS", "103_InvoiceLS\103_InvoiceLS.csproj", "{6CAC1C13-F9E2-4948-9A55-C267F02C9F73}"
EndProject
Project("{FAE04EC0-301F-11D3-BF4B-00C04F79EFBC}") = "101_InvoiceLS", "101_InvoiceLS\101_InvoiceLS.csproj", "{A443CC95-F07E-4256-A01A-644D91D5E693}"
EndProject
Project("{FAE04EC0-301F-11D3-BF4B-00C04F79EFBC}") = "73_Stock", "73_Stock\73_Stock.csproj", "{989656D5-9610-4F94-88FA-ACB74522D807}"
EndProject
Project("{FAE04EC0-301F-11D3-BF4B-00C04F79EFBC}") = "76_InvoiceLS", "76_InvoiceLS\76_InvoiceLS.csproj", "{793B3E8D-FE9D-4081-BDE9-1D1A6F2558A7}"
EndProject
Project("{FAE04EC0-301F-11D3-BF4B-00C04F79EFBC}") = "75_Measure", "75_Measure\75_Measure.csproj", "{28814DB7-2420-4D95-92FF-18B7451C2CF1}"
EndProject
Project("{FAE04EC0-301F-11D3-BF4B-00C04F79EFBC}") = "74_Info", "74_Info\74_Info.csproj", "{7279C159-7398-4E7A-8A9C-CBDADA2C1236}"
EndProject
Project("{FAE04EC0-301F-11D3-BF4B-00C04F79EFBC}") = "InvoiceOut", "InvoiceOut\InvoiceOut.csproj", "{C87033CC-64B8-4501-9FEA-ED875C965575}"
EndProject
Project("{FAE04EC0-301F-11D3-BF4B-00C04F79EFBC}") = "InvoiceOutGoods", "InvoiceOutGoods\InvoiceOutGoods.csproj", "{87434566-ADA5-41DE-BD62-8CDAD7B9BDE3}"
EndProject
Project("{FAE04EC0-301F-11D3-BF4B-00C04F79EFBC}") = "InvoiceOutMnn", "InvoiceOutMnn\InvoiceOutMnn.csproj", "{56B5ABAF-2192-440D-8E6F-A6BA50F85894}"
EndProject
Project("{FAE04EC0-301F-11D3-BF4B-00C04F79EFBC}") = "37_InfoMonitoring", "37_InfoMonitoring\37_InfoMonitoring.csproj", "{72C7916B-1594-4E03-9405-DA4544C0E876}"
EndProject
Project("{FAE04EC0-301F-11D3-BF4B-00C04F79EFBC}") = "InfoContracts", "InfoContracts\InfoContracts.csproj", "{0071BBC4-1DA8-44D8-8D9F-7F43EA214838}"
EndProject
Project("{FAE04EC0-301F-11D3-BF4B-00C04F79EFBC}") = "ReestrPayNoLS", "ReestrPayNoLS\ReestrPayNoLS.csproj", "{DE6DC4F9-B7CB-44EB-8CDA-D2ABCE69D09F}"
EndProject
Project("{FAE04EC0-301F-11D3-BF4B-00C04F79EFBC}") = "PartSupplier", "PartSupplier\PartSupplier.csproj", "{3180552D-4F8E-4C51-BCA1-CB3513E0C082}"
EndProject
Project("{FAE04EC0-301F-11D3-BF4B-00C04F79EFBC}") = "DloSectionPayer", "DloSectionPayer\DloSectionPayer.csproj", "{5FD346D0-9BD0-4FDD-A3B1-4F31C88D8734}"
EndProject
Global
	GlobalSection(SolutionConfigurationPlatforms) = preSolution
		Debug|Any CPU = Debug|Any CPU
		Release|Any CPU = Release|Any CPU
	EndGlobalSection
	GlobalSection(ProjectConfigurationPlatforms) = postSolution
		{F66E4A33-48A9-447F-A661-BCFEF9ACE385}.Debug|Any CPU.ActiveCfg = Debug|Any CPU
		{F66E4A33-48A9-447F-A661-BCFEF9ACE385}.Debug|Any CPU.Build.0 = Debug|Any CPU
		{F66E4A33-48A9-447F-A661-BCFEF9ACE385}.Release|Any CPU.ActiveCfg = Release|Any CPU
		{F66E4A33-48A9-447F-A661-BCFEF9ACE385}.Release|Any CPU.Build.0 = Release|Any CPU
		{C1A418E8-61E2-4959-A4F7-7DC3D654BAAF}.Debug|Any CPU.ActiveCfg = Debug|Any CPU
		{C1A418E8-61E2-4959-A4F7-7DC3D654BAAF}.Debug|Any CPU.Build.0 = Debug|Any CPU
		{C1A418E8-61E2-4959-A4F7-7DC3D654BAAF}.Release|Any CPU.ActiveCfg = Release|Any CPU
		{C1A418E8-61E2-4959-A4F7-7DC3D654BAAF}.Release|Any CPU.Build.0 = Release|Any CPU
		{54B9A997-24D0-4FF1-855D-63F671B77138}.Debug|Any CPU.ActiveCfg = Debug|Any CPU
		{54B9A997-24D0-4FF1-855D-63F671B77138}.Debug|Any CPU.Build.0 = Debug|Any CPU
		{54B9A997-24D0-4FF1-855D-63F671B77138}.Release|Any CPU.ActiveCfg = Release|Any CPU
		{54B9A997-24D0-4FF1-855D-63F671B77138}.Release|Any CPU.Build.0 = Release|Any CPU
		{A4A95FA8-DDAA-4FF8-A220-C0344D092502}.Debug|Any CPU.ActiveCfg = Debug|Any CPU
		{A4A95FA8-DDAA-4FF8-A220-C0344D092502}.Debug|Any CPU.Build.0 = Debug|Any CPU
		{A4A95FA8-DDAA-4FF8-A220-C0344D092502}.Release|Any CPU.ActiveCfg = Release|Any CPU
		{A4A95FA8-DDAA-4FF8-A220-C0344D092502}.Release|Any CPU.Build.0 = Release|Any CPU
		{ED11A80B-199F-4371-A995-7F861224E97C}.Debug|Any CPU.ActiveCfg = Debug|Any CPU
		{ED11A80B-199F-4371-A995-7F861224E97C}.Debug|Any CPU.Build.0 = Debug|Any CPU
		{ED11A80B-199F-4371-A995-7F861224E97C}.Release|Any CPU.ActiveCfg = Release|Any CPU
		{ED11A80B-199F-4371-A995-7F861224E97C}.Release|Any CPU.Build.0 = Release|Any CPU
		{B9D7C0FC-CB17-41F1-85AA-8B5667FD06AE}.Debug|Any CPU.ActiveCfg = Debug|Any CPU
		{B9D7C0FC-CB17-41F1-85AA-8B5667FD06AE}.Debug|Any CPU.Build.0 = Debug|Any CPU
		{B9D7C0FC-CB17-41F1-85AA-8B5667FD06AE}.Release|Any CPU.ActiveCfg = Release|Any CPU
		{B9D7C0FC-CB17-41F1-85AA-8B5667FD06AE}.Release|Any CPU.Build.0 = Release|Any CPU
		{7E095224-10E7-4DD6-A3A2-D6120605F447}.Debug|Any CPU.ActiveCfg = Debug|Any CPU
		{7E095224-10E7-4DD6-A3A2-D6120605F447}.Debug|Any CPU.Build.0 = Debug|Any CPU
		{7E095224-10E7-4DD6-A3A2-D6120605F447}.Release|Any CPU.ActiveCfg = Release|Any CPU
		{7E095224-10E7-4DD6-A3A2-D6120605F447}.Release|Any CPU.Build.0 = Release|Any CPU
		{7B242B1C-AF77-42B7-BC51-022CE107D635}.Debug|Any CPU.ActiveCfg = Debug|Any CPU
		{7B242B1C-AF77-42B7-BC51-022CE107D635}.Debug|Any CPU.Build.0 = Debug|Any CPU
		{7B242B1C-AF77-42B7-BC51-022CE107D635}.Release|Any CPU.ActiveCfg = Release|Any CPU
		{7B242B1C-AF77-42B7-BC51-022CE107D635}.Release|Any CPU.Build.0 = Release|Any CPU
		{416EBE08-1F39-4E31-B2D2-2228270BF62F}.Debug|Any CPU.ActiveCfg = Debug|Any CPU
		{416EBE08-1F39-4E31-B2D2-2228270BF62F}.Debug|Any CPU.Build.0 = Debug|Any CPU
		{416EBE08-1F39-4E31-B2D2-2228270BF62F}.Release|Any CPU.ActiveCfg = Release|Any CPU
		{416EBE08-1F39-4E31-B2D2-2228270BF62F}.Release|Any CPU.Build.0 = Release|Any CPU
		{E2BE400B-B7FE-4B43-9104-C0ACA8B4A18A}.Debug|Any CPU.ActiveCfg = Debug|Any CPU
		{E2BE400B-B7FE-4B43-9104-C0ACA8B4A18A}.Debug|Any CPU.Build.0 = Debug|Any CPU
		{E2BE400B-B7FE-4B43-9104-C0ACA8B4A18A}.Release|Any CPU.ActiveCfg = Release|Any CPU
		{E2BE400B-B7FE-4B43-9104-C0ACA8B4A18A}.Release|Any CPU.Build.0 = Release|Any CPU
		{11760981-ABD5-4BCB-A873-5267EEB8221E}.Debug|Any CPU.ActiveCfg = Debug|Any CPU
		{11760981-ABD5-4BCB-A873-5267EEB8221E}.Debug|Any CPU.Build.0 = Debug|Any CPU
		{11760981-ABD5-4BCB-A873-5267EEB8221E}.Release|Any CPU.ActiveCfg = Release|Any CPU
		{11760981-ABD5-4BCB-A873-5267EEB8221E}.Release|Any CPU.Build.0 = Release|Any CPU
		{C8DA467D-7B89-4EA7-BD0B-D5F5BA78A84F}.Debug|Any CPU.ActiveCfg = Debug|Any CPU
		{C8DA467D-7B89-4EA7-BD0B-D5F5BA78A84F}.Debug|Any CPU.Build.0 = Debug|Any CPU
		{C8DA467D-7B89-4EA7-BD0B-D5F5BA78A84F}.Release|Any CPU.ActiveCfg = Release|Any CPU
		{C8DA467D-7B89-4EA7-BD0B-D5F5BA78A84F}.Release|Any CPU.Build.0 = Release|Any CPU
		{C88C3CE5-091E-47DA-9509-82070013E39E}.Debug|Any CPU.ActiveCfg = Debug|Any CPU
		{C88C3CE5-091E-47DA-9509-82070013E39E}.Debug|Any CPU.Build.0 = Debug|Any CPU
		{C88C3CE5-091E-47DA-9509-82070013E39E}.Release|Any CPU.ActiveCfg = Release|Any CPU
		{C88C3CE5-091E-47DA-9509-82070013E39E}.Release|Any CPU.Build.0 = Release|Any CPU
		{9AFF2411-836E-4808-BC83-FF65228F5CAF}.Debug|Any CPU.ActiveCfg = Debug|Any CPU
		{9AFF2411-836E-4808-BC83-FF65228F5CAF}.Debug|Any CPU.Build.0 = Debug|Any CPU
		{9AFF2411-836E-4808-BC83-FF65228F5CAF}.Release|Any CPU.ActiveCfg = Release|Any CPU
		{9AFF2411-836E-4808-BC83-FF65228F5CAF}.Release|Any CPU.Build.0 = Release|Any CPU
		{6CAC1C13-F9E2-4948-9A55-C267F02C9F73}.Debug|Any CPU.ActiveCfg = Debug|Any CPU
		{6CAC1C13-F9E2-4948-9A55-C267F02C9F73}.Debug|Any CPU.Build.0 = Debug|Any CPU
		{6CAC1C13-F9E2-4948-9A55-C267F02C9F73}.Release|Any CPU.ActiveCfg = Release|Any CPU
		{6CAC1C13-F9E2-4948-9A55-C267F02C9F73}.Release|Any CPU.Build.0 = Release|Any CPU
		{A443CC95-F07E-4256-A01A-644D91D5E693}.Debug|Any CPU.ActiveCfg = Debug|Any CPU
		{A443CC95-F07E-4256-A01A-644D91D5E693}.Debug|Any CPU.Build.0 = Debug|Any CPU
		{A443CC95-F07E-4256-A01A-644D91D5E693}.Release|Any CPU.ActiveCfg = Release|Any CPU
		{A443CC95-F07E-4256-A01A-644D91D5E693}.Release|Any CPU.Build.0 = Release|Any CPU
		{989656D5-9610-4F94-88FA-ACB74522D807}.Debug|Any CPU.ActiveCfg = Debug|Any CPU
		{989656D5-9610-4F94-88FA-ACB74522D807}.Debug|Any CPU.Build.0 = Debug|Any CPU
		{989656D5-9610-4F94-88FA-ACB74522D807}.Release|Any CPU.ActiveCfg = Release|Any CPU
		{989656D5-9610-4F94-88FA-ACB74522D807}.Release|Any CPU.Build.0 = Release|Any CPU
		{793B3E8D-FE9D-4081-BDE9-1D1A6F2558A7}.Debug|Any CPU.ActiveCfg = Debug|Any CPU
		{793B3E8D-FE9D-4081-BDE9-1D1A6F2558A7}.Debug|Any CPU.Build.0 = Debug|Any CPU
		{793B3E8D-FE9D-4081-BDE9-1D1A6F2558A7}.Release|Any CPU.ActiveCfg = Release|Any CPU
		{793B3E8D-FE9D-4081-BDE9-1D1A6F2558A7}.Release|Any CPU.Build.0 = Release|Any CPU
		{28814DB7-2420-4D95-92FF-18B7451C2CF1}.Debug|Any CPU.ActiveCfg = Debug|Any CPU
		{28814DB7-2420-4D95-92FF-18B7451C2CF1}.Debug|Any CPU.Build.0 = Debug|Any CPU
		{28814DB7-2420-4D95-92FF-18B7451C2CF1}.Release|Any CPU.ActiveCfg = Release|Any CPU
		{28814DB7-2420-4D95-92FF-18B7451C2CF1}.Release|Any CPU.Build.0 = Release|Any CPU
		{7279C159-7398-4E7A-8A9C-CBDADA2C1236}.Debug|Any CPU.ActiveCfg = Debug|Any CPU
		{7279C159-7398-4E7A-8A9C-CBDADA2C1236}.Debug|Any CPU.Build.0 = Debug|Any CPU
		{7279C159-7398-4E7A-8A9C-CBDADA2C1236}.Release|Any CPU.ActiveCfg = Release|Any CPU
		{7279C159-7398-4E7A-8A9C-CBDADA2C1236}.Release|Any CPU.Build.0 = Release|Any CPU
		{C87033CC-64B8-4501-9FEA-ED875C965575}.Debug|Any CPU.ActiveCfg = Debug|Any CPU
		{C87033CC-64B8-4501-9FEA-ED875C965575}.Debug|Any CPU.Build.0 = Debug|Any CPU
		{C87033CC-64B8-4501-9FEA-ED875C965575}.Release|Any CPU.ActiveCfg = Release|Any CPU
		{C87033CC-64B8-4501-9FEA-ED875C965575}.Release|Any CPU.Build.0 = Release|Any CPU
		{87434566-ADA5-41DE-BD62-8CDAD7B9BDE3}.Debug|Any CPU.ActiveCfg = Debug|Any CPU
		{87434566-ADA5-41DE-BD62-8CDAD7B9BDE3}.Debug|Any CPU.Build.0 = Debug|Any CPU
		{87434566-ADA5-41DE-BD62-8CDAD7B9BDE3}.Release|Any CPU.ActiveCfg = Release|Any CPU
		{87434566-ADA5-41DE-BD62-8CDAD7B9BDE3}.Release|Any CPU.Build.0 = Release|Any CPU
		{56B5ABAF-2192-440D-8E6F-A6BA50F85894}.Debug|Any CPU.ActiveCfg = Debug|Any CPU
		{56B5ABAF-2192-440D-8E6F-A6BA50F85894}.Debug|Any CPU.Build.0 = Debug|Any CPU
		{56B5ABAF-2192-440D-8E6F-A6BA50F85894}.Release|Any CPU.ActiveCfg = Release|Any CPU
		{56B5ABAF-2192-440D-8E6F-A6BA50F85894}.Release|Any CPU.Build.0 = Release|Any CPU
		{72C7916B-1594-4E03-9405-DA4544C0E876}.Debug|Any CPU.ActiveCfg = Debug|Any CPU
		{72C7916B-1594-4E03-9405-DA4544C0E876}.Debug|Any CPU.Build.0 = Debug|Any CPU
		{72C7916B-1594-4E03-9405-DA4544C0E876}.Release|Any CPU.ActiveCfg = Release|Any CPU
		{72C7916B-1594-4E03-9405-DA4544C0E876}.Release|Any CPU.Build.0 = Release|Any CPU
		{0071BBC4-1DA8-44D8-8D9F-7F43EA214838}.Debug|Any CPU.ActiveCfg = Debug|Any CPU
		{0071BBC4-1DA8-44D8-8D9F-7F43EA214838}.Debug|Any CPU.Build.0 = Debug|Any CPU
		{0071BBC4-1DA8-44D8-8D9F-7F43EA214838}.Release|Any CPU.ActiveCfg = Release|Any CPU
		{0071BBC4-1DA8-44D8-8D9F-7F43EA214838}.Release|Any CPU.Build.0 = Release|Any CPU
		{DE6DC4F9-B7CB-44EB-8CDA-D2ABCE69D09F}.Debug|Any CPU.ActiveCfg = Debug|Any CPU
		{DE6DC4F9-B7CB-44EB-8CDA-D2ABCE69D09F}.Debug|Any CPU.Build.0 = Debug|Any CPU
		{DE6DC4F9-B7CB-44EB-8CDA-D2ABCE69D09F}.Release|Any CPU.ActiveCfg = Release|Any CPU
		{DE6DC4F9-B7CB-44EB-8CDA-D2ABCE69D09F}.Release|Any CPU.Build.0 = Release|Any CPU
		{3180552D-4F8E-4C51-BCA1-CB3513E0C082}.Debug|Any CPU.ActiveCfg = Debug|Any CPU
		{3180552D-4F8E-4C51-BCA1-CB3513E0C082}.Debug|Any CPU.Build.0 = Debug|Any CPU
		{3180552D-4F8E-4C51-BCA1-CB3513E0C082}.Release|Any CPU.ActiveCfg = Release|Any CPU
		{3180552D-4F8E-4C51-BCA1-CB3513E0C082}.Release|Any CPU.Build.0 = Release|Any CPU
		{5FD346D0-9BD0-4FDD-A3B1-4F31C88D8734}.Debug|Any CPU.ActiveCfg = Debug|Any CPU
		{5FD346D0-9BD0-4FDD-A3B1-4F31C88D8734}.Debug|Any CPU.Build.0 = Debug|Any CPU
		{5FD346D0-9BD0-4FDD-A3B1-4F31C88D8734}.Release|Any CPU.ActiveCfg = Release|Any CPU
		{5FD346D0-9BD0-4FDD-A3B1-4F31C88D8734}.Release|Any CPU.Build.0 = Release|Any CPU
	EndGlobalSection
	GlobalSection(SolutionProperties) = preSolution
		HideSolutionNode = FALSE
	EndGlobalSection
EndGlobal
