
Microsoft Visual Studio Solution File, Format Version 9.00
# Visual Studio 2005
Project("{FAE04EC0-301F-11D3-BF4B-00C04F79EFBC}") = "InvoiceExportXml", "InvoiceExportXml\InvoiceExportXml.csproj", "{90BD2110-B5BD-4883-98C1-0323840E966C}"
EndProject
Project("{FAE04EC0-301F-11D3-BF4B-00C04F79EFBC}") = "BillTorg12Ex", "BillTorg12Ex\BillTorg12Ex.csproj", "{1082DF11-881E-4DFE-9CA8-D91B2C849D9C}"
EndProject
Project("{FAE04EC0-301F-11D3-BF4B-00C04F79EFBC}") = "BillTorg12NV", "BillTorg12NV\BillTorg12NV.csproj", "{B7A92F58-12D1-48B9-B202-63F7E47110BC}"
EndProject
Project("{FAE04EC0-301F-11D3-BF4B-00C04F79EFBC}") = "InvoiceOutPTORG12Ex", "InvoiceOutPTORG12Ex\InvoiceOutPTORG12Ex.csproj", "{86F46E86-380C-4B50-881A-277DAF20C6F2}"
EndProject
Project("{FAE04EC0-301F-11D3-BF4B-00C04F79EFBC}") = "InvoiceOutPTorg12NV", "InvoiceOutPTorg12NV\InvoiceOutPTorg12NV.csproj", "{0E04FCD1-3981-444B-861E-E5ADD8877A33}"
EndProject
Project("{FAE04EC0-301F-11D3-BF4B-00C04F79EFBC}") = "InvoiceOutTORG12Ex", "InvoiceOutTORG12Ex\InvoiceOutTORG12Ex.csproj", "{0A198B9C-29C1-4D8C-BB4B-39DC5FAF5392}"
EndProject
Project("{FAE04EC0-301F-11D3-BF4B-00C04F79EFBC}") = "InvoiceOutTorg12NV", "InvoiceOutTorg12NV\InvoiceOutTorg12NV.csproj", "{0D28EA15-888D-4792-8333-DEE79C32BE70}"
EndProject
Project("{FAE04EC0-301F-11D3-BF4B-00C04F79EFBC}") = "InvoiceTorg12", "InvoiceTorg12\InvoiceTorg12.csproj", "{06905C57-BD55-4114-AB44-33DDE85FE10D}"
EndProject
Project("{FAE04EC0-301F-11D3-BF4B-00C04F79EFBC}") = "InvoiceTorg12NV", "InvoiceTorg12NV\InvoiceTorg12NV.csproj", "{622DB978-AA6A-4347-ADEB-4245D6B0999B}"
EndProject
Project("{FAE04EC0-301F-11D3-BF4B-00C04F79EFBC}") = "ActDeductionTorg16", "ActDeductionTorg16\ActDeductionTorg16.csproj", "{4336076B-5C7F-47FF-96A7-BB645644EB68}"
EndProject
Project("{FAE04EC0-301F-11D3-BF4B-00C04F79EFBC}") = "DefecturaEx", "DefecturaEx\DefecturaEx.csproj", "{71F52DF5-586E-41F2-86F9-3E1B4F63273A}"
EndProject
Project("{FAE04EC0-301F-11D3-BF4B-00C04F79EFBC}") = "ContractorSettlementEx", "ContractorSettlementEx\ContractorSettlementEx.csproj", "{FCCEA339-5184-48E7-AFC8-BB3743E21CE5}"
EndProject
Project("{FAE04EC0-301F-11D3-BF4B-00C04F79EFBC}") = "InvoiceOutProtocolKuzEx", "InvoiceOutProtocolKuzEx\InvoiceOutProtocolKuzEx.csproj", "{9DEB9200-2694-49F6-907E-376771527687}"
EndProject
Project("{FAE04EC0-301F-11D3-BF4B-00C04F79EFBC}") = "MovementTORG13KUZEx", "MovementTORG13KUZEx\MovementTORG13KUZEx.csproj", "{DB3D44A3-3350-45C9-9506-27785C8FD1F2}"
EndProject
Project("{FAE04EC0-301F-11D3-BF4B-00C04F79EFBC}") = "Movement", "Movement\Movement.csproj", "{2A100BF9-8B05-44B8-87EF-D14D69320B25}"
EndProject
Project("{FAE04EC0-301F-11D3-BF4B-00C04F79EFBC}") = "ListReturnToContractorEx", "ListReturnToContractorEx\ListReturnToContractorEx.csproj", "{E8F58074-ADE5-4805-87CA-FBAB0BD7D8FD}"
EndProject
Project("{FAE04EC0-301F-11D3-BF4B-00C04F79EFBC}") = "ActDisassembling", "ActDisassembling\ActDisassembling.csproj", "{5D9FE46C-610A-407D-8B9A-242DB8630DBF}"
EndProject
Project("{FAE04EC0-301F-11D3-BF4B-00C04F79EFBC}") = "Inv3", "Inv3\Inv3.csproj", "{F17EC5BB-E93D-43FD-BC73-E027ADF8D3E7}"
EndProject
Project("{FAE04EC0-301F-11D3-BF4B-00C04F79EFBC}") = "Inv19", "Inv19\Inv19.csproj", "{03DCFE5C-ED72-457A-B81E-162A5EA60F63}"
EndProject
Project("{FAE04EC0-301F-11D3-BF4B-00C04F79EFBC}") = "Inv26", "Inv26\Inv26.csproj", "{CE06FD21-5454-4E40-8F14-2AD33EC5A85C}"
EndProject
Project("{FAE04EC0-301F-11D3-BF4B-00C04F79EFBC}") = "InventoryVedAllEx", "InventoryVedAllEx\InventoryVedAllEx.csproj", "{3F52A61A-3750-4D34-9573-AA2AC6A6A3E4}"
EndProject
Project("{FAE04EC0-301F-11D3-BF4B-00C04F79EFBC}") = "InvoiceReestrPriceEx", "InvoiceReestrpriceEx\InvoiceReestrPriceEx.csproj", "{D0DDDDE3-2E10-4D82-83F3-79F885314200}"
EndProject
Project("{FAE04EC0-301F-11D3-BF4B-00C04F79EFBC}") = "Inv3KUZ", "Inv3KUZ\Inv3KUZ.csproj", "{811F01B2-9402-4954-9569-D504B5CC3CEF}"
EndProject
Project("{FAE04EC0-301F-11D3-BF4B-00C04F79EFBC}") = "Inv19KUZ", "Inv19KUZ\Inv19KUZ.csproj", "{80B48288-4522-4995-9AD9-4B9A5746A8A4}"
EndProject
Project("{FAE04EC0-301F-11D3-BF4B-00C04F79EFBC}") = "Cash", "Cash\Cash.csproj", "{7A3D0244-C0AA-46F5-83BB-A4EDC0C12972}"
EndProject
Project("{FAE04EC0-301F-11D3-BF4B-00C04F79EFBC}") = "BookSalesSimplex", "BookSalesSimplex\BookSalesSimplex.csproj", "{84B5A442-D3F5-4538-867F-337C2C4DA75D}"
EndProject
Project("{FAE04EC0-301F-11D3-BF4B-00C04F79EFBC}") = "EconomicActivities", "EconomicActivities\EconomicActivities.csproj", "{8AA46F8D-952F-4C82-B5D6-87FF42F8D117}"
EndProject
Project("{FAE04EC0-301F-11D3-BF4B-00C04F79EFBC}") = "RCKChecksum", "RCKChecksum\RCKChecksum.csproj", "{A780CA80-26C7-41FB-B242-60432DFBCB59}"
EndProject
Project("{FAE04EC0-301F-11D3-BF4B-00C04F79EFBC}") = "FCKActDeduction", "FCKActDeduction\FCKActDeduction.csproj", "{374CA30B-EB4D-4132-9158-23EB6A1F8C3F}"
EndProject
Project("{FAE04EC0-301F-11D3-BF4B-00C04F79EFBC}") = "EconomicActivitiesSimplex", "EconomicActivitiesSimplex\EconomicActivitiesSimplex.csproj", "{FC2C53C4-8034-4512-B5AF-5435197AEF17}"
EndProject
Project("{FAE04EC0-301F-11D3-BF4B-00C04F79EFBC}") = "ServicesSalesAnalysisEx", "ServicesSalesAnalysisEx\ServicesSalesAnalysisEx.csproj", "{5AD0FFCF-E751-4880-8220-70057380CDDF}"
EndProject
Project("{FAE04EC0-301F-11D3-BF4B-00C04F79EFBC}") = "ServicesSalesReportEx", "ServicesSalesReportEx\ServicesSalesReportEx.csproj", "{09CDB924-8845-4DBC-A88E-1FAF49FA9B9A}"
EndProject
Project("{FAE04EC0-301F-11D3-BF4B-00C04F79EFBC}") = "ServicePriceListEx", "ServicePriceListEx\ServicePriceListEx.csproj", "{05DE3633-F4C5-4966-8EE0-692842F3A523}"
EndProject
Project("{FAE04EC0-301F-11D3-BF4B-00C04F79EFBC}") = "CalcMinGoods", "CalcMinGoods\CalcMinGoods.csproj", "{51363313-E9F6-46AF-B169-85CF50D9D860}"
EndProject
Global
	
	GlobalSection(SolutionConfigurationPlatforms) = preSolution
		Debug|Any CPU = Debug|Any CPU
		Release|Any CPU = Release|Any CPU
	EndGlobalSection
	GlobalSection(ProjectConfigurationPlatforms) = postSolution
		{90BD2110-B5BD-4883-98C1-0323840E966C}.Debug|Any CPU.ActiveCfg = Debug|Any CPU
		{90BD2110-B5BD-4883-98C1-0323840E966C}.Debug|Any CPU.Build.0 = Debug|Any CPU
		{90BD2110-B5BD-4883-98C1-0323840E966C}.Release|Any CPU.ActiveCfg = Release|Any CPU
		{90BD2110-B5BD-4883-98C1-0323840E966C}.Release|Any CPU.Build.0 = Release|Any CPU
		{1082DF11-881E-4DFE-9CA8-D91B2C849D9C}.Debug|Any CPU.ActiveCfg = Debug|Any CPU
		{1082DF11-881E-4DFE-9CA8-D91B2C849D9C}.Debug|Any CPU.Build.0 = Debug|Any CPU
		{1082DF11-881E-4DFE-9CA8-D91B2C849D9C}.Release|Any CPU.ActiveCfg = Release|Any CPU
		{1082DF11-881E-4DFE-9CA8-D91B2C849D9C}.Release|Any CPU.Build.0 = Release|Any CPU
		{B7A92F58-12D1-48B9-B202-63F7E47110BC}.Debug|Any CPU.ActiveCfg = Debug|Any CPU
		{B7A92F58-12D1-48B9-B202-63F7E47110BC}.Debug|Any CPU.Build.0 = Debug|Any CPU
		{B7A92F58-12D1-48B9-B202-63F7E47110BC}.Release|Any CPU.ActiveCfg = Release|Any CPU
		{B7A92F58-12D1-48B9-B202-63F7E47110BC}.Release|Any CPU.Build.0 = Release|Any CPU
		{86F46E86-380C-4B50-881A-277DAF20C6F2}.Debug|Any CPU.ActiveCfg = Debug|Any CPU
		{86F46E86-380C-4B50-881A-277DAF20C6F2}.Debug|Any CPU.Build.0 = Debug|Any CPU
		{86F46E86-380C-4B50-881A-277DAF20C6F2}.Release|Any CPU.ActiveCfg = Release|Any CPU
		{86F46E86-380C-4B50-881A-277DAF20C6F2}.Release|Any CPU.Build.0 = Release|Any CPU
		{0E04FCD1-3981-444B-861E-E5ADD8877A33}.Debug|Any CPU.ActiveCfg = Debug|Any CPU
		{0E04FCD1-3981-444B-861E-E5ADD8877A33}.Debug|Any CPU.Build.0 = Debug|Any CPU
		{0E04FCD1-3981-444B-861E-E5ADD8877A33}.Release|Any CPU.ActiveCfg = Release|Any CPU
		{0E04FCD1-3981-444B-861E-E5ADD8877A33}.Release|Any CPU.Build.0 = Release|Any CPU
		{0A198B9C-29C1-4D8C-BB4B-39DC5FAF5392}.Debug|Any CPU.ActiveCfg = Debug|Any CPU
		{0A198B9C-29C1-4D8C-BB4B-39DC5FAF5392}.Debug|Any CPU.Build.0 = Debug|Any CPU
		{0A198B9C-29C1-4D8C-BB4B-39DC5FAF5392}.Release|Any CPU.ActiveCfg = Release|Any CPU
		{0A198B9C-29C1-4D8C-BB4B-39DC5FAF5392}.Release|Any CPU.Build.0 = Release|Any CPU
		{0D28EA15-888D-4792-8333-DEE79C32BE70}.Debug|Any CPU.ActiveCfg = Debug|Any CPU
		{0D28EA15-888D-4792-8333-DEE79C32BE70}.Debug|Any CPU.Build.0 = Debug|Any CPU
		{0D28EA15-888D-4792-8333-DEE79C32BE70}.Release|Any CPU.ActiveCfg = Release|Any CPU
		{0D28EA15-888D-4792-8333-DEE79C32BE70}.Release|Any CPU.Build.0 = Release|Any CPU
		{06905C57-BD55-4114-AB44-33DDE85FE10D}.Debug|Any CPU.ActiveCfg = Debug|Any CPU
		{06905C57-BD55-4114-AB44-33DDE85FE10D}.Debug|Any CPU.Build.0 = Debug|Any CPU
		{06905C57-BD55-4114-AB44-33DDE85FE10D}.Release|Any CPU.ActiveCfg = Release|Any CPU
		{06905C57-BD55-4114-AB44-33DDE85FE10D}.Release|Any CPU.Build.0 = Release|Any CPU
		{622DB978-AA6A-4347-ADEB-4245D6B0999B}.Debug|Any CPU.ActiveCfg = Debug|Any CPU
		{622DB978-AA6A-4347-ADEB-4245D6B0999B}.Debug|Any CPU.Build.0 = Debug|Any CPU
		{622DB978-AA6A-4347-ADEB-4245D6B0999B}.Release|Any CPU.ActiveCfg = Release|Any CPU
		{622DB978-AA6A-4347-ADEB-4245D6B0999B}.Release|Any CPU.Build.0 = Release|Any CPU
		{4336076B-5C7F-47FF-96A7-BB645644EB68}.Debug|Any CPU.ActiveCfg = Debug|Any CPU
		{4336076B-5C7F-47FF-96A7-BB645644EB68}.Debug|Any CPU.Build.0 = Debug|Any CPU
		{4336076B-5C7F-47FF-96A7-BB645644EB68}.Release|Any CPU.ActiveCfg = Release|Any CPU
		{4336076B-5C7F-47FF-96A7-BB645644EB68}.Release|Any CPU.Build.0 = Release|Any CPU
		{71F52DF5-586E-41F2-86F9-3E1B4F63273A}.Debug|Any CPU.ActiveCfg = Debug|Any CPU
		{71F52DF5-586E-41F2-86F9-3E1B4F63273A}.Debug|Any CPU.Build.0 = Debug|Any CPU
		{71F52DF5-586E-41F2-86F9-3E1B4F63273A}.Release|Any CPU.ActiveCfg = Release|Any CPU
		{71F52DF5-586E-41F2-86F9-3E1B4F63273A}.Release|Any CPU.Build.0 = Release|Any CPU
		{FCCEA339-5184-48E7-AFC8-BB3743E21CE5}.Debug|Any CPU.ActiveCfg = Debug|Any CPU
		{FCCEA339-5184-48E7-AFC8-BB3743E21CE5}.Debug|Any CPU.Build.0 = Debug|Any CPU
		{FCCEA339-5184-48E7-AFC8-BB3743E21CE5}.Release|Any CPU.ActiveCfg = Release|Any CPU
		{FCCEA339-5184-48E7-AFC8-BB3743E21CE5}.Release|Any CPU.Build.0 = Release|Any CPU
		{9DEB9200-2694-49F6-907E-376771527687}.Debug|Any CPU.ActiveCfg = Debug|Any CPU
		{9DEB9200-2694-49F6-907E-376771527687}.Debug|Any CPU.Build.0 = Debug|Any CPU
		{9DEB9200-2694-49F6-907E-376771527687}.Release|Any CPU.ActiveCfg = Release|Any CPU
		{9DEB9200-2694-49F6-907E-376771527687}.Release|Any CPU.Build.0 = Release|Any CPU
		{DB3D44A3-3350-45C9-9506-27785C8FD1F2}.Debug|Any CPU.ActiveCfg = Debug|Any CPU
		{DB3D44A3-3350-45C9-9506-27785C8FD1F2}.Debug|Any CPU.Build.0 = Debug|Any CPU
		{DB3D44A3-3350-45C9-9506-27785C8FD1F2}.Release|Any CPU.ActiveCfg = Release|Any CPU
		{DB3D44A3-3350-45C9-9506-27785C8FD1F2}.Release|Any CPU.Build.0 = Release|Any CPU
		{2A100BF9-8B05-44B8-87EF-D14D69320B25}.Debug|Any CPU.ActiveCfg = Debug|Any CPU
		{2A100BF9-8B05-44B8-87EF-D14D69320B25}.Debug|Any CPU.Build.0 = Debug|Any CPU
		{2A100BF9-8B05-44B8-87EF-D14D69320B25}.Release|Any CPU.ActiveCfg = Release|Any CPU
		{2A100BF9-8B05-44B8-87EF-D14D69320B25}.Release|Any CPU.Build.0 = Release|Any CPU
		{E8F58074-ADE5-4805-87CA-FBAB0BD7D8FD}.Debug|Any CPU.ActiveCfg = Debug|Any CPU
		{E8F58074-ADE5-4805-87CA-FBAB0BD7D8FD}.Debug|Any CPU.Build.0 = Debug|Any CPU
		{E8F58074-ADE5-4805-87CA-FBAB0BD7D8FD}.Release|Any CPU.ActiveCfg = Release|Any CPU
		{E8F58074-ADE5-4805-87CA-FBAB0BD7D8FD}.Release|Any CPU.Build.0 = Release|Any CPU
		{5D9FE46C-610A-407D-8B9A-242DB8630DBF}.Debug|Any CPU.ActiveCfg = Debug|Any CPU
		{5D9FE46C-610A-407D-8B9A-242DB8630DBF}.Debug|Any CPU.Build.0 = Debug|Any CPU
		{5D9FE46C-610A-407D-8B9A-242DB8630DBF}.Release|Any CPU.ActiveCfg = Release|Any CPU
		{5D9FE46C-610A-407D-8B9A-242DB8630DBF}.Release|Any CPU.Build.0 = Release|Any CPU
		{F17EC5BB-E93D-43FD-BC73-E027ADF8D3E7}.Debug|Any CPU.ActiveCfg = Debug|Any CPU
		{F17EC5BB-E93D-43FD-BC73-E027ADF8D3E7}.Debug|Any CPU.Build.0 = Debug|Any CPU
		{F17EC5BB-E93D-43FD-BC73-E027ADF8D3E7}.Release|Any CPU.ActiveCfg = Release|Any CPU
		{F17EC5BB-E93D-43FD-BC73-E027ADF8D3E7}.Release|Any CPU.Build.0 = Release|Any CPU
		{03DCFE5C-ED72-457A-B81E-162A5EA60F63}.Debug|Any CPU.ActiveCfg = Debug|Any CPU
		{03DCFE5C-ED72-457A-B81E-162A5EA60F63}.Debug|Any CPU.Build.0 = Debug|Any CPU
		{03DCFE5C-ED72-457A-B81E-162A5EA60F63}.Release|Any CPU.ActiveCfg = Release|Any CPU
		{03DCFE5C-ED72-457A-B81E-162A5EA60F63}.Release|Any CPU.Build.0 = Release|Any CPU
		{CE06FD21-5454-4E40-8F14-2AD33EC5A85C}.Debug|Any CPU.ActiveCfg = Debug|Any CPU
		{CE06FD21-5454-4E40-8F14-2AD33EC5A85C}.Debug|Any CPU.Build.0 = Debug|Any CPU
		{CE06FD21-5454-4E40-8F14-2AD33EC5A85C}.Release|Any CPU.ActiveCfg = Release|Any CPU
		{CE06FD21-5454-4E40-8F14-2AD33EC5A85C}.Release|Any CPU.Build.0 = Release|Any CPU
		{3F52A61A-3750-4D34-9573-AA2AC6A6A3E4}.Debug|Any CPU.ActiveCfg = Debug|Any CPU
		{3F52A61A-3750-4D34-9573-AA2AC6A6A3E4}.Debug|Any CPU.Build.0 = Debug|Any CPU
		{3F52A61A-3750-4D34-9573-AA2AC6A6A3E4}.Release|Any CPU.ActiveCfg = Release|Any CPU
		{3F52A61A-3750-4D34-9573-AA2AC6A6A3E4}.Release|Any CPU.Build.0 = Release|Any CPU
		{D0DDDDE3-2E10-4D82-83F3-79F885314200}.Debug|Any CPU.ActiveCfg = Debug|Any CPU
		{D0DDDDE3-2E10-4D82-83F3-79F885314200}.Debug|Any CPU.Build.0 = Debug|Any CPU
		{D0DDDDE3-2E10-4D82-83F3-79F885314200}.Release|Any CPU.ActiveCfg = Release|Any CPU
		{D0DDDDE3-2E10-4D82-83F3-79F885314200}.Release|Any CPU.Build.0 = Release|Any CPU
		{811F01B2-9402-4954-9569-D504B5CC3CEF}.Debug|Any CPU.ActiveCfg = Debug|Any CPU
		{811F01B2-9402-4954-9569-D504B5CC3CEF}.Debug|Any CPU.Build.0 = Debug|Any CPU
		{811F01B2-9402-4954-9569-D504B5CC3CEF}.Release|Any CPU.ActiveCfg = Release|Any CPU
		{811F01B2-9402-4954-9569-D504B5CC3CEF}.Release|Any CPU.Build.0 = Release|Any CPU
		{80B48288-4522-4995-9AD9-4B9A5746A8A4}.Debug|Any CPU.ActiveCfg = Debug|Any CPU
		{80B48288-4522-4995-9AD9-4B9A5746A8A4}.Debug|Any CPU.Build.0 = Debug|Any CPU
		{80B48288-4522-4995-9AD9-4B9A5746A8A4}.Release|Any CPU.ActiveCfg = Release|Any CPU
		{80B48288-4522-4995-9AD9-4B9A5746A8A4}.Release|Any CPU.Build.0 = Release|Any CPU
		{7A3D0244-C0AA-46F5-83BB-A4EDC0C12972}.Debug|Any CPU.ActiveCfg = Debug|Any CPU
		{7A3D0244-C0AA-46F5-83BB-A4EDC0C12972}.Debug|Any CPU.Build.0 = Debug|Any CPU
		{7A3D0244-C0AA-46F5-83BB-A4EDC0C12972}.Release|Any CPU.ActiveCfg = Release|Any CPU
		{7A3D0244-C0AA-46F5-83BB-A4EDC0C12972}.Release|Any CPU.Build.0 = Release|Any CPU
		{84B5A442-D3F5-4538-867F-337C2C4DA75D}.Debug|Any CPU.ActiveCfg = Debug|Any CPU
		{84B5A442-D3F5-4538-867F-337C2C4DA75D}.Debug|Any CPU.Build.0 = Debug|Any CPU
		{84B5A442-D3F5-4538-867F-337C2C4DA75D}.Release|Any CPU.ActiveCfg = Release|Any CPU
		{84B5A442-D3F5-4538-867F-337C2C4DA75D}.Release|Any CPU.Build.0 = Release|Any CPU
		{8AA46F8D-952F-4C82-B5D6-87FF42F8D117}.Debug|Any CPU.ActiveCfg = Debug|Any CPU
		{8AA46F8D-952F-4C82-B5D6-87FF42F8D117}.Debug|Any CPU.Build.0 = Debug|Any CPU
		{8AA46F8D-952F-4C82-B5D6-87FF42F8D117}.Release|Any CPU.ActiveCfg = Release|Any CPU
		{8AA46F8D-952F-4C82-B5D6-87FF42F8D117}.Release|Any CPU.Build.0 = Release|Any CPU
		{A780CA80-26C7-41FB-B242-60432DFBCB59}.Debug|Any CPU.ActiveCfg = Debug|Any CPU
		{A780CA80-26C7-41FB-B242-60432DFBCB59}.Debug|Any CPU.Build.0 = Debug|Any CPU
		{A780CA80-26C7-41FB-B242-60432DFBCB59}.Release|Any CPU.ActiveCfg = Release|Any CPU
		{A780CA80-26C7-41FB-B242-60432DFBCB59}.Release|Any CPU.Build.0 = Release|Any CPU
		{374CA30B-EB4D-4132-9158-23EB6A1F8C3F}.Debug|Any CPU.ActiveCfg = Debug|Any CPU
		{374CA30B-EB4D-4132-9158-23EB6A1F8C3F}.Debug|Any CPU.Build.0 = Debug|Any CPU
		{374CA30B-EB4D-4132-9158-23EB6A1F8C3F}.Release|Any CPU.ActiveCfg = Release|Any CPU
		{374CA30B-EB4D-4132-9158-23EB6A1F8C3F}.Release|Any CPU.Build.0 = Release|Any CPU
		{FC2C53C4-8034-4512-B5AF-5435197AEF17}.Debug|Any CPU.ActiveCfg = Debug|Any CPU
		{FC2C53C4-8034-4512-B5AF-5435197AEF17}.Debug|Any CPU.Build.0 = Debug|Any CPU
		{FC2C53C4-8034-4512-B5AF-5435197AEF17}.Release|Any CPU.ActiveCfg = Release|Any CPU
		{FC2C53C4-8034-4512-B5AF-5435197AEF17}.Release|Any CPU.Build.0 = Release|Any CPU
		{5AD0FFCF-E751-4880-8220-70057380CDDF}.Debug|Any CPU.ActiveCfg = Debug|Any CPU
		{5AD0FFCF-E751-4880-8220-70057380CDDF}.Debug|Any CPU.Build.0 = Debug|Any CPU
		{5AD0FFCF-E751-4880-8220-70057380CDDF}.Release|Any CPU.ActiveCfg = Release|Any CPU
		{5AD0FFCF-E751-4880-8220-70057380CDDF}.Release|Any CPU.Build.0 = Release|Any CPU
		{09CDB924-8845-4DBC-A88E-1FAF49FA9B9A}.Debug|Any CPU.ActiveCfg = Debug|Any CPU
		{09CDB924-8845-4DBC-A88E-1FAF49FA9B9A}.Debug|Any CPU.Build.0 = Debug|Any CPU
		{09CDB924-8845-4DBC-A88E-1FAF49FA9B9A}.Release|Any CPU.ActiveCfg = Release|Any CPU
		{09CDB924-8845-4DBC-A88E-1FAF49FA9B9A}.Release|Any CPU.Build.0 = Release|Any CPU
		{05DE3633-F4C5-4966-8EE0-692842F3A523}.Debug|Any CPU.ActiveCfg = Debug|Any CPU
		{05DE3633-F4C5-4966-8EE0-692842F3A523}.Debug|Any CPU.Build.0 = Debug|Any CPU
		{05DE3633-F4C5-4966-8EE0-692842F3A523}.Release|Any CPU.ActiveCfg = Release|Any CPU
		{05DE3633-F4C5-4966-8EE0-692842F3A523}.Release|Any CPU.Build.0 = Release|Any CPU
		{51363313-E9F6-46AF-B169-85CF50D9D860}.Debug|Any CPU.ActiveCfg = Debug|Any CPU
		{51363313-E9F6-46AF-B169-85CF50D9D860}.Debug|Any CPU.Build.0 = Debug|Any CPU
		{51363313-E9F6-46AF-B169-85CF50D9D860}.Release|Any CPU.ActiveCfg = Release|Any CPU
		{51363313-E9F6-46AF-B169-85CF50D9D860}.Release|Any CPU.Build.0 = Release|Any CPU
	EndGlobalSection
	GlobalSection(SolutionProperties) = preSolution
		HideSolutionNode = FALSE
	EndGlobalSection
EndGlobal
