
Microsoft Visual Studio Solution File, Format Version 12.00
# Visual Studio 2012
Project("{FAE04EC0-301F-11D3-BF4B-00C04F79EFBC}") = "ActDisassembling", "ActDisassembling\ActDisassembling.csproj", "{5D9FE46C-610A-407D-8B9A-242DB8630DBF}"
EndProject
Global
	GlobalSection(SolutionConfigurationPlatforms) = preSolution
		Debug|Any CPU = Debug|Any CPU
		Release|Any CPU = Release|Any CPU
	EndGlobalSection
	GlobalSection(ProjectConfigurationPlatforms) = postSolution
		{5D9FE46C-610A-407D-8B9A-242DB8630DBF}.Debug|Any CPU.ActiveCfg = Debug|Any CPU
		{5D9FE46C-610A-407D-8B9A-242DB8630DBF}.Debug|Any CPU.Build.0 = Debug|Any CPU
		{5D9FE46C-610A-407D-8B9A-242DB8630DBF}.Release|Any CPU.ActiveCfg = Release|Any CPU
		{5D9FE46C-610A-407D-8B9A-242DB8630DBF}.Release|Any CPU.Build.0 = Release|Any CPU
	EndGlobalSection
	GlobalSection(SolutionProperties) = preSolution
		HideSolutionNode = FALSE
	EndGlobalSection
EndGlobal
