
Microsoft Visual Studio Solution File, Format Version 12.00
# Visual Studio 2012
Project("{FAE04EC0-301F-11D3-BF4B-00C04F79EFBC}") = "AP25", "AP25\AP25.csproj", "{93A6CF42-D676-49FE-BB2E-BE15CEFB4026}"
EndProject
Project("{FAE04EC0-301F-11D3-BF4B-00C04F79EFBC}") = "GoodsReportsTaxGroups", "GoodsReportsTaxGroups\GoodsReportsTaxGroups.csproj", "{60012FA7-673D-4880-8366-67DF42D00478}"
EndProject
Project("{FAE04EC0-301F-11D3-BF4B-00C04F79EFBC}") = "ServicesSalesReportEx", "ServicesSalesReportEx\ServicesSalesReportEx.csproj", "{09CDB924-8845-4DBC-A88E-1FAF49FA9B9A}"
EndProject
Project("{FAE04EC0-301F-11D3-BF4B-00C04F79EFBC}") = "Statement_11", "Statement_11\Statement_11.csproj", "{934830C4-FAD5-43BE-A873-1D5489DEA592}"
EndProject
Project("{FAE04EC0-301F-11D3-BF4B-00C04F79EFBC}") = "TORG29Opt", "TORG29Opt\TORG29Opt.csproj", "{BAF3642F-E212-4C23-BF2F-2101C0343545}"
EndProject
Project("{FAE04EC0-301F-11D3-BF4B-00C04F79EFBC}") = "TORG29ORNDis", "TORG29ORNDis\TORG29ORNDis.csproj", "{0DE50251-F9F5-4932-BA04-7458AE60FE2D}"
EndProject
Project("{FAE04EC0-301F-11D3-BF4B-00C04F79EFBC}") = "TORG29ORNDis(Group)", "TORG29ORNDis(Group)\TORG29ORNDis(Group).csproj", "{A02E309B-1D28-44F7-9D8D-8C02F84318BA}"
EndProject
Project("{FAE04EC0-301F-11D3-BF4B-00C04F79EFBC}") = "Torg29ORNEx", "Torg29ORNEx\Torg29ORNEx.csproj", "{70447E96-3A94-416B-BC22-EF1FD0ED336A}"
EndProject
Project("{FAE04EC0-301F-11D3-BF4B-00C04F79EFBC}") = "TORG29Roz", "TORG29Roz\TORG29Roz.csproj", "{C07ABD92-DFBF-4E0A-8FA6-035FCD0B9336}"
EndProject
Global
	GlobalSection(SolutionConfigurationPlatforms) = preSolution
		Debug|Any CPU = Debug|Any CPU
		Release|Any CPU = Release|Any CPU
	EndGlobalSection
	GlobalSection(ProjectConfigurationPlatforms) = postSolution
		{93A6CF42-D676-49FE-BB2E-BE15CEFB4026}.Debug|Any CPU.ActiveCfg = Debug|Any CPU
		{93A6CF42-D676-49FE-BB2E-BE15CEFB4026}.Debug|Any CPU.Build.0 = Debug|Any CPU
		{93A6CF42-D676-49FE-BB2E-BE15CEFB4026}.Release|Any CPU.ActiveCfg = Release|Any CPU
		{93A6CF42-D676-49FE-BB2E-BE15CEFB4026}.Release|Any CPU.Build.0 = Release|Any CPU
		{60012FA7-673D-4880-8366-67DF42D00478}.Debug|Any CPU.ActiveCfg = Debug|Any CPU
		{60012FA7-673D-4880-8366-67DF42D00478}.Debug|Any CPU.Build.0 = Debug|Any CPU
		{60012FA7-673D-4880-8366-67DF42D00478}.Release|Any CPU.ActiveCfg = Release|Any CPU
		{60012FA7-673D-4880-8366-67DF42D00478}.Release|Any CPU.Build.0 = Release|Any CPU
		{09CDB924-8845-4DBC-A88E-1FAF49FA9B9A}.Debug|Any CPU.ActiveCfg = Debug|Any CPU
		{09CDB924-8845-4DBC-A88E-1FAF49FA9B9A}.Debug|Any CPU.Build.0 = Debug|Any CPU
		{09CDB924-8845-4DBC-A88E-1FAF49FA9B9A}.Release|Any CPU.ActiveCfg = Release|Any CPU
		{09CDB924-8845-4DBC-A88E-1FAF49FA9B9A}.Release|Any CPU.Build.0 = Release|Any CPU
		{934830C4-FAD5-43BE-A873-1D5489DEA592}.Debug|Any CPU.ActiveCfg = Debug|Any CPU
		{934830C4-FAD5-43BE-A873-1D5489DEA592}.Debug|Any CPU.Build.0 = Debug|Any CPU
		{934830C4-FAD5-43BE-A873-1D5489DEA592}.Release|Any CPU.ActiveCfg = Release|Any CPU
		{934830C4-FAD5-43BE-A873-1D5489DEA592}.Release|Any CPU.Build.0 = Release|Any CPU
		{BAF3642F-E212-4C23-BF2F-2101C0343545}.Debug|Any CPU.ActiveCfg = Debug|Any CPU
		{BAF3642F-E212-4C23-BF2F-2101C0343545}.Debug|Any CPU.Build.0 = Debug|Any CPU
		{BAF3642F-E212-4C23-BF2F-2101C0343545}.Release|Any CPU.ActiveCfg = Release|Any CPU
		{BAF3642F-E212-4C23-BF2F-2101C0343545}.Release|Any CPU.Build.0 = Release|Any CPU
		{0DE50251-F9F5-4932-BA04-7458AE60FE2D}.Debug|Any CPU.ActiveCfg = Debug|Any CPU
		{0DE50251-F9F5-4932-BA04-7458AE60FE2D}.Debug|Any CPU.Build.0 = Debug|Any CPU
		{0DE50251-F9F5-4932-BA04-7458AE60FE2D}.Release|Any CPU.ActiveCfg = Release|Any CPU
		{0DE50251-F9F5-4932-BA04-7458AE60FE2D}.Release|Any CPU.Build.0 = Release|Any CPU
		{A02E309B-1D28-44F7-9D8D-8C02F84318BA}.Debug|Any CPU.ActiveCfg = Debug|Any CPU
		{A02E309B-1D28-44F7-9D8D-8C02F84318BA}.Debug|Any CPU.Build.0 = Debug|Any CPU
		{A02E309B-1D28-44F7-9D8D-8C02F84318BA}.Release|Any CPU.ActiveCfg = Release|Any CPU
		{A02E309B-1D28-44F7-9D8D-8C02F84318BA}.Release|Any CPU.Build.0 = Release|Any CPU
		{70447E96-3A94-416B-BC22-EF1FD0ED336A}.Debug|Any CPU.ActiveCfg = Debug|Any CPU
		{70447E96-3A94-416B-BC22-EF1FD0ED336A}.Debug|Any CPU.Build.0 = Debug|Any CPU
		{70447E96-3A94-416B-BC22-EF1FD0ED336A}.Release|Any CPU.ActiveCfg = Release|Any CPU
		{70447E96-3A94-416B-BC22-EF1FD0ED336A}.Release|Any CPU.Build.0 = Release|Any CPU
		{C07ABD92-DFBF-4E0A-8FA6-035FCD0B9336}.Debug|Any CPU.ActiveCfg = Debug|Any CPU
		{C07ABD92-DFBF-4E0A-8FA6-035FCD0B9336}.Debug|Any CPU.Build.0 = Debug|Any CPU
		{C07ABD92-DFBF-4E0A-8FA6-035FCD0B9336}.Release|Any CPU.ActiveCfg = Release|Any CPU
		{C07ABD92-DFBF-4E0A-8FA6-035FCD0B9336}.Release|Any CPU.Build.0 = Release|Any CPU
	EndGlobalSection
	GlobalSection(SolutionProperties) = preSolution
		HideSolutionNode = FALSE
	EndGlobalSection
EndGlobal
