
Microsoft Visual Studio Solution File, Format Version 12.00
# Visual Studio 2013
VisualStudioVersion = 12.0.30723.0
MinimumVisualStudioVersion = 10.0.40219.1
Project("{FAE04EC0-301F-11D3-BF4B-00C04F79EFBC}") = "InvoiceOutTORG12Ex", "InvoiceOutTORG12Ex\InvoiceOutTORG12Ex.csproj", "{0A198B9C-29C1-4D8C-BB4B-39DC5FAF5392}"
EndProject
Project("{FAE04EC0-301F-11D3-BF4B-00C04F79EFBC}") = "InvoiceOutEx", "InvoiceOutEx\InvoiceOutEx.csproj", "{FDDB5AA8-AFAE-4BE6-9600-D64945E74C36}"
EndProject
Project("{FAE04EC0-301F-11D3-BF4B-00C04F79EFBC}") = "InvoiceOutTorg12NV", "InvoiceOutTorg12NV\InvoiceOutTorg12NV.csproj", "{0D28EA15-888D-4792-8333-DEE79C32BE70}"
EndProject
Project("{FAE04EC0-301F-11D3-BF4B-00C04F79EFBC}") = "InvoiceOutPTORG12Ex", "InvoiceOutPTORG12Ex\InvoiceOutPTORG12Ex.csproj", "{86F46E86-380C-4B50-881A-277DAF20C6F2}"
EndProject
Project("{FAE04EC0-301F-11D3-BF4B-00C04F79EFBC}") = "InvoiceOutPTorg12NV", "InvoiceOutPTorg12NV\InvoiceOutPTorg12NV.csproj", "{0E04FCD1-3981-444B-861E-E5ADD8877A33}"
EndProject
Project("{FAE04EC0-301F-11D3-BF4B-00C04F79EFBC}") = "InvoiceOutCertListEx", "InvoiceOutCertListEx\InvoiceOutCertListEx.csproj", "{5EE2EA09-47F7-4086-9A3E-997311C3BD9B}"
EndProject
Project("{FAE04EC0-301F-11D3-BF4B-00C04F79EFBC}") = "InvoiceOutInvoiceEx", "InvoiceOutInvoiceEx\InvoiceOutInvoiceEx.csproj", "{00C239A4-3F21-4424-852D-A9C3A5EB1F32}"
EndProject
Project("{FAE04EC0-301F-11D3-BF4B-00C04F79EFBC}") = "InvoiceOutAP16", "InvoiceOutAP16\InvoiceOutAP16.csproj", "{04035A45-4098-4BE8-80B4-788197AF37B8}"
EndProject
Project("{FAE04EC0-301F-11D3-BF4B-00C04F79EFBC}") = "FCYInvoiceOutExport4Sale", "FCYInvoiceOutExport4Sale\FCYInvoiceOutExport4Sale.csproj", "{727EE08E-8265-4397-9BB1-EB74C0A5351D}"
EndProject
Project("{FAE04EC0-301F-11D3-BF4B-00C04F79EFBC}") = "FCRInvoiceOutExportBeforeRevaluation", "FCRInvoiceOutExportBeforeRevaluation\FCRInvoiceOutExportBeforeRevaluation.csproj", "{E2C64A67-57B1-41A8-9FCA-98117EF5F6F2}"
EndProject
Project("{FAE04EC0-301F-11D3-BF4B-00C04F79EFBC}") = "InvoiceOutProtocolZNVLS", "InvoiceOutProtocolZNVLS\InvoiceOutProtocolZNVLS.csproj", "{70EE84D2-ED48-4386-99D0-46800E2542F1}"
EndProject
Project("{FAE04EC0-301F-11D3-BF4B-00C04F79EFBC}") = "InvoiceOutPriceNegotiationProtocol", "InvoiceOutPriceNegotiationProtocol\InvoiceOutPriceNegotiationProtocol.csproj", "{93A91649-6FB4-4379-87C4-6FB4713C8990}"
EndProject
Project("{FAE04EC0-301F-11D3-BF4B-00C04F79EFBC}") = "InvoiceOutPriceNegotiationProtocolZNVLS", "InvoiceOutPriceNegotiationProtocolZNVLS\InvoiceOutPriceNegotiationProtocolZNVLS.csproj", "{249E7E98-7762-4CF6-A744-16C22A05C637}"
EndProject
Project("{FAE04EC0-301F-11D3-BF4B-00C04F79EFBC}") = "InvoiceOutTorg13", "InvoiceOutTorg13\InvoiceOutTorg13.csproj", "{809B5DDF-21F1-476A-A5F1-2EB97C721562}"
EndProject
Project("{FAE04EC0-301F-11D3-BF4B-00C04F79EFBC}") = "F14SInvOutProtocolZNVLSSaliks", "F14SInvoiceOutPriceNegotiationProtocolZNVLS\F14SInvOutProtocolZNVLSSaliks.csproj", "{1E459E38-21AB-4C30-9697-C5E8186DF723}"
EndProject
Project("{FAE04EC0-301F-11D3-BF4B-00C04F79EFBC}") = "F14SInvoiceOutTorg12Saliks", "F14SInvoiceOutTorg12Saliks\F14SInvoiceOutTorg12Saliks.csproj", "{96DEE790-8B56-4573-94B0-018FFFC7EC9C}"
EndProject
Project("{FAE04EC0-301F-11D3-BF4B-00C04F79EFBC}") = "FCChInvoiceOutBillEx", "FCChInvoiceOutBillEx\FCChInvoiceOutBillEx.csproj", "{1C282D61-4F12-4E06-BEFE-DD033FB70FBB}"
EndProject
Project("{FAE04EC0-301F-11D3-BF4B-00C04F79EFBC}") = "FCChInvoiceOutInvoice_KalugaFEx", "FCChInvoiceOutInvoiceKalugaFEx\FCChInvoiceOutInvoice_KalugaFEx.csproj", "{91AC7E44-8BEF-45F0-A271-E9FB43788CAC}"
EndProject
Project("{FAE04EC0-301F-11D3-BF4B-00C04F79EFBC}") = "R36RInvoiceOutAP16", "R36RInvoiceOutAP16\R36RInvoiceOutAP16.csproj", "{152DAB67-DBA5-4D64-827E-8E104428948B}"
EndProject
Project("{FAE04EC0-301F-11D3-BF4B-00C04F79EFBC}") = "InvoiceOutBill_Novgorod", "InvoiceOutBill_Novgorod\InvoiceOutBill_Novgorod.csproj", "{C45201F5-836B-4C27-BE79-AC8E8BDF8DDB}"
EndProject
Project("{FAE04EC0-301F-11D3-BF4B-00C04F79EFBC}") = "F17MInvoiceOutPTORG12Ex", "F17MInvoiceOutPTORG12\F17MInvoiceOutPTORG12Ex.csproj", "{31635512-A0E8-43B7-9B54-BAC5DEB8EC62}"
EndProject
Project("{FAE04EC0-301F-11D3-BF4B-00C04F79EFBC}") = "F17MInvoiceOutTorg12", "F17MInvoiceOutTorg12\F17MInvoiceOutTorg12.csproj", "{630DCFA4-8150-42C2-BBA0-3512D30E2F13}"
EndProject
Project("{FAE04EC0-301F-11D3-BF4B-00C04F79EFBC}") = "F17MInvoiceOutInvoice2012", "F17MInvoiceOutInvoice2012\F17MInvoiceOutInvoice2012.csproj", "{77B5BCD9-5F4E-4375-98FC-4CCCD2BC63A6}"
EndProject
Project("{FAE04EC0-301F-11D3-BF4B-00C04F79EFBC}") = "FCChInvoiceOutTORG12", "FCChInvoiceOutTORG12\FCChInvoiceOutTORG12.csproj", "{D2E2F29B-A0A7-4817-A252-6D2EF76178A6}"
EndProject
Project("{FAE04EC0-301F-11D3-BF4B-00C04F79EFBC}") = "FCChInvoiceOutExportXMLEncode", "InvoiceOutExportXMLEncode\FCChInvoiceOutExportXMLEncode.csproj", "{03C309F1-3ABC-422C-B751-516CAC27D2EB}"
EndProject
Project("{FAE04EC0-301F-11D3-BF4B-00C04F79EFBC}") = "FCChInvoiceOutExportDBF", "InvoiceOutExportDBF\FCChInvoiceOutExportDBF.csproj", "{961649C7-C7F8-4324-9828-3795538B981A}"
EndProject
Project("{FAE04EC0-301F-11D3-BF4B-00C04F79EFBC}") = "InvoiceOutInvoiceKalugaF", "InvoiceOutInvoiceKalugaF\InvoiceOutInvoiceKalugaF.csproj", "{0BE64F94-AFC5-4E71-B96A-5AD408B15B1D}"
EndProject
Project("{FAE04EC0-301F-11D3-BF4B-00C04F79EFBC}") = "InvoiceOutCheque", "InvoiceCheque\InvoiceOutCheque.csproj", "{1E88635A-4A24-46A6-A8B6-C87819756EFE}"
EndProject
Project("{FAE04EC0-301F-11D3-BF4B-00C04F79EFBC}") = "FCYInvoiceOutExportXmlInvoice", "FCYInvoiceOutExportXmlInvoice\FCYInvoiceOutExportXmlInvoice.csproj", "{F1436B71-CD5C-472D-AF61-19D63AC51037}"
EndProject
Project("{FAE04EC0-301F-11D3-BF4B-00C04F79EFBC}") = "FCSInvoiceOutProtocol", "InvoiceOutProtocolEx\FCSInvoiceOutProtocol.csproj", "{453F3DC6-CA8F-468A-97D2-6FB5FA8A106F}"
EndProject
Project("{FAE04EC0-301F-11D3-BF4B-00C04F79EFBC}") = "FCBInvoiceOutInvoiceNV", "InvoiceOutInvoiceNVEx\FCBInvoiceOutInvoiceNV.csproj", "{D56C2DDE-2894-4842-B180-8CF7A5C3CB38}"
EndProject
Project("{FAE04EC0-301F-11D3-BF4B-00C04F79EFBC}") = "InvoiceOutTORG12Kursk", "InvoiceOutTORG12Kursk\InvoiceOutTORG12Kursk.csproj", "{FAFF80CF-DC54-40AE-8C8F-2BE9C7F9F086}"
EndProject
Project("{FAE04EC0-301F-11D3-BF4B-00C04F79EFBC}") = "FCSInvoiceOutBill", "FCSInvoiceOutBill\FCSInvoiceOutBill.csproj", "{DCCEF324-7041-4EF7-A933-A3F30BDD5E1A}"
EndProject
Global
	GlobalSection(SolutionConfigurationPlatforms) = preSolution
		Debug|Any CPU = Debug|Any CPU
		Release|Any CPU = Release|Any CPU
	EndGlobalSection
	GlobalSection(ProjectConfigurationPlatforms) = postSolution
		{0A198B9C-29C1-4D8C-BB4B-39DC5FAF5392}.Debug|Any CPU.ActiveCfg = Debug|Any CPU
		{0A198B9C-29C1-4D8C-BB4B-39DC5FAF5392}.Debug|Any CPU.Build.0 = Debug|Any CPU
		{0A198B9C-29C1-4D8C-BB4B-39DC5FAF5392}.Release|Any CPU.ActiveCfg = Release|Any CPU
		{0A198B9C-29C1-4D8C-BB4B-39DC5FAF5392}.Release|Any CPU.Build.0 = Release|Any CPU
		{FDDB5AA8-AFAE-4BE6-9600-D64945E74C36}.Debug|Any CPU.ActiveCfg = Debug|Any CPU
		{FDDB5AA8-AFAE-4BE6-9600-D64945E74C36}.Debug|Any CPU.Build.0 = Debug|Any CPU
		{FDDB5AA8-AFAE-4BE6-9600-D64945E74C36}.Release|Any CPU.ActiveCfg = Release|Any CPU
		{FDDB5AA8-AFAE-4BE6-9600-D64945E74C36}.Release|Any CPU.Build.0 = Release|Any CPU
		{0D28EA15-888D-4792-8333-DEE79C32BE70}.Debug|Any CPU.ActiveCfg = Debug|Any CPU
		{0D28EA15-888D-4792-8333-DEE79C32BE70}.Debug|Any CPU.Build.0 = Debug|Any CPU
		{0D28EA15-888D-4792-8333-DEE79C32BE70}.Release|Any CPU.ActiveCfg = Release|Any CPU
		{0D28EA15-888D-4792-8333-DEE79C32BE70}.Release|Any CPU.Build.0 = Release|Any CPU
		{86F46E86-380C-4B50-881A-277DAF20C6F2}.Debug|Any CPU.ActiveCfg = Debug|Any CPU
		{86F46E86-380C-4B50-881A-277DAF20C6F2}.Debug|Any CPU.Build.0 = Debug|Any CPU
		{86F46E86-380C-4B50-881A-277DAF20C6F2}.Release|Any CPU.ActiveCfg = Release|Any CPU
		{86F46E86-380C-4B50-881A-277DAF20C6F2}.Release|Any CPU.Build.0 = Release|Any CPU
		{0E04FCD1-3981-444B-861E-E5ADD8877A33}.Debug|Any CPU.ActiveCfg = Debug|Any CPU
		{0E04FCD1-3981-444B-861E-E5ADD8877A33}.Debug|Any CPU.Build.0 = Debug|Any CPU
		{0E04FCD1-3981-444B-861E-E5ADD8877A33}.Release|Any CPU.ActiveCfg = Release|Any CPU
		{0E04FCD1-3981-444B-861E-E5ADD8877A33}.Release|Any CPU.Build.0 = Release|Any CPU
		{5EE2EA09-47F7-4086-9A3E-997311C3BD9B}.Debug|Any CPU.ActiveCfg = Debug|Any CPU
		{5EE2EA09-47F7-4086-9A3E-997311C3BD9B}.Debug|Any CPU.Build.0 = Debug|Any CPU
		{5EE2EA09-47F7-4086-9A3E-997311C3BD9B}.Release|Any CPU.ActiveCfg = Release|Any CPU
		{5EE2EA09-47F7-4086-9A3E-997311C3BD9B}.Release|Any CPU.Build.0 = Release|Any CPU
		{00C239A4-3F21-4424-852D-A9C3A5EB1F32}.Debug|Any CPU.ActiveCfg = Debug|Any CPU
		{00C239A4-3F21-4424-852D-A9C3A5EB1F32}.Debug|Any CPU.Build.0 = Debug|Any CPU
		{00C239A4-3F21-4424-852D-A9C3A5EB1F32}.Release|Any CPU.ActiveCfg = Release|Any CPU
		{00C239A4-3F21-4424-852D-A9C3A5EB1F32}.Release|Any CPU.Build.0 = Release|Any CPU
		{04035A45-4098-4BE8-80B4-788197AF37B8}.Debug|Any CPU.ActiveCfg = Debug|Any CPU
		{04035A45-4098-4BE8-80B4-788197AF37B8}.Debug|Any CPU.Build.0 = Debug|Any CPU
		{04035A45-4098-4BE8-80B4-788197AF37B8}.Release|Any CPU.ActiveCfg = Release|Any CPU
		{04035A45-4098-4BE8-80B4-788197AF37B8}.Release|Any CPU.Build.0 = Release|Any CPU
		{727EE08E-8265-4397-9BB1-EB74C0A5351D}.Debug|Any CPU.ActiveCfg = Debug|Any CPU
		{727EE08E-8265-4397-9BB1-EB74C0A5351D}.Debug|Any CPU.Build.0 = Debug|Any CPU
		{727EE08E-8265-4397-9BB1-EB74C0A5351D}.Release|Any CPU.ActiveCfg = Release|Any CPU
		{727EE08E-8265-4397-9BB1-EB74C0A5351D}.Release|Any CPU.Build.0 = Release|Any CPU
		{E2C64A67-57B1-41A8-9FCA-98117EF5F6F2}.Debug|Any CPU.ActiveCfg = Debug|Any CPU
		{E2C64A67-57B1-41A8-9FCA-98117EF5F6F2}.Debug|Any CPU.Build.0 = Debug|Any CPU
		{E2C64A67-57B1-41A8-9FCA-98117EF5F6F2}.Release|Any CPU.ActiveCfg = Release|Any CPU
		{E2C64A67-57B1-41A8-9FCA-98117EF5F6F2}.Release|Any CPU.Build.0 = Release|Any CPU
		{70EE84D2-ED48-4386-99D0-46800E2542F1}.Debug|Any CPU.ActiveCfg = Debug|Any CPU
		{70EE84D2-ED48-4386-99D0-46800E2542F1}.Debug|Any CPU.Build.0 = Debug|Any CPU
		{70EE84D2-ED48-4386-99D0-46800E2542F1}.Release|Any CPU.ActiveCfg = Release|Any CPU
		{70EE84D2-ED48-4386-99D0-46800E2542F1}.Release|Any CPU.Build.0 = Release|Any CPU
		{93A91649-6FB4-4379-87C4-6FB4713C8990}.Debug|Any CPU.ActiveCfg = Debug|Any CPU
		{93A91649-6FB4-4379-87C4-6FB4713C8990}.Debug|Any CPU.Build.0 = Debug|Any CPU
		{93A91649-6FB4-4379-87C4-6FB4713C8990}.Release|Any CPU.ActiveCfg = Release|Any CPU
		{93A91649-6FB4-4379-87C4-6FB4713C8990}.Release|Any CPU.Build.0 = Release|Any CPU
		{249E7E98-7762-4CF6-A744-16C22A05C637}.Debug|Any CPU.ActiveCfg = Debug|Any CPU
		{249E7E98-7762-4CF6-A744-16C22A05C637}.Debug|Any CPU.Build.0 = Debug|Any CPU
		{249E7E98-7762-4CF6-A744-16C22A05C637}.Release|Any CPU.ActiveCfg = Release|Any CPU
		{249E7E98-7762-4CF6-A744-16C22A05C637}.Release|Any CPU.Build.0 = Release|Any CPU
		{809B5DDF-21F1-476A-A5F1-2EB97C721562}.Debug|Any CPU.ActiveCfg = Debug|Any CPU
		{809B5DDF-21F1-476A-A5F1-2EB97C721562}.Debug|Any CPU.Build.0 = Debug|Any CPU
		{809B5DDF-21F1-476A-A5F1-2EB97C721562}.Release|Any CPU.ActiveCfg = Release|Any CPU
		{809B5DDF-21F1-476A-A5F1-2EB97C721562}.Release|Any CPU.Build.0 = Release|Any CPU
		{1E459E38-21AB-4C30-9697-C5E8186DF723}.Debug|Any CPU.ActiveCfg = Debug|Any CPU
		{1E459E38-21AB-4C30-9697-C5E8186DF723}.Debug|Any CPU.Build.0 = Debug|Any CPU
		{1E459E38-21AB-4C30-9697-C5E8186DF723}.Release|Any CPU.ActiveCfg = Release|Any CPU
		{1E459E38-21AB-4C30-9697-C5E8186DF723}.Release|Any CPU.Build.0 = Release|Any CPU
		{96DEE790-8B56-4573-94B0-018FFFC7EC9C}.Debug|Any CPU.ActiveCfg = Debug|Any CPU
		{96DEE790-8B56-4573-94B0-018FFFC7EC9C}.Debug|Any CPU.Build.0 = Debug|Any CPU
		{96DEE790-8B56-4573-94B0-018FFFC7EC9C}.Release|Any CPU.ActiveCfg = Release|Any CPU
		{96DEE790-8B56-4573-94B0-018FFFC7EC9C}.Release|Any CPU.Build.0 = Release|Any CPU
		{1C282D61-4F12-4E06-BEFE-DD033FB70FBB}.Debug|Any CPU.ActiveCfg = Debug|Any CPU
		{1C282D61-4F12-4E06-BEFE-DD033FB70FBB}.Debug|Any CPU.Build.0 = Debug|Any CPU
		{1C282D61-4F12-4E06-BEFE-DD033FB70FBB}.Release|Any CPU.ActiveCfg = Release|Any CPU
		{1C282D61-4F12-4E06-BEFE-DD033FB70FBB}.Release|Any CPU.Build.0 = Release|Any CPU
		{91AC7E44-8BEF-45F0-A271-E9FB43788CAC}.Debug|Any CPU.ActiveCfg = Debug|Any CPU
		{91AC7E44-8BEF-45F0-A271-E9FB43788CAC}.Debug|Any CPU.Build.0 = Debug|Any CPU
		{91AC7E44-8BEF-45F0-A271-E9FB43788CAC}.Release|Any CPU.ActiveCfg = Release|Any CPU
		{91AC7E44-8BEF-45F0-A271-E9FB43788CAC}.Release|Any CPU.Build.0 = Release|Any CPU
		{152DAB67-DBA5-4D64-827E-8E104428948B}.Debug|Any CPU.ActiveCfg = Debug|Any CPU
		{152DAB67-DBA5-4D64-827E-8E104428948B}.Debug|Any CPU.Build.0 = Debug|Any CPU
		{152DAB67-DBA5-4D64-827E-8E104428948B}.Release|Any CPU.ActiveCfg = Release|Any CPU
		{152DAB67-DBA5-4D64-827E-8E104428948B}.Release|Any CPU.Build.0 = Release|Any CPU
		{C45201F5-836B-4C27-BE79-AC8E8BDF8DDB}.Debug|Any CPU.ActiveCfg = Debug|Any CPU
		{C45201F5-836B-4C27-BE79-AC8E8BDF8DDB}.Debug|Any CPU.Build.0 = Debug|Any CPU
		{C45201F5-836B-4C27-BE79-AC8E8BDF8DDB}.Release|Any CPU.ActiveCfg = Release|Any CPU
		{C45201F5-836B-4C27-BE79-AC8E8BDF8DDB}.Release|Any CPU.Build.0 = Release|Any CPU
		{31635512-A0E8-43B7-9B54-BAC5DEB8EC62}.Debug|Any CPU.ActiveCfg = Debug|Any CPU
		{31635512-A0E8-43B7-9B54-BAC5DEB8EC62}.Debug|Any CPU.Build.0 = Debug|Any CPU
		{31635512-A0E8-43B7-9B54-BAC5DEB8EC62}.Release|Any CPU.ActiveCfg = Release|Any CPU
		{31635512-A0E8-43B7-9B54-BAC5DEB8EC62}.Release|Any CPU.Build.0 = Release|Any CPU
		{630DCFA4-8150-42C2-BBA0-3512D30E2F13}.Debug|Any CPU.ActiveCfg = Debug|Any CPU
		{630DCFA4-8150-42C2-BBA0-3512D30E2F13}.Debug|Any CPU.Build.0 = Debug|Any CPU
		{630DCFA4-8150-42C2-BBA0-3512D30E2F13}.Release|Any CPU.ActiveCfg = Release|Any CPU
		{630DCFA4-8150-42C2-BBA0-3512D30E2F13}.Release|Any CPU.Build.0 = Release|Any CPU
		{77B5BCD9-5F4E-4375-98FC-4CCCD2BC63A6}.Debug|Any CPU.ActiveCfg = Debug|Any CPU
		{77B5BCD9-5F4E-4375-98FC-4CCCD2BC63A6}.Debug|Any CPU.Build.0 = Debug|Any CPU
		{77B5BCD9-5F4E-4375-98FC-4CCCD2BC63A6}.Release|Any CPU.ActiveCfg = Release|Any CPU
		{77B5BCD9-5F4E-4375-98FC-4CCCD2BC63A6}.Release|Any CPU.Build.0 = Release|Any CPU
		{D2E2F29B-A0A7-4817-A252-6D2EF76178A6}.Debug|Any CPU.ActiveCfg = Debug|Any CPU
		{D2E2F29B-A0A7-4817-A252-6D2EF76178A6}.Debug|Any CPU.Build.0 = Debug|Any CPU
		{D2E2F29B-A0A7-4817-A252-6D2EF76178A6}.Release|Any CPU.ActiveCfg = Release|Any CPU
		{D2E2F29B-A0A7-4817-A252-6D2EF76178A6}.Release|Any CPU.Build.0 = Release|Any CPU
		{03C309F1-3ABC-422C-B751-516CAC27D2EB}.Debug|Any CPU.ActiveCfg = Debug|Any CPU
		{03C309F1-3ABC-422C-B751-516CAC27D2EB}.Debug|Any CPU.Build.0 = Debug|Any CPU
		{03C309F1-3ABC-422C-B751-516CAC27D2EB}.Release|Any CPU.ActiveCfg = Release|Any CPU
		{03C309F1-3ABC-422C-B751-516CAC27D2EB}.Release|Any CPU.Build.0 = Release|Any CPU
		{961649C7-C7F8-4324-9828-3795538B981A}.Debug|Any CPU.ActiveCfg = Debug|Any CPU
		{961649C7-C7F8-4324-9828-3795538B981A}.Debug|Any CPU.Build.0 = Debug|Any CPU
		{961649C7-C7F8-4324-9828-3795538B981A}.Release|Any CPU.ActiveCfg = Release|Any CPU
		{961649C7-C7F8-4324-9828-3795538B981A}.Release|Any CPU.Build.0 = Release|Any CPU
		{0BE64F94-AFC5-4E71-B96A-5AD408B15B1D}.Debug|Any CPU.ActiveCfg = Debug|Any CPU
		{0BE64F94-AFC5-4E71-B96A-5AD408B15B1D}.Debug|Any CPU.Build.0 = Debug|Any CPU
		{0BE64F94-AFC5-4E71-B96A-5AD408B15B1D}.Release|Any CPU.ActiveCfg = Release|Any CPU
		{0BE64F94-AFC5-4E71-B96A-5AD408B15B1D}.Release|Any CPU.Build.0 = Release|Any CPU
		{1E88635A-4A24-46A6-A8B6-C87819756EFE}.Debug|Any CPU.ActiveCfg = Debug|Any CPU
		{1E88635A-4A24-46A6-A8B6-C87819756EFE}.Debug|Any CPU.Build.0 = Debug|Any CPU
		{1E88635A-4A24-46A6-A8B6-C87819756EFE}.Release|Any CPU.ActiveCfg = Release|Any CPU
		{1E88635A-4A24-46A6-A8B6-C87819756EFE}.Release|Any CPU.Build.0 = Release|Any CPU
		{F1436B71-CD5C-472D-AF61-19D63AC51037}.Debug|Any CPU.ActiveCfg = Debug|Any CPU
		{F1436B71-CD5C-472D-AF61-19D63AC51037}.Debug|Any CPU.Build.0 = Debug|Any CPU
		{F1436B71-CD5C-472D-AF61-19D63AC51037}.Release|Any CPU.ActiveCfg = Release|Any CPU
		{F1436B71-CD5C-472D-AF61-19D63AC51037}.Release|Any CPU.Build.0 = Release|Any CPU
		{453F3DC6-CA8F-468A-97D2-6FB5FA8A106F}.Debug|Any CPU.ActiveCfg = Debug|Any CPU
		{453F3DC6-CA8F-468A-97D2-6FB5FA8A106F}.Debug|Any CPU.Build.0 = Debug|Any CPU
		{453F3DC6-CA8F-468A-97D2-6FB5FA8A106F}.Release|Any CPU.ActiveCfg = Release|Any CPU
		{453F3DC6-CA8F-468A-97D2-6FB5FA8A106F}.Release|Any CPU.Build.0 = Release|Any CPU
		{D56C2DDE-2894-4842-B180-8CF7A5C3CB38}.Debug|Any CPU.ActiveCfg = Debug|Any CPU
		{D56C2DDE-2894-4842-B180-8CF7A5C3CB38}.Debug|Any CPU.Build.0 = Debug|Any CPU
		{D56C2DDE-2894-4842-B180-8CF7A5C3CB38}.Release|Any CPU.ActiveCfg = Release|Any CPU
		{D56C2DDE-2894-4842-B180-8CF7A5C3CB38}.Release|Any CPU.Build.0 = Release|Any CPU
		{FAFF80CF-DC54-40AE-8C8F-2BE9C7F9F086}.Debug|Any CPU.ActiveCfg = Debug|Any CPU
		{FAFF80CF-DC54-40AE-8C8F-2BE9C7F9F086}.Debug|Any CPU.Build.0 = Debug|Any CPU
		{FAFF80CF-DC54-40AE-8C8F-2BE9C7F9F086}.Release|Any CPU.ActiveCfg = Release|Any CPU
		{FAFF80CF-DC54-40AE-8C8F-2BE9C7F9F086}.Release|Any CPU.Build.0 = Release|Any CPU
		{DCCEF324-7041-4EF7-A933-A3F30BDD5E1A}.Debug|Any CPU.ActiveCfg = Debug|Any CPU
		{DCCEF324-7041-4EF7-A933-A3F30BDD5E1A}.Debug|Any CPU.Build.0 = Debug|Any CPU
		{DCCEF324-7041-4EF7-A933-A3F30BDD5E1A}.Release|Any CPU.ActiveCfg = Release|Any CPU
		{DCCEF324-7041-4EF7-A933-A3F30BDD5E1A}.Release|Any CPU.Build.0 = Release|Any CPU
	EndGlobalSection
	GlobalSection(SolutionProperties) = preSolution
		HideSolutionNode = FALSE
	EndGlobalSection
EndGlobal
