
Microsoft Visual Studio Solution File, Format Version 12.00
# Visual Studio 2013
VisualStudioVersion = 12.0.30723.0
MinimumVisualStudioVersion = 10.0.40219.1
Project("{FAE04EC0-301F-11D3-BF4B-00C04F79EFBC}") = "GoodsMovementDocsEx", "GoodsMovementDocsEx\GoodsMovementDocsEx.csproj", "{3A24D4BC-81A7-412A-AAED-A69873E0DFEB}"
EndProject
Project("{FAE04EC0-301F-11D3-BF4B-00C04F79EFBC}") = "InvoiceRemainsEx", "InvoiceRemainsEx\InvoiceRemainsEx.csproj", "{4F393F5F-9F52-4BD6-99E7-C175E594DEFA}"
EndProject
Project("{FAE04EC0-301F-11D3-BF4B-00C04F79EFBC}") = "MoveGoodsEx", "MoveGoodsEx\MoveGoodsEx.csproj", "{E99ACD6A-E297-42E1-9341-AEFB594524B2}"
EndProject
Project("{FAE04EC0-301F-11D3-BF4B-00C04F79EFBC}") = "PackingJournalEx", "PackingJournalEx\PackingJournalEx.csproj", "{8D9EDFF3-3D82-455C-8615-DA5CEDFD4C02}"
EndProject
Project("{FAE04EC0-301F-11D3-BF4B-00C04F79EFBC}") = "PriceListEx", "PriceListEx\PriceListEx.csproj", "{46D80E6A-4A37-4A5B-8CFC-75BBEB4DC4C5}"
EndProject
Project("{FAE04EC0-301F-11D3-BF4B-00C04F79EFBC}") = "EnterBalancesEx", "EnterBalancesEx\EnterBalancesEx.csproj", "{BA23C4FD-6032-4604-8655-DF68AC797679}"
EndProject
Project("{FAE04EC0-301F-11D3-BF4B-00C04F79EFBC}") = "BestBeforeEx", "BestBeforeEx\BestBeforeEx.csproj", "{EAEE06B3-1B52-4CD8-8DDB-394FA16EC312}"
EndProject
Project("{FAE04EC0-301F-11D3-BF4B-00C04F79EFBC}") = "BillGoodsNoRemainsEx", "BillGoodsNoRemainsEx\BillGoodsNoRemainsEx.csproj", "{7D4C3B78-226A-49C7-9FCA-090DB8ABE8E5}"
EndProject
Project("{FAE04EC0-301F-11D3-BF4B-00C04F79EFBC}") = "DocRegistryTotalEx", "DocRegistryTotalEx\DocRegistryTotalEx.csproj", "{FD985930-ADD5-4E5D-B2C2-BD07C7DB543A}"
EndProject
Project("{FAE04EC0-301F-11D3-BF4B-00C04F79EFBC}") = "RCBGoodsDefectUnion", "GoodsDefectUnionEx\RCBGoodsDefectUnion.csproj", "{1EB104CB-D10F-406C-BC6B-93D2F3A41D61}"
EndProject
Project("{FAE04EC0-301F-11D3-BF4B-00C04F79EFBC}") = "GoodsKeepingTimeListEx", "GoodsKeepingTimeListEx\GoodsKeepingTimeListEx.csproj", "{CCAF2002-596C-405E-91CF-3706954BBA21}"
EndProject
Project("{FAE04EC0-301F-11D3-BF4B-00C04F79EFBC}") = "GoodsStockEx", "GoodsStockEx\GoodsStockEx.csproj", "{AA8753CA-21D1-4464-B53C-DB09DB6CFC63}"
EndProject
Project("{FAE04EC0-301F-11D3-BF4B-00C04F79EFBC}") = "NegativeBalanceEx", "NegativeBalanceEx\NegativeBalanceEx.csproj", "{3A74B42D-6598-49D2-8E49-D5109CE7B04A}"
EndProject
Project("{FAE04EC0-301F-11D3-BF4B-00C04F79EFBC}") = "StoreLifeControl", "StoreLifeControl\StoreLifeControl.csproj", "{4FC8D79A-1A86-4B5D-A0B4-0B65A2C244D7}"
EndProject
Project("{FAE04EC0-301F-11D3-BF4B-00C04F79EFBC}") = "GoodsAccounting", "GoodsAccounting\GoodsAccounting.csproj", "{C1D641B2-FF70-4A33-8CD3-BDED72FBA0EE}"
EndProject
Project("{FAE04EC0-301F-11D3-BF4B-00C04F79EFBC}") = "LotHistory", "LotHistory\LotHistory.csproj", "{D1D5F246-8AEA-4EC0-AE67-B8F83BAA2E0F}"
EndProject
Project("{FAE04EC0-301F-11D3-BF4B-00C04F79EFBC}") = "MarginControlZNVLS", "MarginControlZNVLS\MarginControlZNVLS.csproj", "{CA6BEF19-0B07-4DB6-BA10-686772A1D480}"
EndProject
Project("{FAE04EC0-301F-11D3-BF4B-00C04F79EFBC}") = "AP10", "AP10\AP10.csproj", "{202C153F-4D5E-44D1-BED7-889B192A0291}"
EndProject
Project("{FAE04EC0-301F-11D3-BF4B-00C04F79EFBC}") = "RejectedGoods", "RejectedGoods\RejectedGoods.csproj", "{3EB69532-1A96-4EDC-9409-E62FDFA8DC87}"
EndProject
Project("{FAE04EC0-301F-11D3-BF4B-00C04F79EFBC}") = "DefectOperations", "DefectOperations\DefectOperations.csproj", "{90F0D2E6-D3D1-4ABE-9026-137DAE28D542}"
EndProject
Project("{FAE04EC0-301F-11D3-BF4B-00C04F79EFBC}") = "RevaluationRegistry", "RevaluationRegistry\RevaluationRegistry.csproj", "{F0B9EDC7-6FD5-4701-B4E5-D750040469CE}"
EndProject
Project("{FAE04EC0-301F-11D3-BF4B-00C04F79EFBC}") = "CheckExchange", "CheckExchange\CheckExchange.csproj", "{2156B252-89EF-4AD0-B50D-841C7B8CED66}"
EndProject
Project("{FAE04EC0-301F-11D3-BF4B-00C04F79EFBC}") = "MovementsRegistry", "MovementsRegistry\MovementsRegistry.csproj", "{01F61B77-A6CE-47DD-9218-25705BE14A49}"
EndProject
Project("{FAE04EC0-301F-11D3-BF4B-00C04F79EFBC}") = "InvoiceRegistry", "InvoiceRegistry\InvoiceRegistry.csproj", "{E3F6EC2C-2FB4-4C2B-A868-E782DF5DFA2B}"
EndProject
Project("{FAE04EC0-301F-11D3-BF4B-00C04F79EFBC}") = "InvoiceOutRegistry", "InvoiceOutRegistry\InvoiceOutRegistry.csproj", "{47330D47-90AB-4655-9E93-FD6792E17E59}"
EndProject
Project("{FAE04EC0-301F-11D3-BF4B-00C04F79EFBC}") = "UnsatisfiedDemand", "UnsatisfiedDemand\UnsatisfiedDemand.csproj", "{41FF843B-7E31-4F01-8314-F134FCC8760F}"
EndProject
Project("{FAE04EC0-301F-11D3-BF4B-00C04F79EFBC}") = "RemainsWithInsuranceReserve", "RemainsWithInsuranceReserve\RemainsWithInsuranceReserve.csproj", "{983DC266-F67A-41E1-93D6-4CE067086054}"
EndProject
Project("{FAE04EC0-301F-11D3-BF4B-00C04F79EFBC}") = "AdpriceSalRegister", "AdpriceSalRegister\AdpriceSalRegister.csproj", "{A5B3FD66-E336-45E0-BA84-E6B4A2F177B7}"
EndProject
Project("{FAE04EC0-301F-11D3-BF4B-00C04F79EFBC}") = "Defectura", "Defectura\Defectura.csproj", "{6A0EE2CE-0651-4472-8161-B5DCA2E733C9}"
EndProject
Project("{FAE04EC0-301F-11D3-BF4B-00C04F79EFBC}") = "RCBAllPharmaciesRetailSales", "RCBAllPharmaciesRetailSales\RCBAllPharmaciesRetailSales.csproj", "{838FDA80-4B9C-4373-9E86-812223BCB5BF}"
EndProject
Project("{FAE04EC0-301F-11D3-BF4B-00C04F79EFBC}") = "RCBGoodsSuppliesByDrugstores", "RCBGoodsSuppliesByDrugstores\RCBGoodsSuppliesByDrugstores.csproj", "{CF2FBD77-7DE6-4D92-8C31-37AA0C048ED4}"
EndProject
Project("{FAE04EC0-301F-11D3-BF4B-00C04F79EFBC}") = "RCBPriceListNDS", "RCBPriceListNDS\RCBPriceListNDS.csproj", "{9281F208-0822-458B-9763-DDC2410FA05E}"
EndProject
Project("{FAE04EC0-301F-11D3-BF4B-00C04F79EFBC}") = "RCBSupRestsSummNDS", "RCBSupRestsSummNDS\RCBSupRestsSummNDS.csproj", "{11500BDC-34D0-4BEF-B33B-6C2E23A23410}"
EndProject
Project("{FAE04EC0-301F-11D3-BF4B-00C04F79EFBC}") = "RCBStockPrognosis", "RCBStockPrognosis\RCBStockPrognosis.csproj", "{F0655AA7-C191-4CE5-BB43-CE739596050D}"
EndProject
Project("{FAE04EC0-301F-11D3-BF4B-00C04F79EFBC}") = "RCBMoveGoodsDK", "RCBMoveGoodsDK\RCBMoveGoodsDK.csproj", "{953D0D5E-0D6E-4355-BA7C-335366760CFD}"
EndProject
Project("{FAE04EC0-301F-11D3-BF4B-00C04F79EFBC}") = "SaleRating", "SaleRating\SaleRating.csproj", "{E7F34C0A-2096-4489-A372-5CA3A44F1B7A}"
EndProject
Project("{FAE04EC0-301F-11D3-BF4B-00C04F79EFBC}") = "R36RGoodsRest", "R36RGoodsRest\R36RGoodsRest.csproj", "{073E3AAF-648B-49C5-A88D-851D34F34F8D}"
EndProject
Project("{FAE04EC0-301F-11D3-BF4B-00C04F79EFBC}") = "SaleAdprice_Rosa", "SaleAdprice_Rosa\SaleAdprice_Rosa.csproj", "{048A82AF-E002-4BC3-9EB4-9A5E68CEC38C}"
EndProject
Project("{FAE04EC0-301F-11D3-BF4B-00C04F79EFBC}") = "DocRegistry_Rosa", "DocRegistry_Rosa\DocRegistry_Rosa.csproj", "{01DEEDA5-8722-4CB7-B9FA-005BFF602E72}"
EndProject
Project("{FAE04EC0-301F-11D3-BF4B-00C04F79EFBC}") = "GoodsKind_Rosa", "GoodsKind_Rosa\GoodsKind_Rosa.csproj", "{580C15EC-49FA-40E9-8234-2EB17F55ABA8}"
EndProject
Project("{FAE04EC0-301F-11D3-BF4B-00C04F79EFBC}") = "R36RGLVNS_Law_reps", "R36RGLVNS_Law_reps\R36RGLVNS_Law_reps.csproj", "{D815CD18-0FA3-4652-B678-97D0A409443D}"
EndProject
Project("{FAE04EC0-301F-11D3-BF4B-00C04F79EFBC}") = "R42BContracts", "R42BContracts\R42BContracts.csproj", "{C9990736-43B5-4DCE-B1F8-9458FEE449B9}"
EndProject
Project("{FAE04EC0-301F-11D3-BF4B-00C04F79EFBC}") = "R36TPriceListBarCode", "R36TPriceListBarCode\R36TPriceListBarCode.csproj", "{474816A9-B337-4D23-8308-8AB020F09DF2}"
EndProject
Project("{FAE04EC0-301F-11D3-BF4B-00C04F79EFBC}") = "GoodsISGWrittenOff", "GoodsISGWrittenOff\GoodsISGWrittenOff.csproj", "{5173889F-3258-4071-87B4-11C389761FC8}"
EndProject
Project("{FAE04EC0-301F-11D3-BF4B-00C04F79EFBC}") = "LostProfitSale", "LostProfitSale\LostProfitSale.csproj", "{755F7F6C-6AD2-4635-82FC-A9C617E1B2F1}"
EndProject
Project("{FAE04EC0-301F-11D3-BF4B-00C04F79EFBC}") = "NonLiquidGoodsEx", "NonLiquidGoodsEx\NonLiquidGoodsEx.csproj", "{9B162391-1BE7-4834-B5A1-67133CD687AA}"
EndProject
Project("{FAE04EC0-301F-11D3-BF4B-00C04F79EFBC}") = "ProtekExport", "ProtekExport\ProtekExport.csproj", "{60012FA7-673D-4880-8366-67DF42D00478}"
EndProject
Project("{FAE04EC0-301F-11D3-BF4B-00C04F79EFBC}") = "RCChGoodsDefectUnion", "GoodsDefectUnionEx1\RCChGoodsDefectUnion.csproj", "{FFCADFDD-3B20-4ADC-87CA-3A9C02943D47}"
EndProject
Project("{FAE04EC0-301F-11D3-BF4B-00C04F79EFBC}") = "F12AMarketMoveGoodsBySupplierNoGroups", "F12AMarketMoveGoodsBySupplierNoGroups\F12AMarketMoveGoodsBySupplierNoGroups.csproj", "{EC83E8C9-F2ED-4171-A5B9-1C818B1509A8}"
EndProject
Project("{FAE04EC0-301F-11D3-BF4B-00C04F79EFBC}") = "CancellationOfShelfLifeEx", "CancellationOfShelfLife\CancellationOfShelfLifeEx.csproj", "{7D1F530D-8E19-42F9-A97D-726E29427637}"
EndProject
Project("{FAE04EC0-301F-11D3-BF4B-00C04F79EFBC}") = "DefecturaEx", "DefecturaEx\DefecturaEx.csproj", "{71F52DF5-586E-41F2-86F9-3E1B4F63273A}"
EndProject
Project("{FAE04EC0-301F-11D3-BF4B-00C04F79EFBC}") = "RCBAptekaRuExport", "RCBAptekaRuExport\RCBAptekaRuExport.csproj", "{D480D4D0-3554-4031-825A-26B2B8C91C3B}"
EndProject
Project("{FAE04EC0-301F-11D3-BF4B-00C04F79EFBC}") = "RemainsLessInsuranceReserve", "RemainsLessInsuranceReserve\RemainsLessInsuranceReserve.csproj", "{548F7360-F0D2-4527-8AB6-D8A205E67175}"
EndProject
Project("{FAE04EC0-301F-11D3-BF4B-00C04F79EFBC}") = "MoveGoodsExNN", "MoveGoodsExNN\MoveGoodsExNN.csproj", "{FBE5F326-98B2-4930-AEA2-104D527079EE}"
EndProject
Project("{FAE04EC0-301F-11D3-BF4B-00C04F79EFBC}") = "ReturnFromBuyerWithNDS", "ReturnFromBuyerWithNDS\ReturnFromBuyerWithNDS.csproj", "{F329B928-8C08-42C8-A928-56BD99DE163C}"
EndProject
Project("{FAE04EC0-301F-11D3-BF4B-00C04F79EFBC}") = "ReturnFromBuyerWithoutNDS", "ReturnFromBuyerWithoutNDS\ReturnFromBuyerWithoutNDS.csproj", "{F980B5E5-FA24-4171-93D1-11894A80D2AB}"
EndProject
Project("{FAE04EC0-301F-11D3-BF4B-00C04F79EFBC}") = "AdressListByContractor", "AdressListByContractor\AdressListByContractor.csproj", "{983DA906-228B-4162-B05B-F7D3DF8874FE}"
EndProject
Project("{FAE04EC0-301F-11D3-BF4B-00C04F79EFBC}") = "R23MCardOfGoodEx", "R23MCardOfGoodEx\R23MCardOfGoodEx.csproj", "{2CF7FDA4-486D-4783-8D96-76090B3F1208}"
EndProject
Global
	GlobalSection(SolutionConfigurationPlatforms) = preSolution
		Debug|Any CPU = Debug|Any CPU
		Release|Any CPU = Release|Any CPU
	EndGlobalSection
	GlobalSection(ProjectConfigurationPlatforms) = postSolution
		{3A24D4BC-81A7-412A-AAED-A69873E0DFEB}.Debug|Any CPU.ActiveCfg = Debug|Any CPU
		{3A24D4BC-81A7-412A-AAED-A69873E0DFEB}.Debug|Any CPU.Build.0 = Debug|Any CPU
		{3A24D4BC-81A7-412A-AAED-A69873E0DFEB}.Release|Any CPU.ActiveCfg = Release|Any CPU
		{3A24D4BC-81A7-412A-AAED-A69873E0DFEB}.Release|Any CPU.Build.0 = Release|Any CPU
		{4F393F5F-9F52-4BD6-99E7-C175E594DEFA}.Debug|Any CPU.ActiveCfg = Debug|Any CPU
		{4F393F5F-9F52-4BD6-99E7-C175E594DEFA}.Debug|Any CPU.Build.0 = Debug|Any CPU
		{4F393F5F-9F52-4BD6-99E7-C175E594DEFA}.Release|Any CPU.ActiveCfg = Release|Any CPU
		{4F393F5F-9F52-4BD6-99E7-C175E594DEFA}.Release|Any CPU.Build.0 = Release|Any CPU
		{E99ACD6A-E297-42E1-9341-AEFB594524B2}.Debug|Any CPU.ActiveCfg = Debug|Any CPU
		{E99ACD6A-E297-42E1-9341-AEFB594524B2}.Debug|Any CPU.Build.0 = Debug|Any CPU
		{E99ACD6A-E297-42E1-9341-AEFB594524B2}.Release|Any CPU.ActiveCfg = Release|Any CPU
		{E99ACD6A-E297-42E1-9341-AEFB594524B2}.Release|Any CPU.Build.0 = Release|Any CPU
		{8D9EDFF3-3D82-455C-8615-DA5CEDFD4C02}.Debug|Any CPU.ActiveCfg = Debug|Any CPU
		{8D9EDFF3-3D82-455C-8615-DA5CEDFD4C02}.Debug|Any CPU.Build.0 = Debug|Any CPU
		{8D9EDFF3-3D82-455C-8615-DA5CEDFD4C02}.Release|Any CPU.ActiveCfg = Release|Any CPU
		{8D9EDFF3-3D82-455C-8615-DA5CEDFD4C02}.Release|Any CPU.Build.0 = Release|Any CPU
		{46D80E6A-4A37-4A5B-8CFC-75BBEB4DC4C5}.Debug|Any CPU.ActiveCfg = Debug|Any CPU
		{46D80E6A-4A37-4A5B-8CFC-75BBEB4DC4C5}.Debug|Any CPU.Build.0 = Debug|Any CPU
		{46D80E6A-4A37-4A5B-8CFC-75BBEB4DC4C5}.Release|Any CPU.ActiveCfg = Release|Any CPU
		{46D80E6A-4A37-4A5B-8CFC-75BBEB4DC4C5}.Release|Any CPU.Build.0 = Release|Any CPU
		{BA23C4FD-6032-4604-8655-DF68AC797679}.Debug|Any CPU.ActiveCfg = Debug|Any CPU
		{BA23C4FD-6032-4604-8655-DF68AC797679}.Debug|Any CPU.Build.0 = Debug|Any CPU
		{BA23C4FD-6032-4604-8655-DF68AC797679}.Release|Any CPU.ActiveCfg = Release|Any CPU
		{BA23C4FD-6032-4604-8655-DF68AC797679}.Release|Any CPU.Build.0 = Release|Any CPU
		{EAEE06B3-1B52-4CD8-8DDB-394FA16EC312}.Debug|Any CPU.ActiveCfg = Debug|Any CPU
		{EAEE06B3-1B52-4CD8-8DDB-394FA16EC312}.Debug|Any CPU.Build.0 = Debug|Any CPU
		{EAEE06B3-1B52-4CD8-8DDB-394FA16EC312}.Release|Any CPU.ActiveCfg = Release|Any CPU
		{EAEE06B3-1B52-4CD8-8DDB-394FA16EC312}.Release|Any CPU.Build.0 = Release|Any CPU
		{7D4C3B78-226A-49C7-9FCA-090DB8ABE8E5}.Debug|Any CPU.ActiveCfg = Debug|Any CPU
		{7D4C3B78-226A-49C7-9FCA-090DB8ABE8E5}.Debug|Any CPU.Build.0 = Debug|Any CPU
		{7D4C3B78-226A-49C7-9FCA-090DB8ABE8E5}.Release|Any CPU.ActiveCfg = Release|Any CPU
		{7D4C3B78-226A-49C7-9FCA-090DB8ABE8E5}.Release|Any CPU.Build.0 = Release|Any CPU
		{FD985930-ADD5-4E5D-B2C2-BD07C7DB543A}.Debug|Any CPU.ActiveCfg = Debug|Any CPU
		{FD985930-ADD5-4E5D-B2C2-BD07C7DB543A}.Debug|Any CPU.Build.0 = Debug|Any CPU
		{FD985930-ADD5-4E5D-B2C2-BD07C7DB543A}.Release|Any CPU.ActiveCfg = Release|Any CPU
		{FD985930-ADD5-4E5D-B2C2-BD07C7DB543A}.Release|Any CPU.Build.0 = Release|Any CPU
		{1EB104CB-D10F-406C-BC6B-93D2F3A41D61}.Debug|Any CPU.ActiveCfg = Debug|Any CPU
		{1EB104CB-D10F-406C-BC6B-93D2F3A41D61}.Debug|Any CPU.Build.0 = Debug|Any CPU
		{1EB104CB-D10F-406C-BC6B-93D2F3A41D61}.Release|Any CPU.ActiveCfg = Release|Any CPU
		{1EB104CB-D10F-406C-BC6B-93D2F3A41D61}.Release|Any CPU.Build.0 = Release|Any CPU
		{CCAF2002-596C-405E-91CF-3706954BBA21}.Debug|Any CPU.ActiveCfg = Debug|Any CPU
		{CCAF2002-596C-405E-91CF-3706954BBA21}.Debug|Any CPU.Build.0 = Debug|Any CPU
		{CCAF2002-596C-405E-91CF-3706954BBA21}.Release|Any CPU.ActiveCfg = Release|Any CPU
		{CCAF2002-596C-405E-91CF-3706954BBA21}.Release|Any CPU.Build.0 = Release|Any CPU
		{AA8753CA-21D1-4464-B53C-DB09DB6CFC63}.Debug|Any CPU.ActiveCfg = Debug|Any CPU
		{AA8753CA-21D1-4464-B53C-DB09DB6CFC63}.Debug|Any CPU.Build.0 = Debug|Any CPU
		{AA8753CA-21D1-4464-B53C-DB09DB6CFC63}.Release|Any CPU.ActiveCfg = Release|Any CPU
		{AA8753CA-21D1-4464-B53C-DB09DB6CFC63}.Release|Any CPU.Build.0 = Release|Any CPU
		{3A74B42D-6598-49D2-8E49-D5109CE7B04A}.Debug|Any CPU.ActiveCfg = Debug|Any CPU
		{3A74B42D-6598-49D2-8E49-D5109CE7B04A}.Debug|Any CPU.Build.0 = Debug|Any CPU
		{3A74B42D-6598-49D2-8E49-D5109CE7B04A}.Release|Any CPU.ActiveCfg = Release|Any CPU
		{3A74B42D-6598-49D2-8E49-D5109CE7B04A}.Release|Any CPU.Build.0 = Release|Any CPU
		{4FC8D79A-1A86-4B5D-A0B4-0B65A2C244D7}.Debug|Any CPU.ActiveCfg = Debug|Any CPU
		{4FC8D79A-1A86-4B5D-A0B4-0B65A2C244D7}.Debug|Any CPU.Build.0 = Debug|Any CPU
		{4FC8D79A-1A86-4B5D-A0B4-0B65A2C244D7}.Release|Any CPU.ActiveCfg = Release|Any CPU
		{4FC8D79A-1A86-4B5D-A0B4-0B65A2C244D7}.Release|Any CPU.Build.0 = Release|Any CPU
		{C1D641B2-FF70-4A33-8CD3-BDED72FBA0EE}.Debug|Any CPU.ActiveCfg = Debug|Any CPU
		{C1D641B2-FF70-4A33-8CD3-BDED72FBA0EE}.Debug|Any CPU.Build.0 = Debug|Any CPU
		{C1D641B2-FF70-4A33-8CD3-BDED72FBA0EE}.Release|Any CPU.ActiveCfg = Release|Any CPU
		{C1D641B2-FF70-4A33-8CD3-BDED72FBA0EE}.Release|Any CPU.Build.0 = Release|Any CPU
		{D1D5F246-8AEA-4EC0-AE67-B8F83BAA2E0F}.Debug|Any CPU.ActiveCfg = Debug|Any CPU
		{D1D5F246-8AEA-4EC0-AE67-B8F83BAA2E0F}.Debug|Any CPU.Build.0 = Debug|Any CPU
		{D1D5F246-8AEA-4EC0-AE67-B8F83BAA2E0F}.Release|Any CPU.ActiveCfg = Release|Any CPU
		{D1D5F246-8AEA-4EC0-AE67-B8F83BAA2E0F}.Release|Any CPU.Build.0 = Release|Any CPU
		{CA6BEF19-0B07-4DB6-BA10-686772A1D480}.Debug|Any CPU.ActiveCfg = Debug|Any CPU
		{CA6BEF19-0B07-4DB6-BA10-686772A1D480}.Debug|Any CPU.Build.0 = Debug|Any CPU
		{CA6BEF19-0B07-4DB6-BA10-686772A1D480}.Release|Any CPU.ActiveCfg = Release|Any CPU
		{CA6BEF19-0B07-4DB6-BA10-686772A1D480}.Release|Any CPU.Build.0 = Release|Any CPU
		{202C153F-4D5E-44D1-BED7-889B192A0291}.Debug|Any CPU.ActiveCfg = Debug|Any CPU
		{202C153F-4D5E-44D1-BED7-889B192A0291}.Debug|Any CPU.Build.0 = Debug|Any CPU
		{202C153F-4D5E-44D1-BED7-889B192A0291}.Release|Any CPU.ActiveCfg = Release|Any CPU
		{202C153F-4D5E-44D1-BED7-889B192A0291}.Release|Any CPU.Build.0 = Release|Any CPU
		{3EB69532-1A96-4EDC-9409-E62FDFA8DC87}.Debug|Any CPU.ActiveCfg = Debug|Any CPU
		{3EB69532-1A96-4EDC-9409-E62FDFA8DC87}.Debug|Any CPU.Build.0 = Debug|Any CPU
		{3EB69532-1A96-4EDC-9409-E62FDFA8DC87}.Release|Any CPU.ActiveCfg = Release|Any CPU
		{3EB69532-1A96-4EDC-9409-E62FDFA8DC87}.Release|Any CPU.Build.0 = Release|Any CPU
		{90F0D2E6-D3D1-4ABE-9026-137DAE28D542}.Debug|Any CPU.ActiveCfg = Debug|Any CPU
		{90F0D2E6-D3D1-4ABE-9026-137DAE28D542}.Debug|Any CPU.Build.0 = Debug|Any CPU
		{90F0D2E6-D3D1-4ABE-9026-137DAE28D542}.Release|Any CPU.ActiveCfg = Release|Any CPU
		{90F0D2E6-D3D1-4ABE-9026-137DAE28D542}.Release|Any CPU.Build.0 = Release|Any CPU
		{F0B9EDC7-6FD5-4701-B4E5-D750040469CE}.Debug|Any CPU.ActiveCfg = Debug|Any CPU
		{F0B9EDC7-6FD5-4701-B4E5-D750040469CE}.Debug|Any CPU.Build.0 = Debug|Any CPU
		{F0B9EDC7-6FD5-4701-B4E5-D750040469CE}.Release|Any CPU.ActiveCfg = Release|Any CPU
		{F0B9EDC7-6FD5-4701-B4E5-D750040469CE}.Release|Any CPU.Build.0 = Release|Any CPU
		{2156B252-89EF-4AD0-B50D-841C7B8CED66}.Debug|Any CPU.ActiveCfg = Debug|Any CPU
		{2156B252-89EF-4AD0-B50D-841C7B8CED66}.Debug|Any CPU.Build.0 = Debug|Any CPU
		{2156B252-89EF-4AD0-B50D-841C7B8CED66}.Release|Any CPU.ActiveCfg = Release|Any CPU
		{2156B252-89EF-4AD0-B50D-841C7B8CED66}.Release|Any CPU.Build.0 = Release|Any CPU
		{01F61B77-A6CE-47DD-9218-25705BE14A49}.Debug|Any CPU.ActiveCfg = Debug|Any CPU
		{01F61B77-A6CE-47DD-9218-25705BE14A49}.Debug|Any CPU.Build.0 = Debug|Any CPU
		{01F61B77-A6CE-47DD-9218-25705BE14A49}.Release|Any CPU.ActiveCfg = Release|Any CPU
		{01F61B77-A6CE-47DD-9218-25705BE14A49}.Release|Any CPU.Build.0 = Release|Any CPU
		{E3F6EC2C-2FB4-4C2B-A868-E782DF5DFA2B}.Debug|Any CPU.ActiveCfg = Debug|Any CPU
		{E3F6EC2C-2FB4-4C2B-A868-E782DF5DFA2B}.Debug|Any CPU.Build.0 = Debug|Any CPU
		{E3F6EC2C-2FB4-4C2B-A868-E782DF5DFA2B}.Release|Any CPU.ActiveCfg = Release|Any CPU
		{E3F6EC2C-2FB4-4C2B-A868-E782DF5DFA2B}.Release|Any CPU.Build.0 = Release|Any CPU
		{47330D47-90AB-4655-9E93-FD6792E17E59}.Debug|Any CPU.ActiveCfg = Debug|Any CPU
		{47330D47-90AB-4655-9E93-FD6792E17E59}.Debug|Any CPU.Build.0 = Debug|Any CPU
		{47330D47-90AB-4655-9E93-FD6792E17E59}.Release|Any CPU.ActiveCfg = Release|Any CPU
		{47330D47-90AB-4655-9E93-FD6792E17E59}.Release|Any CPU.Build.0 = Release|Any CPU
		{41FF843B-7E31-4F01-8314-F134FCC8760F}.Debug|Any CPU.ActiveCfg = Debug|Any CPU
		{41FF843B-7E31-4F01-8314-F134FCC8760F}.Debug|Any CPU.Build.0 = Debug|Any CPU
		{41FF843B-7E31-4F01-8314-F134FCC8760F}.Release|Any CPU.ActiveCfg = Release|Any CPU
		{41FF843B-7E31-4F01-8314-F134FCC8760F}.Release|Any CPU.Build.0 = Release|Any CPU
		{983DC266-F67A-41E1-93D6-4CE067086054}.Debug|Any CPU.ActiveCfg = Debug|Any CPU
		{983DC266-F67A-41E1-93D6-4CE067086054}.Debug|Any CPU.Build.0 = Debug|Any CPU
		{983DC266-F67A-41E1-93D6-4CE067086054}.Release|Any CPU.ActiveCfg = Release|Any CPU
		{983DC266-F67A-41E1-93D6-4CE067086054}.Release|Any CPU.Build.0 = Release|Any CPU
		{A5B3FD66-E336-45E0-BA84-E6B4A2F177B7}.Debug|Any CPU.ActiveCfg = Debug|Any CPU
		{A5B3FD66-E336-45E0-BA84-E6B4A2F177B7}.Debug|Any CPU.Build.0 = Debug|Any CPU
		{A5B3FD66-E336-45E0-BA84-E6B4A2F177B7}.Release|Any CPU.ActiveCfg = Release|Any CPU
		{A5B3FD66-E336-45E0-BA84-E6B4A2F177B7}.Release|Any CPU.Build.0 = Release|Any CPU
		{6A0EE2CE-0651-4472-8161-B5DCA2E733C9}.Debug|Any CPU.ActiveCfg = Debug|Any CPU
		{6A0EE2CE-0651-4472-8161-B5DCA2E733C9}.Debug|Any CPU.Build.0 = Debug|Any CPU
		{6A0EE2CE-0651-4472-8161-B5DCA2E733C9}.Release|Any CPU.ActiveCfg = Release|Any CPU
		{6A0EE2CE-0651-4472-8161-B5DCA2E733C9}.Release|Any CPU.Build.0 = Release|Any CPU
		{838FDA80-4B9C-4373-9E86-812223BCB5BF}.Debug|Any CPU.ActiveCfg = Debug|Any CPU
		{838FDA80-4B9C-4373-9E86-812223BCB5BF}.Debug|Any CPU.Build.0 = Debug|Any CPU
		{838FDA80-4B9C-4373-9E86-812223BCB5BF}.Release|Any CPU.ActiveCfg = Release|Any CPU
		{838FDA80-4B9C-4373-9E86-812223BCB5BF}.Release|Any CPU.Build.0 = Release|Any CPU
		{CF2FBD77-7DE6-4D92-8C31-37AA0C048ED4}.Debug|Any CPU.ActiveCfg = Debug|Any CPU
		{CF2FBD77-7DE6-4D92-8C31-37AA0C048ED4}.Debug|Any CPU.Build.0 = Debug|Any CPU
		{CF2FBD77-7DE6-4D92-8C31-37AA0C048ED4}.Release|Any CPU.ActiveCfg = Release|Any CPU
		{CF2FBD77-7DE6-4D92-8C31-37AA0C048ED4}.Release|Any CPU.Build.0 = Release|Any CPU
		{9281F208-0822-458B-9763-DDC2410FA05E}.Debug|Any CPU.ActiveCfg = Debug|Any CPU
		{9281F208-0822-458B-9763-DDC2410FA05E}.Debug|Any CPU.Build.0 = Debug|Any CPU
		{9281F208-0822-458B-9763-DDC2410FA05E}.Release|Any CPU.ActiveCfg = Release|Any CPU
		{9281F208-0822-458B-9763-DDC2410FA05E}.Release|Any CPU.Build.0 = Release|Any CPU
		{11500BDC-34D0-4BEF-B33B-6C2E23A23410}.Debug|Any CPU.ActiveCfg = Debug|Any CPU
		{11500BDC-34D0-4BEF-B33B-6C2E23A23410}.Debug|Any CPU.Build.0 = Debug|Any CPU
		{11500BDC-34D0-4BEF-B33B-6C2E23A23410}.Release|Any CPU.ActiveCfg = Release|Any CPU
		{11500BDC-34D0-4BEF-B33B-6C2E23A23410}.Release|Any CPU.Build.0 = Release|Any CPU
		{F0655AA7-C191-4CE5-BB43-CE739596050D}.Debug|Any CPU.ActiveCfg = Debug|Any CPU
		{F0655AA7-C191-4CE5-BB43-CE739596050D}.Debug|Any CPU.Build.0 = Debug|Any CPU
		{F0655AA7-C191-4CE5-BB43-CE739596050D}.Release|Any CPU.ActiveCfg = Release|Any CPU
		{F0655AA7-C191-4CE5-BB43-CE739596050D}.Release|Any CPU.Build.0 = Release|Any CPU
		{953D0D5E-0D6E-4355-BA7C-335366760CFD}.Debug|Any CPU.ActiveCfg = Debug|Any CPU
		{953D0D5E-0D6E-4355-BA7C-335366760CFD}.Debug|Any CPU.Build.0 = Debug|Any CPU
		{953D0D5E-0D6E-4355-BA7C-335366760CFD}.Release|Any CPU.ActiveCfg = Release|Any CPU
		{953D0D5E-0D6E-4355-BA7C-335366760CFD}.Release|Any CPU.Build.0 = Release|Any CPU
		{E7F34C0A-2096-4489-A372-5CA3A44F1B7A}.Debug|Any CPU.ActiveCfg = Debug|Any CPU
		{E7F34C0A-2096-4489-A372-5CA3A44F1B7A}.Debug|Any CPU.Build.0 = Debug|Any CPU
		{E7F34C0A-2096-4489-A372-5CA3A44F1B7A}.Release|Any CPU.ActiveCfg = Release|Any CPU
		{E7F34C0A-2096-4489-A372-5CA3A44F1B7A}.Release|Any CPU.Build.0 = Release|Any CPU
		{073E3AAF-648B-49C5-A88D-851D34F34F8D}.Debug|Any CPU.ActiveCfg = Debug|Any CPU
		{073E3AAF-648B-49C5-A88D-851D34F34F8D}.Debug|Any CPU.Build.0 = Debug|Any CPU
		{073E3AAF-648B-49C5-A88D-851D34F34F8D}.Release|Any CPU.ActiveCfg = Release|Any CPU
		{073E3AAF-648B-49C5-A88D-851D34F34F8D}.Release|Any CPU.Build.0 = Release|Any CPU
		{048A82AF-E002-4BC3-9EB4-9A5E68CEC38C}.Debug|Any CPU.ActiveCfg = Debug|Any CPU
		{048A82AF-E002-4BC3-9EB4-9A5E68CEC38C}.Debug|Any CPU.Build.0 = Debug|Any CPU
		{048A82AF-E002-4BC3-9EB4-9A5E68CEC38C}.Release|Any CPU.ActiveCfg = Release|Any CPU
		{048A82AF-E002-4BC3-9EB4-9A5E68CEC38C}.Release|Any CPU.Build.0 = Release|Any CPU
		{01DEEDA5-8722-4CB7-B9FA-005BFF602E72}.Debug|Any CPU.ActiveCfg = Debug|Any CPU
		{01DEEDA5-8722-4CB7-B9FA-005BFF602E72}.Debug|Any CPU.Build.0 = Debug|Any CPU
		{01DEEDA5-8722-4CB7-B9FA-005BFF602E72}.Release|Any CPU.ActiveCfg = Release|Any CPU
		{01DEEDA5-8722-4CB7-B9FA-005BFF602E72}.Release|Any CPU.Build.0 = Release|Any CPU
		{580C15EC-49FA-40E9-8234-2EB17F55ABA8}.Debug|Any CPU.ActiveCfg = Debug|Any CPU
		{580C15EC-49FA-40E9-8234-2EB17F55ABA8}.Debug|Any CPU.Build.0 = Debug|Any CPU
		{580C15EC-49FA-40E9-8234-2EB17F55ABA8}.Release|Any CPU.ActiveCfg = Release|Any CPU
		{580C15EC-49FA-40E9-8234-2EB17F55ABA8}.Release|Any CPU.Build.0 = Release|Any CPU
		{D815CD18-0FA3-4652-B678-97D0A409443D}.Debug|Any CPU.ActiveCfg = Debug|Any CPU
		{D815CD18-0FA3-4652-B678-97D0A409443D}.Debug|Any CPU.Build.0 = Debug|Any CPU
		{D815CD18-0FA3-4652-B678-97D0A409443D}.Release|Any CPU.ActiveCfg = Release|Any CPU
		{D815CD18-0FA3-4652-B678-97D0A409443D}.Release|Any CPU.Build.0 = Release|Any CPU
		{C9990736-43B5-4DCE-B1F8-9458FEE449B9}.Debug|Any CPU.ActiveCfg = Debug|Any CPU
		{C9990736-43B5-4DCE-B1F8-9458FEE449B9}.Debug|Any CPU.Build.0 = Debug|Any CPU
		{C9990736-43B5-4DCE-B1F8-9458FEE449B9}.Release|Any CPU.ActiveCfg = Release|Any CPU
		{C9990736-43B5-4DCE-B1F8-9458FEE449B9}.Release|Any CPU.Build.0 = Release|Any CPU
		{474816A9-B337-4D23-8308-8AB020F09DF2}.Debug|Any CPU.ActiveCfg = Debug|Any CPU
		{474816A9-B337-4D23-8308-8AB020F09DF2}.Debug|Any CPU.Build.0 = Debug|Any CPU
		{474816A9-B337-4D23-8308-8AB020F09DF2}.Release|Any CPU.ActiveCfg = Release|Any CPU
		{474816A9-B337-4D23-8308-8AB020F09DF2}.Release|Any CPU.Build.0 = Release|Any CPU
		{5173889F-3258-4071-87B4-11C389761FC8}.Debug|Any CPU.ActiveCfg = Debug|Any CPU
		{5173889F-3258-4071-87B4-11C389761FC8}.Debug|Any CPU.Build.0 = Debug|Any CPU
		{5173889F-3258-4071-87B4-11C389761FC8}.Release|Any CPU.ActiveCfg = Release|Any CPU
		{5173889F-3258-4071-87B4-11C389761FC8}.Release|Any CPU.Build.0 = Release|Any CPU
		{755F7F6C-6AD2-4635-82FC-A9C617E1B2F1}.Debug|Any CPU.ActiveCfg = Debug|Any CPU
		{755F7F6C-6AD2-4635-82FC-A9C617E1B2F1}.Debug|Any CPU.Build.0 = Debug|Any CPU
		{755F7F6C-6AD2-4635-82FC-A9C617E1B2F1}.Release|Any CPU.ActiveCfg = Release|Any CPU
		{755F7F6C-6AD2-4635-82FC-A9C617E1B2F1}.Release|Any CPU.Build.0 = Release|Any CPU
		{9B162391-1BE7-4834-B5A1-67133CD687AA}.Debug|Any CPU.ActiveCfg = Debug|Any CPU
		{9B162391-1BE7-4834-B5A1-67133CD687AA}.Debug|Any CPU.Build.0 = Debug|Any CPU
		{9B162391-1BE7-4834-B5A1-67133CD687AA}.Release|Any CPU.ActiveCfg = Release|Any CPU
		{9B162391-1BE7-4834-B5A1-67133CD687AA}.Release|Any CPU.Build.0 = Release|Any CPU
		{60012FA7-673D-4880-8366-67DF42D00478}.Debug|Any CPU.ActiveCfg = Debug|Any CPU
		{60012FA7-673D-4880-8366-67DF42D00478}.Debug|Any CPU.Build.0 = Debug|Any CPU
		{60012FA7-673D-4880-8366-67DF42D00478}.Release|Any CPU.ActiveCfg = Release|Any CPU
		{60012FA7-673D-4880-8366-67DF42D00478}.Release|Any CPU.Build.0 = Release|Any CPU
		{FFCADFDD-3B20-4ADC-87CA-3A9C02943D47}.Debug|Any CPU.ActiveCfg = Debug|Any CPU
		{FFCADFDD-3B20-4ADC-87CA-3A9C02943D47}.Debug|Any CPU.Build.0 = Debug|Any CPU
		{FFCADFDD-3B20-4ADC-87CA-3A9C02943D47}.Release|Any CPU.ActiveCfg = Release|Any CPU
		{FFCADFDD-3B20-4ADC-87CA-3A9C02943D47}.Release|Any CPU.Build.0 = Release|Any CPU
		{EC83E8C9-F2ED-4171-A5B9-1C818B1509A8}.Debug|Any CPU.ActiveCfg = Debug|Any CPU
		{EC83E8C9-F2ED-4171-A5B9-1C818B1509A8}.Debug|Any CPU.Build.0 = Debug|Any CPU
		{EC83E8C9-F2ED-4171-A5B9-1C818B1509A8}.Release|Any CPU.ActiveCfg = Release|Any CPU
		{EC83E8C9-F2ED-4171-A5B9-1C818B1509A8}.Release|Any CPU.Build.0 = Release|Any CPU
		{7D1F530D-8E19-42F9-A97D-726E29427637}.Debug|Any CPU.ActiveCfg = Debug|Any CPU
		{7D1F530D-8E19-42F9-A97D-726E29427637}.Debug|Any CPU.Build.0 = Debug|Any CPU
		{7D1F530D-8E19-42F9-A97D-726E29427637}.Release|Any CPU.ActiveCfg = Release|Any CPU
		{7D1F530D-8E19-42F9-A97D-726E29427637}.Release|Any CPU.Build.0 = Release|Any CPU
		{71F52DF5-586E-41F2-86F9-3E1B4F63273A}.Debug|Any CPU.ActiveCfg = Debug|Any CPU
		{71F52DF5-586E-41F2-86F9-3E1B4F63273A}.Debug|Any CPU.Build.0 = Debug|Any CPU
		{71F52DF5-586E-41F2-86F9-3E1B4F63273A}.Release|Any CPU.ActiveCfg = Release|Any CPU
		{71F52DF5-586E-41F2-86F9-3E1B4F63273A}.Release|Any CPU.Build.0 = Release|Any CPU
		{D480D4D0-3554-4031-825A-26B2B8C91C3B}.Debug|Any CPU.ActiveCfg = Debug|Any CPU
		{D480D4D0-3554-4031-825A-26B2B8C91C3B}.Debug|Any CPU.Build.0 = Debug|Any CPU
		{D480D4D0-3554-4031-825A-26B2B8C91C3B}.Release|Any CPU.ActiveCfg = Release|Any CPU
		{D480D4D0-3554-4031-825A-26B2B8C91C3B}.Release|Any CPU.Build.0 = Release|Any CPU
		{548F7360-F0D2-4527-8AB6-D8A205E67175}.Debug|Any CPU.ActiveCfg = Debug|Any CPU
		{548F7360-F0D2-4527-8AB6-D8A205E67175}.Debug|Any CPU.Build.0 = Debug|Any CPU
		{548F7360-F0D2-4527-8AB6-D8A205E67175}.Release|Any CPU.ActiveCfg = Release|Any CPU
		{548F7360-F0D2-4527-8AB6-D8A205E67175}.Release|Any CPU.Build.0 = Release|Any CPU
		{FBE5F326-98B2-4930-AEA2-104D527079EE}.Debug|Any CPU.ActiveCfg = Debug|Any CPU
		{FBE5F326-98B2-4930-AEA2-104D527079EE}.Debug|Any CPU.Build.0 = Debug|Any CPU
		{FBE5F326-98B2-4930-AEA2-104D527079EE}.Release|Any CPU.ActiveCfg = Release|Any CPU
		{FBE5F326-98B2-4930-AEA2-104D527079EE}.Release|Any CPU.Build.0 = Release|Any CPU
		{F329B928-8C08-42C8-A928-56BD99DE163C}.Debug|Any CPU.ActiveCfg = Debug|Any CPU
		{F329B928-8C08-42C8-A928-56BD99DE163C}.Debug|Any CPU.Build.0 = Debug|Any CPU
		{F329B928-8C08-42C8-A928-56BD99DE163C}.Release|Any CPU.ActiveCfg = Release|Any CPU
		{F329B928-8C08-42C8-A928-56BD99DE163C}.Release|Any CPU.Build.0 = Release|Any CPU
		{F980B5E5-FA24-4171-93D1-11894A80D2AB}.Debug|Any CPU.ActiveCfg = Debug|Any CPU
		{F980B5E5-FA24-4171-93D1-11894A80D2AB}.Debug|Any CPU.Build.0 = Debug|Any CPU
		{F980B5E5-FA24-4171-93D1-11894A80D2AB}.Release|Any CPU.ActiveCfg = Release|Any CPU
		{F980B5E5-FA24-4171-93D1-11894A80D2AB}.Release|Any CPU.Build.0 = Release|Any CPU
		{983DA906-228B-4162-B05B-F7D3DF8874FE}.Debug|Any CPU.ActiveCfg = Debug|Any CPU
		{983DA906-228B-4162-B05B-F7D3DF8874FE}.Debug|Any CPU.Build.0 = Debug|Any CPU
		{983DA906-228B-4162-B05B-F7D3DF8874FE}.Release|Any CPU.ActiveCfg = Release|Any CPU
		{983DA906-228B-4162-B05B-F7D3DF8874FE}.Release|Any CPU.Build.0 = Release|Any CPU
		{2CF7FDA4-486D-4783-8D96-76090B3F1208}.Debug|Any CPU.ActiveCfg = Debug|Any CPU
		{2CF7FDA4-486D-4783-8D96-76090B3F1208}.Debug|Any CPU.Build.0 = Debug|Any CPU
		{2CF7FDA4-486D-4783-8D96-76090B3F1208}.Release|Any CPU.ActiveCfg = Release|Any CPU
		{2CF7FDA4-486D-4783-8D96-76090B3F1208}.Release|Any CPU.Build.0 = Release|Any CPU
	EndGlobalSection
	GlobalSection(SolutionProperties) = preSolution
		HideSolutionNode = FALSE
	EndGlobalSection
EndGlobal
