
Microsoft Visual Studio Solution File, Format Version 12.00
# Visual Studio 2013
VisualStudioVersion = 12.0.30723.0
MinimumVisualStudioVersion = 10.0.40219.1
Project("{FAE04EC0-301F-11D3-BF4B-00C04F79EFBC}") = "BookPurchasesEx", "BookPurchasesEx\BookPurchasesEx.csproj", "{CCD2FF41-C3A2-43CF-BE3A-3A07B52094F4}"
EndProject
Project("{FAE04EC0-301F-11D3-BF4B-00C04F79EFBC}") = "BookSalesEx", "BookSalesEx\BookSalesEx.csproj", "{A6029CE3-273B-43B4-99F4-7C8277F7BF8C}"
EndProject
Project("{FAE04EC0-301F-11D3-BF4B-00C04F79EFBC}") = "ContractorSettlementEx", "ContractorSettlementEx\ContractorSettlementEx.csproj", "{FCCEA339-5184-48E7-AFC8-BB3743E21CE5}"
EndProject
Project("{FAE04EC0-301F-11D3-BF4B-00C04F79EFBC}") = "InvoiceBookEx", "InvoiceBookEx\InvoiceBookEx.csproj", "{E46546E0-42F4-4907-9353-400FC4A27FD8}"
EndProject
Project("{FAE04EC0-301F-11D3-BF4B-00C04F79EFBC}") = "MatVetEx", "MatVedEx\MatVetEx.csproj", "{EF41FCC5-8E12-4A07-99B9-9EC1B1AF06E8}"
EndProject
Project("{FAE04EC0-301F-11D3-BF4B-00C04F79EFBC}") = "RCKAccountDataReserve", "RCKAccountDataReserve\RCKAccountDataReserve.csproj", "{19435D84-1191-4E8A-A670-811D62680826}"
EndProject
Project("{FAE04EC0-301F-11D3-BF4B-00C04F79EFBC}") = "RemainderFrom1CEx", "RemainderFrom1CEx\RemainderFrom1CEx.csproj", "{D96D551A-3E51-4230-97DE-02262EF44440}"
EndProject
Project("{FAE04EC0-301F-11D3-BF4B-00C04F79EFBC}") = "StatistAddSubEx", "StatistAddSubEx\StatistAddSubEx.csproj", "{5ADB6810-EC80-4740-88A9-0A7FC914AB42}"
EndProject
Project("{FAE04EC0-301F-11D3-BF4B-00C04F79EFBC}") = "FactorReceipts", "FactorReceipts\FactorReceipts.csproj", "{7252171E-1A07-4FD3-98F8-5FFC35D29465}"
EndProject
Project("{FAE04EC0-301F-11D3-BF4B-00C04F79EFBC}") = "TurnoverPercent", "TurnoverPercent\TurnoverPercent.csproj", "{ED5C0E29-BA62-46A2-B143-6FBA1397FCDB}"
EndProject
Project("{FAE04EC0-301F-11D3-BF4B-00C04F79EFBC}") = "ReturnToContractor", "ReturnToContractor\ReturnToContractor.csproj", "{2D8E4E56-AE6D-4521-A148-AC1348F4F12A}"
EndProject
Project("{FAE04EC0-301F-11D3-BF4B-00C04F79EFBC}") = "FactorReestr", "FactorReestr\FactorReestr.csproj", "{4D501398-C181-482C-A962-226D2F407371}"
EndProject
Project("{FAE04EC0-301F-11D3-BF4B-00C04F79EFBC}") = "R32PFactorReceiptsDaysSale", "R32PFactorReceiptsDaysSale\R32PFactorReceiptsDaysSale.csproj", "{42997496-3F0B-40C9-8A69-F447A30A09FE}"
EndProject
Project("{FAE04EC0-301F-11D3-BF4B-00C04F79EFBC}") = "WeeklyReport_NZ", "WeeklyReport_NZ\WeeklyReport_NZ.csproj", "{4BFED5E3-387F-44FB-8941-AF9030D2C8ED}"
EndProject
Project("{FAE04EC0-301F-11D3-BF4B-00C04F79EFBC}") = "MonthReport", "MonthReport\MonthReport.csproj", "{05B9449E-5BCD-4501-88C6-902662C90612}"
EndProject
Global
	GlobalSection(SolutionConfigurationPlatforms) = preSolution
		Debug|Any CPU = Debug|Any CPU
		Release|Any CPU = Release|Any CPU
	EndGlobalSection
	GlobalSection(ProjectConfigurationPlatforms) = postSolution
		{CCD2FF41-C3A2-43CF-BE3A-3A07B52094F4}.Debug|Any CPU.ActiveCfg = Debug|Any CPU
		{CCD2FF41-C3A2-43CF-BE3A-3A07B52094F4}.Debug|Any CPU.Build.0 = Debug|Any CPU
		{CCD2FF41-C3A2-43CF-BE3A-3A07B52094F4}.Release|Any CPU.ActiveCfg = Release|Any CPU
		{CCD2FF41-C3A2-43CF-BE3A-3A07B52094F4}.Release|Any CPU.Build.0 = Release|Any CPU
		{A6029CE3-273B-43B4-99F4-7C8277F7BF8C}.Debug|Any CPU.ActiveCfg = Debug|Any CPU
		{A6029CE3-273B-43B4-99F4-7C8277F7BF8C}.Debug|Any CPU.Build.0 = Debug|Any CPU
		{A6029CE3-273B-43B4-99F4-7C8277F7BF8C}.Release|Any CPU.ActiveCfg = Release|Any CPU
		{A6029CE3-273B-43B4-99F4-7C8277F7BF8C}.Release|Any CPU.Build.0 = Release|Any CPU
		{FCCEA339-5184-48E7-AFC8-BB3743E21CE5}.Debug|Any CPU.ActiveCfg = Debug|Any CPU
		{FCCEA339-5184-48E7-AFC8-BB3743E21CE5}.Debug|Any CPU.Build.0 = Debug|Any CPU
		{FCCEA339-5184-48E7-AFC8-BB3743E21CE5}.Release|Any CPU.ActiveCfg = Release|Any CPU
		{FCCEA339-5184-48E7-AFC8-BB3743E21CE5}.Release|Any CPU.Build.0 = Release|Any CPU
		{E46546E0-42F4-4907-9353-400FC4A27FD8}.Debug|Any CPU.ActiveCfg = Debug|Any CPU
		{E46546E0-42F4-4907-9353-400FC4A27FD8}.Debug|Any CPU.Build.0 = Debug|Any CPU
		{E46546E0-42F4-4907-9353-400FC4A27FD8}.Release|Any CPU.ActiveCfg = Release|Any CPU
		{E46546E0-42F4-4907-9353-400FC4A27FD8}.Release|Any CPU.Build.0 = Release|Any CPU
		{EF41FCC5-8E12-4A07-99B9-9EC1B1AF06E8}.Debug|Any CPU.ActiveCfg = Debug|Any CPU
		{EF41FCC5-8E12-4A07-99B9-9EC1B1AF06E8}.Debug|Any CPU.Build.0 = Debug|Any CPU
		{EF41FCC5-8E12-4A07-99B9-9EC1B1AF06E8}.Release|Any CPU.ActiveCfg = Release|Any CPU
		{EF41FCC5-8E12-4A07-99B9-9EC1B1AF06E8}.Release|Any CPU.Build.0 = Release|Any CPU
		{19435D84-1191-4E8A-A670-811D62680826}.Debug|Any CPU.ActiveCfg = Debug|Any CPU
		{19435D84-1191-4E8A-A670-811D62680826}.Debug|Any CPU.Build.0 = Debug|Any CPU
		{19435D84-1191-4E8A-A670-811D62680826}.Release|Any CPU.ActiveCfg = Release|Any CPU
		{19435D84-1191-4E8A-A670-811D62680826}.Release|Any CPU.Build.0 = Release|Any CPU
		{D96D551A-3E51-4230-97DE-02262EF44440}.Debug|Any CPU.ActiveCfg = Debug|Any CPU
		{D96D551A-3E51-4230-97DE-02262EF44440}.Debug|Any CPU.Build.0 = Debug|Any CPU
		{D96D551A-3E51-4230-97DE-02262EF44440}.Release|Any CPU.ActiveCfg = Release|Any CPU
		{D96D551A-3E51-4230-97DE-02262EF44440}.Release|Any CPU.Build.0 = Release|Any CPU
		{5ADB6810-EC80-4740-88A9-0A7FC914AB42}.Debug|Any CPU.ActiveCfg = Debug|Any CPU
		{5ADB6810-EC80-4740-88A9-0A7FC914AB42}.Debug|Any CPU.Build.0 = Debug|Any CPU
		{5ADB6810-EC80-4740-88A9-0A7FC914AB42}.Release|Any CPU.ActiveCfg = Release|Any CPU
		{5ADB6810-EC80-4740-88A9-0A7FC914AB42}.Release|Any CPU.Build.0 = Release|Any CPU
		{7252171E-1A07-4FD3-98F8-5FFC35D29465}.Debug|Any CPU.ActiveCfg = Debug|Any CPU
		{7252171E-1A07-4FD3-98F8-5FFC35D29465}.Debug|Any CPU.Build.0 = Debug|Any CPU
		{7252171E-1A07-4FD3-98F8-5FFC35D29465}.Release|Any CPU.ActiveCfg = Release|Any CPU
		{7252171E-1A07-4FD3-98F8-5FFC35D29465}.Release|Any CPU.Build.0 = Release|Any CPU
		{ED5C0E29-BA62-46A2-B143-6FBA1397FCDB}.Debug|Any CPU.ActiveCfg = Debug|Any CPU
		{ED5C0E29-BA62-46A2-B143-6FBA1397FCDB}.Debug|Any CPU.Build.0 = Debug|Any CPU
		{ED5C0E29-BA62-46A2-B143-6FBA1397FCDB}.Release|Any CPU.ActiveCfg = Release|Any CPU
		{ED5C0E29-BA62-46A2-B143-6FBA1397FCDB}.Release|Any CPU.Build.0 = Release|Any CPU
		{2D8E4E56-AE6D-4521-A148-AC1348F4F12A}.Debug|Any CPU.ActiveCfg = Debug|Any CPU
		{2D8E4E56-AE6D-4521-A148-AC1348F4F12A}.Debug|Any CPU.Build.0 = Debug|Any CPU
		{2D8E4E56-AE6D-4521-A148-AC1348F4F12A}.Release|Any CPU.ActiveCfg = Release|Any CPU
		{2D8E4E56-AE6D-4521-A148-AC1348F4F12A}.Release|Any CPU.Build.0 = Release|Any CPU
		{4D501398-C181-482C-A962-226D2F407371}.Debug|Any CPU.ActiveCfg = Debug|Any CPU
		{4D501398-C181-482C-A962-226D2F407371}.Debug|Any CPU.Build.0 = Debug|Any CPU
		{4D501398-C181-482C-A962-226D2F407371}.Release|Any CPU.ActiveCfg = Release|Any CPU
		{4D501398-C181-482C-A962-226D2F407371}.Release|Any CPU.Build.0 = Release|Any CPU
		{42997496-3F0B-40C9-8A69-F447A30A09FE}.Debug|Any CPU.ActiveCfg = Debug|Any CPU
		{42997496-3F0B-40C9-8A69-F447A30A09FE}.Debug|Any CPU.Build.0 = Debug|Any CPU
		{42997496-3F0B-40C9-8A69-F447A30A09FE}.Release|Any CPU.ActiveCfg = Release|Any CPU
		{42997496-3F0B-40C9-8A69-F447A30A09FE}.Release|Any CPU.Build.0 = Release|Any CPU
		{4BFED5E3-387F-44FB-8941-AF9030D2C8ED}.Debug|Any CPU.ActiveCfg = Debug|Any CPU
		{4BFED5E3-387F-44FB-8941-AF9030D2C8ED}.Debug|Any CPU.Build.0 = Debug|Any CPU
		{4BFED5E3-387F-44FB-8941-AF9030D2C8ED}.Release|Any CPU.ActiveCfg = Release|Any CPU
		{4BFED5E3-387F-44FB-8941-AF9030D2C8ED}.Release|Any CPU.Build.0 = Release|Any CPU
		{05B9449E-5BCD-4501-88C6-902662C90612}.Debug|Any CPU.ActiveCfg = Debug|Any CPU
		{05B9449E-5BCD-4501-88C6-902662C90612}.Debug|Any CPU.Build.0 = Debug|Any CPU
		{05B9449E-5BCD-4501-88C6-902662C90612}.Release|Any CPU.ActiveCfg = Release|Any CPU
		{05B9449E-5BCD-4501-88C6-902662C90612}.Release|Any CPU.Build.0 = Release|Any CPU
	EndGlobalSection
	GlobalSection(SolutionProperties) = preSolution
		HideSolutionNode = FALSE
	EndGlobalSection
EndGlobal
