
Microsoft Visual Studio Solution File, Format Version 12.00
# Visual Studio 2012
Project("{FAE04EC0-301F-11D3-BF4B-00C04F79EFBC}") = "ActRevaluationEx", "ActRevaluationEx\ActRevaluationEx.csproj", "{89E42DAD-B9C0-4013-B21F-C28181AAEC8D}"
EndProject
Project("{FAE04EC0-301F-11D3-BF4B-00C04F79EFBC}") = "ActRevaluation21", "ActRevaluation21\ActRevaluation21.csproj", "{C7941461-8E9F-4198-8665-093800F90994}"
EndProject
Global
	GlobalSection(SolutionConfigurationPlatforms) = preSolution
		Debug|Any CPU = Debug|Any CPU
		Release|Any CPU = Release|Any CPU
	EndGlobalSection
	GlobalSection(ProjectConfigurationPlatforms) = postSolution
		{89E42DAD-B9C0-4013-B21F-C28181AAEC8D}.Debug|Any CPU.ActiveCfg = Debug|Any CPU
		{89E42DAD-B9C0-4013-B21F-C28181AAEC8D}.Debug|Any CPU.Build.0 = Debug|Any CPU
		{89E42DAD-B9C0-4013-B21F-C28181AAEC8D}.Release|Any CPU.ActiveCfg = Release|Any CPU
		{89E42DAD-B9C0-4013-B21F-C28181AAEC8D}.Release|Any CPU.Build.0 = Release|Any CPU
		{C7941461-8E9F-4198-8665-093800F90994}.Debug|Any CPU.ActiveCfg = Debug|Any CPU
		{C7941461-8E9F-4198-8665-093800F90994}.Debug|Any CPU.Build.0 = Debug|Any CPU
		{C7941461-8E9F-4198-8665-093800F90994}.Release|Any CPU.ActiveCfg = Release|Any CPU
		{C7941461-8E9F-4198-8665-093800F90994}.Release|Any CPU.Build.0 = Release|Any CPU
	EndGlobalSection
	GlobalSection(SolutionProperties) = preSolution
		HideSolutionNode = FALSE
	EndGlobalSection
EndGlobal
